
Microsoft Visual Studio Solution File, Format Version 12.00
# Visual Studio 14
VisualStudioVersion = 14.0.25420.1
MinimumVisualStudioVersion = 10.0.40219.1
Project("{FAE04EC0-301F-11D3-BF4B-00C04F79EFBC}") = "WebApp", "WebApp\WebApp.csproj", "{02F58C3C-8869-46A7-8649-88D53F8CE8C5}"
EndProject
Project("{2150E333-8FDC-42A3-9474-1A3956D46DE8}") = "Faces", "Faces", "{094279AD-B876-4F73-85BF-4B6DF030489D}"
EndProject
Project("{FAE04EC0-301F-11D3-BF4B-00C04F79EFBC}") = "MvcApi", "MvcApi\MvcApi.csproj", "{AF9E5948-6EC1-47D9-AC90-44A2F314E66E}"
EndProject
Project("{2150E333-8FDC-42A3-9474-1A3956D46DE8}") = "Services", "Services", "{FC2D84BB-5D17-407B-82EB-EF9BD0C8C46D}"
EndProject
Project("{2150E333-8FDC-42A3-9474-1A3956D46DE8}") = "Yahv", "Yahv", "{C0E6EC64-C1B1-46F7-9FC2-6571E51B65F1}"
EndProject
Project("{FAE04EC0-301F-11D3-BF4B-00C04F79EFBC}") = "Yahv.Erp", "..\Solutions\Yahv.Erp\Yahv.Erp.csproj", "{E371A432-F338-4851-AD70-63A1031A2645}"
EndProject
Project("{FAE04EC0-301F-11D3-BF4B-00C04F79EFBC}") = "Yahv.Linq", "..\Solutions\Yahv.Linq\Yahv.Linq.csproj", "{C8C572DF-2BBA-4483-B332-2652805AEF87}"
EndProject
Project("{2150E333-8FDC-42A3-9474-1A3956D46DE8}") = "Layers", "Layers", "{3B300F13-AAB2-49CA-9881-2133832544AE}"
EndProject
Project("{FAE04EC0-301F-11D3-BF4B-00C04F79EFBC}") = "Layers.Data", "..\Solutions\Layers.Data\Layers.Data.csproj", "{FED16B15-565B-4ED6-A876-2146EB16B011}"
EndProject
Project("{FAE04EC0-301F-11D3-BF4B-00C04F79EFBC}") = "Layers.Linq", "..\Solutions\Layers.Linq\Layers.Linq.csproj", "{56C33683-CE9A-4CC5-9CEF-92E03BC8F739}"
EndProject
Project("{FAE04EC0-301F-11D3-BF4B-00C04F79EFBC}") = "Yahv.Utils", "..\Solutions\Yahv.Utils\Yahv.Utils.csproj", "{870A94D5-F08E-481F-A7AE-B90B5C249882}"
EndProject
Project("{FAE04EC0-301F-11D3-BF4B-00C04F79EFBC}") = "Yahv.Underly", "..\Solutions\Yahv.Underly\Yahv.Underly.csproj", "{15B56201-A129-4396-9431-0E5F9DA7D9F9}"
EndProject
Project("{FAE04EC0-301F-11D3-BF4B-00C04F79EFBC}") = "Yahv.Web", "..\Solutions\Yahv.Web\Yahv.Web.csproj", "{0E3B1265-0A95-4777-A1F8-16E195737C5F}"
EndProject
Project("{FAE04EC0-301F-11D3-BF4B-00C04F79EFBC}") = "Yahv.Web.Erp", "..\Solutions\Yahv.Web.Erp\Yahv.Web.Erp.csproj", "{E5AC7ED8-2050-4F5F-BF97-BA0956448B80}"
EndProject
Project("{FAE04EC0-301F-11D3-BF4B-00C04F79EFBC}") = "Yahv.Usually", "..\Solutions\Yahv.Usually\Yahv.Usually.csproj", "{FA84A973-FC0B-4A57-9C6A-9212392F2D1C}"
EndProject
Project("{FAE04EC0-301F-11D3-BF4B-00C04F79EFBC}") = "Yahv.Settings", "..\Solutions\Yahv.Settings\Yahv.Settings.csproj", "{1DDF4A9B-D19A-4D3E-9575-0247975320C8}"
EndProject
Project("{FAE04EC0-301F-11D3-BF4B-00C04F79EFBC}") = "CaTester", "CaTester\CaTester.csproj", "{490626AB-6625-4CC2-B851-25D4FF66528C}"
EndProject
Project("{FAE04EC0-301F-11D3-BF4B-00C04F79EFBC}") = "WinApp.Services", "WinApp.Services\WinApp.Services.csproj", "{E69DB94A-C243-4FA6-BB60-FBDFF13E8AC2}"
EndProject
Project("{FAE04EC0-301F-11D3-BF4B-00C04F79EFBC}") = "Yahv.Services", "..\Solutions\Yahv.Services\Yahv.Services.csproj", "{EF7C5B21-4CE2-454A-8719-70E6DADACB69}"
EndProject
Project("{FAE04EC0-301F-11D3-BF4B-00C04F79EFBC}") = "Wms.Services", "Wms.Services\Wms.Services.csproj", "{8F913776-B639-48AD-AAFA-BC415A2BF8CD}"
EndProject
Project("{FAE04EC0-301F-11D3-BF4B-00C04F79EFBC}") = "UnitTest", "UnitTest\UnitTest.csproj", "{1A5BBDA8-3D3F-4A6E-B1C5-72037623D87A}"
EndProject
Project("{FAE04EC0-301F-11D3-BF4B-00C04F79EFBC}") = "Yahv.Payments", "..\Yahv.Csrm\Yahv.Payments\Yahv.Payments.csproj", "{66924E27-72E9-4C5A-8CF3-220DE6519A1F}"
EndProject
Project("{FAE04EC0-301F-11D3-BF4B-00C04F79EFBC}") = "Kdn.Library", "Kdn.Library\Kdn.Library.csproj", "{01D3F40D-1B6E-487B-B97C-75146230EC61}"
EndProject
Project("{FAE04EC0-301F-11D3-BF4B-00C04F79EFBC}") = "StorageFee", "StorageFee\StorageFee.csproj", "{00BBB846-B73C-4F94-A713-52632B987D74}"
EndProject
Project("{FAE04EC0-301F-11D3-BF4B-00C04F79EFBC}") = "AccountConfirm", "AccountConfirm\AccountConfirm.csproj", "{6B034A4D-C841-4E94-8D22-9B7992595CF8}"
EndProject
Project("{2150E333-8FDC-42A3-9474-1A3956D46DE8}") = "Testers", "Testers", "{951506B1-B239-4293-ABAB-A0FECE343BDF}"
	ProjectSection(SolutionItems) = preProject
		TestSettings1.testsettings = TestSettings1.testsettings
	EndProjectSection
EndProject
Project("{FAE04EC0-301F-11D3-BF4B-00C04F79EFBC}") = "ReceiptConfirm", "ReceiptConfirm\ReceiptConfirm.csproj", "{EE311418-E640-4341-8876-FDEA34B68FC6}"
EndProject
Project("{2150E333-8FDC-42A3-9474-1A3956D46DE8}") = "Tasks", "Tasks", "{FA746104-D0C5-438C-8E8A-F7469AFBC295}"
EndProject
Project("{FAE04EC0-301F-11D3-BF4B-00C04F79EFBC}") = "ConsoleApp.vTaskers", "ConsoleApp.vTaskers\ConsoleApp.vTaskers.csproj", "{FE11FD3B-4B74-4E94-9394-BA3C0A456FEC}"
EndProject
Project("{2150E333-8FDC-42A3-9474-1A3956D46DE8}") = "Baks", "Baks", "{7D340855-2839-481A-9B8D-3B58E21CEB19}"
EndProject
Project("{FAE04EC0-301F-11D3-BF4B-00C04F79EFBC}") = "ConsoleApp.vTaskers.Services", "ConsoleApp.vTaskers.Services\ConsoleApp.vTaskers.Services.csproj", "{EACAFAFE-25AB-494F-8658-6620398154C8}"
EndProject
Project("{FAE04EC0-301F-11D3-BF4B-00C04F79EFBC}") = "WinApp", "WinformApp\WinApp.csproj", "{BA406E93-19FC-4CC6-8077-3F1BE225EEEE}"
EndProject
Project("{FAE04EC0-301F-11D3-BF4B-00C04F79EFBC}") = "CnsleAppForCheckPrimaryKey", "CnsleAppForCheckPrimaryKey\CnsleAppForCheckPrimaryKey.csproj", "{A6E2F0B5-C99B-4487-A551-5EF56C79434D}"
EndProject
Project("{FAE04EC0-301F-11D3-BF4B-00C04F79EFBC}") = "HKExitTask", "HKExitTask\HKExitTask.csproj", "{4725DE6D-DAB7-4BD6-B373-36A05975F7B3}"
EndProject
Project("{FAE04EC0-301F-11D3-BF4B-00C04F79EFBC}") = "kyeSDK", "kyeSDK\kyeSDK.csproj", "{4F238C8E-CFEA-4606-BF3A-53DB4C28AA1F}"
EndProject
Project("{FAE04EC0-301F-11D3-BF4B-00C04F79EFBC}") = "StatisticStorageTask", "StatisticStorageTask\StatisticStorageTask.csproj", "{710A93BE-7744-4CA2-8C13-A0B23CDBDF99}"
EndProject
Project("{FAE04EC0-301F-11D3-BF4B-00C04F79EFBC}") = "Yahv.PsWms.PvRoute.Services", "..\Yahv.PsWms\Yahv.PsWms.PvRoute.Services\Yahv.PsWms.PvRoute.Services.csproj", "{62F867EB-5DB7-4F3D-8394-0E2CC87657F0}"
EndProject
Global
	GlobalSection(SolutionConfigurationPlatforms) = preSolution
		Debug|Any CPU = Debug|Any CPU
		ProductionVersion|Any CPU = ProductionVersion|Any CPU
		Release|Any CPU = Release|Any CPU
	EndGlobalSection
	GlobalSection(ProjectConfigurationPlatforms) = postSolution
		{02F58C3C-8869-46A7-8649-88D53F8CE8C5}.Debug|Any CPU.ActiveCfg = Debug|Any CPU
		{02F58C3C-8869-46A7-8649-88D53F8CE8C5}.Debug|Any CPU.Build.0 = Debug|Any CPU
		{02F58C3C-8869-46A7-8649-88D53F8CE8C5}.ProductionVersion|Any CPU.ActiveCfg = ProductionVersion|Any CPU
		{02F58C3C-8869-46A7-8649-88D53F8CE8C5}.ProductionVersion|Any CPU.Build.0 = ProductionVersion|Any CPU
		{02F58C3C-8869-46A7-8649-88D53F8CE8C5}.Release|Any CPU.ActiveCfg = Release|Any CPU
		{02F58C3C-8869-46A7-8649-88D53F8CE8C5}.Release|Any CPU.Build.0 = Release|Any CPU
		{AF9E5948-6EC1-47D9-AC90-44A2F314E66E}.Debug|Any CPU.ActiveCfg = Debug|Any CPU
		{AF9E5948-6EC1-47D9-AC90-44A2F314E66E}.Debug|Any CPU.Build.0 = Debug|Any CPU
		{AF9E5948-6EC1-47D9-AC90-44A2F314E66E}.ProductionVersion|Any CPU.ActiveCfg = ProductionVersion|Any CPU
		{AF9E5948-6EC1-47D9-AC90-44A2F314E66E}.ProductionVersion|Any CPU.Build.0 = ProductionVersion|Any CPU
		{AF9E5948-6EC1-47D9-AC90-44A2F314E66E}.Release|Any CPU.ActiveCfg = Release|Any CPU
		{AF9E5948-6EC1-47D9-AC90-44A2F314E66E}.Release|Any CPU.Build.0 = Release|Any CPU
		{E371A432-F338-4851-AD70-63A1031A2645}.Debug|Any CPU.ActiveCfg = Debug|Any CPU
		{E371A432-F338-4851-AD70-63A1031A2645}.Debug|Any CPU.Build.0 = Debug|Any CPU
		{E371A432-F338-4851-AD70-63A1031A2645}.ProductionVersion|Any CPU.ActiveCfg = ProductionVersion|Any CPU
		{E371A432-F338-4851-AD70-63A1031A2645}.ProductionVersion|Any CPU.Build.0 = ProductionVersion|Any CPU
		{E371A432-F338-4851-AD70-63A1031A2645}.Release|Any CPU.ActiveCfg = Release|Any CPU
		{E371A432-F338-4851-AD70-63A1031A2645}.Release|Any CPU.Build.0 = Release|Any CPU
		{C8C572DF-2BBA-4483-B332-2652805AEF87}.Debug|Any CPU.ActiveCfg = Debug|Any CPU
		{C8C572DF-2BBA-4483-B332-2652805AEF87}.Debug|Any CPU.Build.0 = Debug|Any CPU
		{C8C572DF-2BBA-4483-B332-2652805AEF87}.ProductionVersion|Any CPU.ActiveCfg = ProductionVersion|Any CPU
		{C8C572DF-2BBA-4483-B332-2652805AEF87}.ProductionVersion|Any CPU.Build.0 = ProductionVersion|Any CPU
		{C8C572DF-2BBA-4483-B332-2652805AEF87}.Release|Any CPU.ActiveCfg = Release|Any CPU
		{C8C572DF-2BBA-4483-B332-2652805AEF87}.Release|Any CPU.Build.0 = Release|Any CPU
		{FED16B15-565B-4ED6-A876-2146EB16B011}.Debug|Any CPU.ActiveCfg = Debug|Any CPU
		{FED16B15-565B-4ED6-A876-2146EB16B011}.Debug|Any CPU.Build.0 = Debug|Any CPU
		{FED16B15-565B-4ED6-A876-2146EB16B011}.ProductionVersion|Any CPU.ActiveCfg = Release|Any CPU
		{FED16B15-565B-4ED6-A876-2146EB16B011}.ProductionVersion|Any CPU.Build.0 = Release|Any CPU
		{FED16B15-565B-4ED6-A876-2146EB16B011}.Release|Any CPU.ActiveCfg = Release|Any CPU
		{FED16B15-565B-4ED6-A876-2146EB16B011}.Release|Any CPU.Build.0 = Release|Any CPU
		{56C33683-CE9A-4CC5-9CEF-92E03BC8F739}.Debug|Any CPU.ActiveCfg = Debug|Any CPU
		{56C33683-CE9A-4CC5-9CEF-92E03BC8F739}.Debug|Any CPU.Build.0 = Debug|Any CPU
		{56C33683-CE9A-4CC5-9CEF-92E03BC8F739}.ProductionVersion|Any CPU.ActiveCfg = ProductionVersion|Any CPU
		{56C33683-CE9A-4CC5-9CEF-92E03BC8F739}.ProductionVersion|Any CPU.Build.0 = ProductionVersion|Any CPU
		{56C33683-CE9A-4CC5-9CEF-92E03BC8F739}.Release|Any CPU.ActiveCfg = Release|Any CPU
		{56C33683-CE9A-4CC5-9CEF-92E03BC8F739}.Release|Any CPU.Build.0 = Release|Any CPU
		{870A94D5-F08E-481F-A7AE-B90B5C249882}.Debug|Any CPU.ActiveCfg = Debug|Any CPU
		{870A94D5-F08E-481F-A7AE-B90B5C249882}.Debug|Any CPU.Build.0 = Debug|Any CPU
		{870A94D5-F08E-481F-A7AE-B90B5C249882}.ProductionVersion|Any CPU.ActiveCfg = ProductionVersion|Any CPU
		{870A94D5-F08E-481F-A7AE-B90B5C249882}.ProductionVersion|Any CPU.Build.0 = ProductionVersion|Any CPU
		{870A94D5-F08E-481F-A7AE-B90B5C249882}.Release|Any CPU.ActiveCfg = Release|Any CPU
		{870A94D5-F08E-481F-A7AE-B90B5C249882}.Release|Any CPU.Build.0 = Release|Any CPU
		{15B56201-A129-4396-9431-0E5F9DA7D9F9}.Debug|Any CPU.ActiveCfg = Debug|Any CPU
		{15B56201-A129-4396-9431-0E5F9DA7D9F9}.Debug|Any CPU.Build.0 = Debug|Any CPU
		{15B56201-A129-4396-9431-0E5F9DA7D9F9}.ProductionVersion|Any CPU.ActiveCfg = ProductionVersion|Any CPU
		{15B56201-A129-4396-9431-0E5F9DA7D9F9}.ProductionVersion|Any CPU.Build.0 = ProductionVersion|Any CPU
		{15B56201-A129-4396-9431-0E5F9DA7D9F9}.Release|Any CPU.ActiveCfg = Release|Any CPU
		{15B56201-A129-4396-9431-0E5F9DA7D9F9}.Release|Any CPU.Build.0 = Release|Any CPU
		{0E3B1265-0A95-4777-A1F8-16E195737C5F}.Debug|Any CPU.ActiveCfg = Debug|Any CPU
		{0E3B1265-0A95-4777-A1F8-16E195737C5F}.Debug|Any CPU.Build.0 = Debug|Any CPU
		{0E3B1265-0A95-4777-A1F8-16E195737C5F}.ProductionVersion|Any CPU.ActiveCfg = ProductionVersion|Any CPU
		{0E3B1265-0A95-4777-A1F8-16E195737C5F}.ProductionVersion|Any CPU.Build.0 = ProductionVersion|Any CPU
		{0E3B1265-0A95-4777-A1F8-16E195737C5F}.Release|Any CPU.ActiveCfg = Release|Any CPU
		{0E3B1265-0A95-4777-A1F8-16E195737C5F}.Release|Any CPU.Build.0 = Release|Any CPU
		{E5AC7ED8-2050-4F5F-BF97-BA0956448B80}.Debug|Any CPU.ActiveCfg = Debug|Any CPU
		{E5AC7ED8-2050-4F5F-BF97-BA0956448B80}.Debug|Any CPU.Build.0 = Debug|Any CPU
		{E5AC7ED8-2050-4F5F-BF97-BA0956448B80}.ProductionVersion|Any CPU.ActiveCfg = ProductionVersion|Any CPU
		{E5AC7ED8-2050-4F5F-BF97-BA0956448B80}.ProductionVersion|Any CPU.Build.0 = ProductionVersion|Any CPU
		{E5AC7ED8-2050-4F5F-BF97-BA0956448B80}.Release|Any CPU.ActiveCfg = Release|Any CPU
		{E5AC7ED8-2050-4F5F-BF97-BA0956448B80}.Release|Any CPU.Build.0 = Release|Any CPU
		{FA84A973-FC0B-4A57-9C6A-9212392F2D1C}.Debug|Any CPU.ActiveCfg = Debug|Any CPU
		{FA84A973-FC0B-4A57-9C6A-9212392F2D1C}.Debug|Any CPU.Build.0 = Debug|Any CPU
		{FA84A973-FC0B-4A57-9C6A-9212392F2D1C}.ProductionVersion|Any CPU.ActiveCfg = ProductionVersion|Any CPU
		{FA84A973-FC0B-4A57-9C6A-9212392F2D1C}.ProductionVersion|Any CPU.Build.0 = ProductionVersion|Any CPU
		{FA84A973-FC0B-4A57-9C6A-9212392F2D1C}.Release|Any CPU.ActiveCfg = Release|Any CPU
		{FA84A973-FC0B-4A57-9C6A-9212392F2D1C}.Release|Any CPU.Build.0 = Release|Any CPU
		{1DDF4A9B-D19A-4D3E-9575-0247975320C8}.Debug|Any CPU.ActiveCfg = Debug|Any CPU
		{1DDF4A9B-D19A-4D3E-9575-0247975320C8}.Debug|Any CPU.Build.0 = Debug|Any CPU
		{1DDF4A9B-D19A-4D3E-9575-0247975320C8}.ProductionVersion|Any CPU.ActiveCfg = ProductionVersion|Any CPU
		{1DDF4A9B-D19A-4D3E-9575-0247975320C8}.ProductionVersion|Any CPU.Build.0 = ProductionVersion|Any CPU
		{1DDF4A9B-D19A-4D3E-9575-0247975320C8}.Release|Any CPU.ActiveCfg = Release|Any CPU
		{1DDF4A9B-D19A-4D3E-9575-0247975320C8}.Release|Any CPU.Build.0 = Release|Any CPU
		{490626AB-6625-4CC2-B851-25D4FF66528C}.Debug|Any CPU.ActiveCfg = Debug|Any CPU
		{490626AB-6625-4CC2-B851-25D4FF66528C}.Debug|Any CPU.Build.0 = Debug|Any CPU
		{490626AB-6625-4CC2-B851-25D4FF66528C}.ProductionVersion|Any CPU.ActiveCfg = ProductionVersion|Any CPU
		{490626AB-6625-4CC2-B851-25D4FF66528C}.ProductionVersion|Any CPU.Build.0 = ProductionVersion|Any CPU
		{490626AB-6625-4CC2-B851-25D4FF66528C}.Release|Any CPU.ActiveCfg = Release|Any CPU
		{490626AB-6625-4CC2-B851-25D4FF66528C}.Release|Any CPU.Build.0 = Release|Any CPU
		{E69DB94A-C243-4FA6-BB60-FBDFF13E8AC2}.Debug|Any CPU.ActiveCfg = Debug|Any CPU
		{E69DB94A-C243-4FA6-BB60-FBDFF13E8AC2}.Debug|Any CPU.Build.0 = Debug|Any CPU
		{E69DB94A-C243-4FA6-BB60-FBDFF13E8AC2}.ProductionVersion|Any CPU.ActiveCfg = ProductionVersion|Any CPU
		{E69DB94A-C243-4FA6-BB60-FBDFF13E8AC2}.ProductionVersion|Any CPU.Build.0 = ProductionVersion|Any CPU
		{E69DB94A-C243-4FA6-BB60-FBDFF13E8AC2}.Release|Any CPU.ActiveCfg = Release|Any CPU
		{E69DB94A-C243-4FA6-BB60-FBDFF13E8AC2}.Release|Any CPU.Build.0 = Release|Any CPU
		{EF7C5B21-4CE2-454A-8719-70E6DADACB69}.Debug|Any CPU.ActiveCfg = Debug|Any CPU
		{EF7C5B21-4CE2-454A-8719-70E6DADACB69}.Debug|Any CPU.Build.0 = Debug|Any CPU
		{EF7C5B21-4CE2-454A-8719-70E6DADACB69}.ProductionVersion|Any CPU.ActiveCfg = ProductionVersion|Any CPU
		{EF7C5B21-4CE2-454A-8719-70E6DADACB69}.ProductionVersion|Any CPU.Build.0 = ProductionVersion|Any CPU
		{EF7C5B21-4CE2-454A-8719-70E6DADACB69}.Release|Any CPU.ActiveCfg = Release|Any CPU
		{EF7C5B21-4CE2-454A-8719-70E6DADACB69}.Release|Any CPU.Build.0 = Release|Any CPU
		{8F913776-B639-48AD-AAFA-BC415A2BF8CD}.Debug|Any CPU.ActiveCfg = Debug|Any CPU
		{8F913776-B639-48AD-AAFA-BC415A2BF8CD}.Debug|Any CPU.Build.0 = Debug|Any CPU
		{8F913776-B639-48AD-AAFA-BC415A2BF8CD}.ProductionVersion|Any CPU.ActiveCfg = ProductionVersion|Any CPU
		{8F913776-B639-48AD-AAFA-BC415A2BF8CD}.ProductionVersion|Any CPU.Build.0 = ProductionVersion|Any CPU
		{8F913776-B639-48AD-AAFA-BC415A2BF8CD}.Release|Any CPU.ActiveCfg = Release|Any CPU
		{8F913776-B639-48AD-AAFA-BC415A2BF8CD}.Release|Any CPU.Build.0 = Release|Any CPU
		{1A5BBDA8-3D3F-4A6E-B1C5-72037623D87A}.Debug|Any CPU.ActiveCfg = Debug|Any CPU
		{1A5BBDA8-3D3F-4A6E-B1C5-72037623D87A}.Debug|Any CPU.Build.0 = Debug|Any CPU
		{1A5BBDA8-3D3F-4A6E-B1C5-72037623D87A}.ProductionVersion|Any CPU.ActiveCfg = ProductionVersion|Any CPU
		{1A5BBDA8-3D3F-4A6E-B1C5-72037623D87A}.ProductionVersion|Any CPU.Build.0 = ProductionVersion|Any CPU
		{1A5BBDA8-3D3F-4A6E-B1C5-72037623D87A}.Release|Any CPU.ActiveCfg = Release|Any CPU
		{1A5BBDA8-3D3F-4A6E-B1C5-72037623D87A}.Release|Any CPU.Build.0 = Release|Any CPU
		{66924E27-72E9-4C5A-8CF3-220DE6519A1F}.Debug|Any CPU.ActiveCfg = Debug|Any CPU
		{66924E27-72E9-4C5A-8CF3-220DE6519A1F}.Debug|Any CPU.Build.0 = Debug|Any CPU
		{66924E27-72E9-4C5A-8CF3-220DE6519A1F}.ProductionVersion|Any CPU.ActiveCfg = ProductionVersion|Any CPU
		{66924E27-72E9-4C5A-8CF3-220DE6519A1F}.ProductionVersion|Any CPU.Build.0 = ProductionVersion|Any CPU
		{66924E27-72E9-4C5A-8CF3-220DE6519A1F}.Release|Any CPU.ActiveCfg = Release|Any CPU
		{66924E27-72E9-4C5A-8CF3-220DE6519A1F}.Release|Any CPU.Build.0 = Release|Any CPU
		{01D3F40D-1B6E-487B-B97C-75146230EC61}.Debug|Any CPU.ActiveCfg = Debug|Any CPU
		{01D3F40D-1B6E-487B-B97C-75146230EC61}.Debug|Any CPU.Build.0 = Debug|Any CPU
		{01D3F40D-1B6E-487B-B97C-75146230EC61}.ProductionVersion|Any CPU.ActiveCfg = ProductionVersion|Any CPU
		{01D3F40D-1B6E-487B-B97C-75146230EC61}.ProductionVersion|Any CPU.Build.0 = ProductionVersion|Any CPU
		{01D3F40D-1B6E-487B-B97C-75146230EC61}.Release|Any CPU.ActiveCfg = Release|Any CPU
		{01D3F40D-1B6E-487B-B97C-75146230EC61}.Release|Any CPU.Build.0 = Release|Any CPU
		{00BBB846-B73C-4F94-A713-52632B987D74}.Debug|Any CPU.ActiveCfg = Debug|Any CPU
		{00BBB846-B73C-4F94-A713-52632B987D74}.Debug|Any CPU.Build.0 = Debug|Any CPU
		{00BBB846-B73C-4F94-A713-52632B987D74}.ProductionVersion|Any CPU.ActiveCfg = ProductionVersion|Any CPU
		{00BBB846-B73C-4F94-A713-52632B987D74}.ProductionVersion|Any CPU.Build.0 = ProductionVersion|Any CPU
		{00BBB846-B73C-4F94-A713-52632B987D74}.Release|Any CPU.ActiveCfg = Release|Any CPU
		{00BBB846-B73C-4F94-A713-52632B987D74}.Release|Any CPU.Build.0 = Release|Any CPU
		{6B034A4D-C841-4E94-8D22-9B7992595CF8}.Debug|Any CPU.ActiveCfg = Debug|Any CPU
		{6B034A4D-C841-4E94-8D22-9B7992595CF8}.Debug|Any CPU.Build.0 = Debug|Any CPU
		{6B034A4D-C841-4E94-8D22-9B7992595CF8}.ProductionVersion|Any CPU.ActiveCfg = ProductionVersion|Any CPU
		{6B034A4D-C841-4E94-8D22-9B7992595CF8}.ProductionVersion|Any CPU.Build.0 = ProductionVersion|Any CPU
		{6B034A4D-C841-4E94-8D22-9B7992595CF8}.Release|Any CPU.ActiveCfg = Release|Any CPU
		{6B034A4D-C841-4E94-8D22-9B7992595CF8}.Release|Any CPU.Build.0 = Release|Any CPU
		{EE311418-E640-4341-8876-FDEA34B68FC6}.Debug|Any CPU.ActiveCfg = Debug|Any CPU
		{EE311418-E640-4341-8876-FDEA34B68FC6}.Debug|Any CPU.Build.0 = Debug|Any CPU
		{EE311418-E640-4341-8876-FDEA34B68FC6}.ProductionVersion|Any CPU.ActiveCfg = Release|Any CPU
		{EE311418-E640-4341-8876-FDEA34B68FC6}.ProductionVersion|Any CPU.Build.0 = Release|Any CPU
		{EE311418-E640-4341-8876-FDEA34B68FC6}.Release|Any CPU.ActiveCfg = Release|Any CPU
		{EE311418-E640-4341-8876-FDEA34B68FC6}.Release|Any CPU.Build.0 = Release|Any CPU
		{FE11FD3B-4B74-4E94-9394-BA3C0A456FEC}.Debug|Any CPU.ActiveCfg = Debug|Any CPU
		{FE11FD3B-4B74-4E94-9394-BA3C0A456FEC}.Debug|Any CPU.Build.0 = Debug|Any CPU
		{FE11FD3B-4B74-4E94-9394-BA3C0A456FEC}.ProductionVersion|Any CPU.ActiveCfg = Release|Any CPU
		{FE11FD3B-4B74-4E94-9394-BA3C0A456FEC}.ProductionVersion|Any CPU.Build.0 = Release|Any CPU
		{FE11FD3B-4B74-4E94-9394-BA3C0A456FEC}.Release|Any CPU.ActiveCfg = Release|Any CPU
		{FE11FD3B-4B74-4E94-9394-BA3C0A456FEC}.Release|Any CPU.Build.0 = Release|Any CPU
		{EACAFAFE-25AB-494F-8658-6620398154C8}.Debug|Any CPU.ActiveCfg = Debug|Any CPU
		{EACAFAFE-25AB-494F-8658-6620398154C8}.Debug|Any CPU.Build.0 = Debug|Any CPU
		{EACAFAFE-25AB-494F-8658-6620398154C8}.ProductionVersion|Any CPU.ActiveCfg = Release|Any CPU
		{EACAFAFE-25AB-494F-8658-6620398154C8}.ProductionVersion|Any CPU.Build.0 = Release|Any CPU
		{EACAFAFE-25AB-494F-8658-6620398154C8}.Release|Any CPU.ActiveCfg = Release|Any CPU
		{EACAFAFE-25AB-494F-8658-6620398154C8}.Release|Any CPU.Build.0 = Release|Any CPU
		{BA406E93-19FC-4CC6-8077-3F1BE225EEEE}.Debug|Any CPU.ActiveCfg = Debug|Any CPU
		{BA406E93-19FC-4CC6-8077-3F1BE225EEEE}.Debug|Any CPU.Build.0 = Debug|Any CPU
		{BA406E93-19FC-4CC6-8077-3F1BE225EEEE}.ProductionVersion|Any CPU.ActiveCfg = ProductionVersion|Any CPU
		{BA406E93-19FC-4CC6-8077-3F1BE225EEEE}.ProductionVersion|Any CPU.Build.0 = ProductionVersion|Any CPU
		{BA406E93-19FC-4CC6-8077-3F1BE225EEEE}.Release|Any CPU.ActiveCfg = Release|Any CPU
		{BA406E93-19FC-4CC6-8077-3F1BE225EEEE}.Release|Any CPU.Build.0 = Release|Any CPU
		{A6E2F0B5-C99B-4487-A551-5EF56C79434D}.Debug|Any CPU.ActiveCfg = Debug|Any CPU
		{A6E2F0B5-C99B-4487-A551-5EF56C79434D}.Debug|Any CPU.Build.0 = Debug|Any CPU
		{A6E2F0B5-C99B-4487-A551-5EF56C79434D}.ProductionVersion|Any CPU.ActiveCfg = Release|Any CPU
		{A6E2F0B5-C99B-4487-A551-5EF56C79434D}.ProductionVersion|Any CPU.Build.0 = Release|Any CPU
		{A6E2F0B5-C99B-4487-A551-5EF56C79434D}.Release|Any CPU.ActiveCfg = Release|Any CPU
		{A6E2F0B5-C99B-4487-A551-5EF56C79434D}.Release|Any CPU.Build.0 = Release|Any CPU
		{4725DE6D-DAB7-4BD6-B373-36A05975F7B3}.Debug|Any CPU.ActiveCfg = Debug|Any CPU
		{4725DE6D-DAB7-4BD6-B373-36A05975F7B3}.Debug|Any CPU.Build.0 = Debug|Any CPU
		{4725DE6D-DAB7-4BD6-B373-36A05975F7B3}.ProductionVersion|Any CPU.ActiveCfg = Release|Any CPU
		{4725DE6D-DAB7-4BD6-B373-36A05975F7B3}.ProductionVersion|Any CPU.Build.0 = Release|Any CPU
		{4725DE6D-DAB7-4BD6-B373-36A05975F7B3}.Release|Any CPU.ActiveCfg = Release|Any CPU
		{4725DE6D-DAB7-4BD6-B373-36A05975F7B3}.Release|Any CPU.Build.0 = Release|Any CPU
		{4F238C8E-CFEA-4606-BF3A-53DB4C28AA1F}.Debug|Any CPU.ActiveCfg = Debug|Any CPU
		{4F238C8E-CFEA-4606-BF3A-53DB4C28AA1F}.Debug|Any CPU.Build.0 = Debug|Any CPU
		{4F238C8E-CFEA-4606-BF3A-53DB4C28AA1F}.ProductionVersion|Any CPU.ActiveCfg = Release|Any CPU
		{4F238C8E-CFEA-4606-BF3A-53DB4C28AA1F}.ProductionVersion|Any CPU.Build.0 = Release|Any CPU
		{4F238C8E-CFEA-4606-BF3A-53DB4C28AA1F}.Release|Any CPU.ActiveCfg = Release|Any CPU
		{4F238C8E-CFEA-4606-BF3A-53DB4C28AA1F}.Release|Any CPU.Build.0 = Release|Any CPU
		{710A93BE-7744-4CA2-8C13-A0B23CDBDF99}.Debug|Any CPU.ActiveCfg = Debug|Any CPU
		{710A93BE-7744-4CA2-8C13-A0B23CDBDF99}.Debug|Any CPU.Build.0 = Debug|Any CPU
		{710A93BE-7744-4CA2-8C13-A0B23CDBDF99}.ProductionVersion|Any CPU.ActiveCfg = Release|Any CPU
		{710A93BE-7744-4CA2-8C13-A0B23CDBDF99}.ProductionVersion|Any CPU.Build.0 = Release|Any CPU
		{710A93BE-7744-4CA2-8C13-A0B23CDBDF99}.Release|Any CPU.ActiveCfg = Release|Any CPU
		{710A93BE-7744-4CA2-8C13-A0B23CDBDF99}.Release|Any CPU.Build.0 = Release|Any CPU
		{62F867EB-5DB7-4F3D-8394-0E2CC87657F0}.Debug|Any CPU.ActiveCfg = Debug|Any CPU
		{62F867EB-5DB7-4F3D-8394-0E2CC87657F0}.Debug|Any CPU.Build.0 = Debug|Any CPU
		{62F867EB-5DB7-4F3D-8394-0E2CC87657F0}.ProductionVersion|Any CPU.ActiveCfg = Debug|Any CPU
		{62F867EB-5DB7-4F3D-8394-0E2CC87657F0}.ProductionVersion|Any CPU.Build.0 = Debug|Any CPU
		{62F867EB-5DB7-4F3D-8394-0E2CC87657F0}.Release|Any CPU.ActiveCfg = Release|Any CPU
		{62F867EB-5DB7-4F3D-8394-0E2CC87657F0}.Release|Any CPU.Build.0 = Release|Any CPU
	EndGlobalSection
	GlobalSection(SolutionProperties) = preSolution
		HideSolutionNode = FALSE
	EndGlobalSection
	GlobalSection(NestedProjects) = preSolution
		{02F58C3C-8869-46A7-8649-88D53F8CE8C5} = {094279AD-B876-4F73-85BF-4B6DF030489D}
		{AF9E5948-6EC1-47D9-AC90-44A2F314E66E} = {094279AD-B876-4F73-85BF-4B6DF030489D}
		{E371A432-F338-4851-AD70-63A1031A2645} = {C0E6EC64-C1B1-46F7-9FC2-6571E51B65F1}
		{C8C572DF-2BBA-4483-B332-2652805AEF87} = {C0E6EC64-C1B1-46F7-9FC2-6571E51B65F1}
		{FED16B15-565B-4ED6-A876-2146EB16B011} = {3B300F13-AAB2-49CA-9881-2133832544AE}
		{56C33683-CE9A-4CC5-9CEF-92E03BC8F739} = {3B300F13-AAB2-49CA-9881-2133832544AE}
		{870A94D5-F08E-481F-A7AE-B90B5C249882} = {C0E6EC64-C1B1-46F7-9FC2-6571E51B65F1}
		{15B56201-A129-4396-9431-0E5F9DA7D9F9} = {C0E6EC64-C1B1-46F7-9FC2-6571E51B65F1}
		{0E3B1265-0A95-4777-A1F8-16E195737C5F} = {C0E6EC64-C1B1-46F7-9FC2-6571E51B65F1}
		{E5AC7ED8-2050-4F5F-BF97-BA0956448B80} = {C0E6EC64-C1B1-46F7-9FC2-6571E51B65F1}
		{FA84A973-FC0B-4A57-9C6A-9212392F2D1C} = {C0E6EC64-C1B1-46F7-9FC2-6571E51B65F1}
		{1DDF4A9B-D19A-4D3E-9575-0247975320C8} = {C0E6EC64-C1B1-46F7-9FC2-6571E51B65F1}
		{490626AB-6625-4CC2-B851-25D4FF66528C} = {951506B1-B239-4293-ABAB-A0FECE343BDF}
		{E69DB94A-C243-4FA6-BB60-FBDFF13E8AC2} = {FC2D84BB-5D17-407B-82EB-EF9BD0C8C46D}
		{EF7C5B21-4CE2-454A-8719-70E6DADACB69} = {FC2D84BB-5D17-407B-82EB-EF9BD0C8C46D}
		{8F913776-B639-48AD-AAFA-BC415A2BF8CD} = {FC2D84BB-5D17-407B-82EB-EF9BD0C8C46D}
		{1A5BBDA8-3D3F-4A6E-B1C5-72037623D87A} = {951506B1-B239-4293-ABAB-A0FECE343BDF}
		{66924E27-72E9-4C5A-8CF3-220DE6519A1F} = {FC2D84BB-5D17-407B-82EB-EF9BD0C8C46D}
		{01D3F40D-1B6E-487B-B97C-75146230EC61} = {FC2D84BB-5D17-407B-82EB-EF9BD0C8C46D}
		{00BBB846-B73C-4F94-A713-52632B987D74} = {FA746104-D0C5-438C-8E8A-F7469AFBC295}
		{6B034A4D-C841-4E94-8D22-9B7992595CF8} = {7D340855-2839-481A-9B8D-3B58E21CEB19}
		{EE311418-E640-4341-8876-FDEA34B68FC6} = {7D340855-2839-481A-9B8D-3B58E21CEB19}
		{FE11FD3B-4B74-4E94-9394-BA3C0A456FEC} = {FA746104-D0C5-438C-8E8A-F7469AFBC295}
		{EACAFAFE-25AB-494F-8658-6620398154C8} = {FA746104-D0C5-438C-8E8A-F7469AFBC295}
		{BA406E93-19FC-4CC6-8077-3F1BE225EEEE} = {094279AD-B876-4F73-85BF-4B6DF030489D}
		{A6E2F0B5-C99B-4487-A551-5EF56C79434D} = {951506B1-B239-4293-ABAB-A0FECE343BDF}
		{4725DE6D-DAB7-4BD6-B373-36A05975F7B3} = {FA746104-D0C5-438C-8E8A-F7469AFBC295}
		{4F238C8E-CFEA-4606-BF3A-53DB4C28AA1F} = {FC2D84BB-5D17-407B-82EB-EF9BD0C8C46D}
		{710A93BE-7744-4CA2-8C13-A0B23CDBDF99} = {FA746104-D0C5-438C-8E8A-F7469AFBC295}
		{62F867EB-5DB7-4F3D-8394-0E2CC87657F0} = {FC2D84BB-5D17-407B-82EB-EF9BD0C8C46D}
	EndGlobalSection
	GlobalSection(ExtensibilityGlobals) = postSolution
		SolutionGuid = {2259A30B-403E-4CA2-BC36-B2B40AA49E8D}
	EndGlobalSection
	GlobalSection(TeamFoundationVersionControl) = preSolution
		SccNumberOfProjects = 31
		SccEnterpriseProvider = {4CA58AB2-18FA-4F8D-95D4-32DDF27D184C}
		SccTeamFoundationServer = http://192.168.80.32:8080/tfs/vs2015_projects
		SccLocalPath0 = .
		SccProjectUniqueName1 = WebApp\\WebApp.csproj
		SccProjectTopLevelParentUniqueName1 = Yahv.PfWms.sln
		SccProjectName1 = WebApp
		SccLocalPath1 = WebApp
		SccProjectUniqueName2 = MvcApi\\MvcApi.csproj
		SccProjectTopLevelParentUniqueName2 = Yahv.PfWms.sln
		SccProjectName2 = MvcApi
		SccLocalPath2 = MvcApi
		SccProjectUniqueName3 = ..\\Solutions\\Yahv.Erp\\Yahv.Erp.csproj
		SccProjectTopLevelParentUniqueName3 = Yahv.PfWms.sln
		SccProjectName3 = ../Solutions/Yahv.Erp
		SccLocalPath3 = ..\\Solutions\\Yahv.Erp
		SccProjectUniqueName4 = ..\\Solutions\\Yahv.Linq\\Yahv.Linq.csproj
		SccProjectTopLevelParentUniqueName4 = Yahv.PfWms.sln
		SccProjectName4 = ../Solutions/Yahv.Linq
		SccLocalPath4 = ..\\Solutions\\Yahv.Linq
		SccProjectUniqueName5 = ..\\Solutions\\Layers.Data\\Layers.Data.csproj
		SccProjectTopLevelParentUniqueName5 = Yahv.PfWms.sln
		SccProjectName5 = ../Solutions/Layers.Data
		SccLocalPath5 = ..\\Solutions\\Layers.Data
		SccProjectUniqueName6 = ..\\Solutions\\Layers.Linq\\Layers.Linq.csproj
		SccProjectTopLevelParentUniqueName6 = Yahv.PfWms.sln
		SccProjectName6 = ../Solutions/Layers.Linq
		SccLocalPath6 = ..\\Solutions\\Layers.Linq
		SccProjectUniqueName7 = ..\\Solutions\\Yahv.Utils\\Yahv.Utils.csproj
		SccProjectTopLevelParentUniqueName7 = Yahv.PfWms.sln
		SccProjectName7 = ../Solutions/Yahv.Utils
		SccLocalPath7 = ..\\Solutions\\Yahv.Utils
		SccProjectUniqueName8 = ..\\Solutions\\Yahv.Underly\\Yahv.Underly.csproj
		SccProjectTopLevelParentUniqueName8 = Yahv.PfWms.sln
		SccProjectName8 = ../Solutions/Yahv.Underly
		SccLocalPath8 = ..\\Solutions\\Yahv.Underly
		SccProjectUniqueName9 = ..\\Solutions\\Yahv.Web\\Yahv.Web.csproj
		SccProjectTopLevelParentUniqueName9 = Yahv.PfWms.sln
		SccProjectName9 = ../Solutions/Yahv.Web
		SccLocalPath9 = ..\\Solutions\\Yahv.Web
		SccProjectUniqueName10 = ..\\Solutions\\Yahv.Web.Erp\\Yahv.Web.Erp.csproj
		SccProjectTopLevelParentUniqueName10 = Yahv.PfWms.sln
		SccProjectName10 = ../Solutions/Yahv.Web.Erp
		SccLocalPath10 = ..\\Solutions\\Yahv.Web.Erp
		SccProjectUniqueName11 = ..\\Solutions\\Yahv.Usually\\Yahv.Usually.csproj
		SccProjectTopLevelParentUniqueName11 = Yahv.PfWms.sln
		SccProjectName11 = ../Solutions/Yahv.Usually
		SccLocalPath11 = ..\\Solutions\\Yahv.Usually
		SccProjectUniqueName12 = ..\\Solutions\\Yahv.Settings\\Yahv.Settings.csproj
		SccProjectTopLevelParentUniqueName12 = Yahv.PfWms.sln
		SccProjectName12 = ../Solutions/Yahv.Settings
		SccLocalPath12 = ..\\Solutions\\Yahv.Settings
		SccProjectUniqueName13 = CaTester\\CaTester.csproj
		SccProjectTopLevelParentUniqueName13 = Yahv.PfWms.sln
		SccProjectName13 = CaTester
		SccLocalPath13 = CaTester
		SccProjectUniqueName14 = WinApp.Services\\WinApp.Services.csproj
		SccProjectTopLevelParentUniqueName14 = Yahv.PfWms.sln
		SccProjectName14 = WinApp.Services
		SccLocalPath14 = WinApp.Services
		SccProjectUniqueName15 = ..\\Solutions\\Yahv.Services\\Yahv.Services.csproj
		SccProjectTopLevelParentUniqueName15 = Yahv.PfWms.sln
		SccProjectName15 = ../Solutions/Yahv.Services
		SccLocalPath15 = ..\\Solutions\\Yahv.Services
		SccProjectUniqueName16 = Wms.Services\\Wms.Services.csproj
		SccProjectTopLevelParentUniqueName16 = Yahv.PfWms.sln
		SccProjectName16 = Wms.Services
		SccLocalPath16 = Wms.Services
		SccProjectUniqueName17 = UnitTest\\UnitTest.csproj
		SccProjectTopLevelParentUniqueName17 = Yahv.PfWms.sln
		SccProjectName17 = UnitTest
		SccLocalPath17 = UnitTest
		SccProjectUniqueName18 = ..\\Yahv.Csrm\\Yahv.Payments\\Yahv.Payments.csproj
		SccProjectTopLevelParentUniqueName18 = Yahv.PfWms.sln
		SccProjectName18 = ../Yahv.Csrm/Yahv.Payments
		SccLocalPath18 = ..\\Yahv.Csrm\\Yahv.Payments
		SccProjectUniqueName19 = Kdn.Library\\Kdn.Library.csproj
		SccProjectTopLevelParentUniqueName19 = Yahv.PfWms.sln
		SccProjectName19 = Kdn.Library
		SccLocalPath19 = Kdn.Library
		SccProjectUniqueName20 = StorageFee\\StorageFee.csproj
		SccProjectTopLevelParentUniqueName20 = Yahv.PfWms.sln
		SccProjectName20 = StorageFee
		SccLocalPath20 = StorageFee
		SccProjectUniqueName21 = AccountConfirm\\AccountConfirm.csproj
		SccProjectTopLevelParentUniqueName21 = Yahv.PfWms.sln
		SccProjectName21 = AccountConfirm
		SccLocalPath21 = AccountConfirm
		SccProjectUniqueName22 = ReceiptConfirm\\ReceiptConfirm.csproj
		SccProjectTopLevelParentUniqueName22 = Yahv.PfWms.sln
		SccProjectName22 = ReceiptConfirm
		SccLocalPath22 = ReceiptConfirm
		SccProjectUniqueName23 = ConsoleApp.vTaskers\\ConsoleApp.vTaskers.csproj
		SccProjectTopLevelParentUniqueName23 = Yahv.PfWms.sln
		SccProjectName23 = ConsoleApp.vTaskers
		SccLocalPath23 = ConsoleApp.vTaskers
		SccProjectUniqueName24 = ConsoleApp.vTaskers.Services\\ConsoleApp.vTaskers.Services.csproj
		SccProjectTopLevelParentUniqueName24 = Yahv.PfWms.sln
		SccProjectName24 = ConsoleApp.vTaskers.Services
		SccLocalPath24 = ConsoleApp.vTaskers.Services
		SccProjectUniqueName25 = WinformApp\\WinApp.csproj
		SccProjectTopLevelParentUniqueName25 = Yahv.PfWms.sln
		SccProjectName25 = WinformApp
		SccLocalPath25 = WinformApp
		SccProjectUniqueName26 = CnsleAppForCheckPrimaryKey\\CnsleAppForCheckPrimaryKey.csproj
		SccProjectTopLevelParentUniqueName26 = Yahv.PfWms.sln
		SccProjectName26 = CnsleAppForCheckPrimaryKey
		SccLocalPath26 = CnsleAppForCheckPrimaryKey
		SccProjectUniqueName27 = HKExitTask\\HKExitTask.csproj
		SccProjectTopLevelParentUniqueName27 = Yahv.PfWms.sln
		SccProjectName27 = HKExitTask
		SccLocalPath27 = HKExitTask
		SccProjectUniqueName28 = kyeSDK\\kyeSDK.csproj
		SccProjectTopLevelParentUniqueName28 = Yahv.PfWms.sln
		SccProjectName28 = kyeSDK
		SccLocalPath28 = kyeSDK
		SccProjectUniqueName29 = StatisticStorageTask\\StatisticStorageTask.csproj
		SccProjectTopLevelParentUniqueName29 = Yahv.PfWms.sln
		SccProjectName29 = StatisticStorageTask
		SccLocalPath29 = StatisticStorageTask
		SccProjectUniqueName30 = ..\\Yahv.PsWms\\Yahv.PsWms.PvRoute.Services\\Yahv.PsWms.PvRoute.Services.csproj
		SccProjectTopLevelParentUniqueName30 = Yahv.PfWms.sln
		SccProjectName30 = ../Yahv.PsWms/Yahv.PsWms.PvRoute.Services
		SccLocalPath30 = ..\\Yahv.PsWms\\Yahv.PsWms.PvRoute.Services
	EndGlobalSection
EndGlobal
