
Microsoft Visual Studio Solution File, Format Version 12.00
# Visual Studio 15
VisualStudioVersion = 15.0.28307.757
MinimumVisualStudioVersion = 10.0.40219.1
Project("{FAE04EC0-301F-11D3-BF4B-00C04F79EFBC}") = "FrontFrames", "..\Solutions\FrontFrames\FrontFrames.csproj", "{FA90F834-9065-44C2-8E4B-81C0EF4258A2}"
EndProject
Project("{FAE04EC0-301F-11D3-BF4B-00C04F79EFBC}") = "Layers.Data", "..\Solutions\Layers.Data\Layers.Data.csproj", "{FED16B15-565B-4ED6-A876-2146EB16B011}"
EndProject
Project("{FAE04EC0-301F-11D3-BF4B-00C04F79EFBC}") = "Layers.Linq", "..\Solutions\Layers.Linq\Layers.Linq.csproj", "{56C33683-CE9A-4CC5-9CEF-92E03BC8F739}"
EndProject
Project("{FAE04EC0-301F-11D3-BF4B-00C04F79EFBC}") = "Yahv.Erp", "..\Solutions\Yahv.Erp\Yahv.Erp.csproj", "{E371A432-F338-4851-AD70-63A1031A2645}"
EndProject
Project("{FAE04EC0-301F-11D3-BF4B-00C04F79EFBC}") = "Yahv.Linq", "..\Solutions\Yahv.Linq\Yahv.Linq.csproj", "{C8C572DF-2BBA-4483-B332-2652805AEF87}"
EndProject
Project("{FAE04EC0-301F-11D3-BF4B-00C04F79EFBC}") = "Yahv.Settings", "..\Solutions\Yahv.Settings\Yahv.Settings.csproj", "{1DDF4A9B-D19A-4D3E-9575-0247975320C8}"
EndProject
Project("{FAE04EC0-301F-11D3-BF4B-00C04F79EFBC}") = "Yahv.Underly", "..\Solutions\Yahv.Underly\Yahv.Underly.csproj", "{15B56201-A129-4396-9431-0E5F9DA7D9F9}"
EndProject
Project("{FAE04EC0-301F-11D3-BF4B-00C04F79EFBC}") = "Yahv.Utils", "..\Solutions\Yahv.Utils\Yahv.Utils.csproj", "{870A94D5-F08E-481F-A7AE-B90B5C249882}"
EndProject
Project("{FAE04EC0-301F-11D3-BF4B-00C04F79EFBC}") = "Yahv.Web", "..\Solutions\Yahv.Web\Yahv.Web.csproj", "{0E3B1265-0A95-4777-A1F8-16E195737C5F}"
EndProject
Project("{2150E333-8FDC-42A3-9474-1A3956D46DE8}") = "Layers", "Layers", "{14529F35-ED3B-42CF-94CF-C781E6D4F65B}"
EndProject
Project("{2150E333-8FDC-42A3-9474-1A3956D46DE8}") = "Faces", "Faces", "{5481CED2-FDEB-405A-90A7-50563978B7D7}"
EndProject
Project("{2150E333-8FDC-42A3-9474-1A3956D46DE8}") = "Yahv", "Yahv", "{D868226C-8279-4055-925D-91F50BBF5C00}"
EndProject
Project("{2150E333-8FDC-42A3-9474-1A3956D46DE8}") = "Services", "Services", "{7EA2C332-FA82-44F5-A973-5DAA9CADE4BD}"
EndProject
Project("{FAE04EC0-301F-11D3-BF4B-00C04F79EFBC}") = "WebApp", "..\Yahv.Plats\WebApp\WebApp.csproj", "{434A7D32-9A53-4342-B349-EF5AF03CAA22}"
EndProject
Project("{FAE04EC0-301F-11D3-BF4B-00C04F79EFBC}") = "Yahv.Csrm.WebApp", "..\Yahv.Csrm\Yahv.Csrm.WebApp\Yahv.Csrm.WebApp.csproj", "{4E913ACB-8FB4-40E6-A1F7-CF5F6A6A39FF}"
EndProject
Project("{FAE04EC0-301F-11D3-BF4B-00C04F79EFBC}") = "YaHv.Csrm.Services", "..\Yahv.Csrm\YaHv.Csrm.Services\YaHv.Csrm.Services.csproj", "{E298CCE8-AE8D-498B-B85E-A8C47F55B8D5}"
EndProject
Project("{FAE04EC0-301F-11D3-BF4B-00C04F79EFBC}") = "Yahv.Erm.Services", "..\Yahv.Erm\Yahv.Erm.Services\Yahv.Erm.Services.csproj", "{857B1780-81AF-4135-BB8F-3931B15B241F}"
EndProject
Project("{FAE04EC0-301F-11D3-BF4B-00C04F79EFBC}") = "Yahv.Plats.Services", "..\Yahv.Plats\Yahv.Plats.Services\Yahv.Plats.Services.csproj", "{4AF7D6FE-9885-4550-8306-DA556089F37C}"
EndProject
Project("{FAE04EC0-301F-11D3-BF4B-00C04F79EFBC}") = "CnslApp", "..\Solutions\CnslApp\CnslApp.csproj", "{6740B620-9E2E-4611-9564-EFDBA901EEA9}"
EndProject
Project("{2150E333-8FDC-42A3-9474-1A3956D46DE8}") = "Tester", "Tester", "{2DB84A77-95DC-4ED4-803F-98018CF712BF}"
EndProject
Project("{FAE04EC0-301F-11D3-BF4B-00C04F79EFBC}") = "Yahv.Usually", "..\Solutions\Yahv.Usually\Yahv.Usually.csproj", "{FA84A973-FC0B-4A57-9C6A-9212392F2D1C}"
EndProject
Project("{FAE04EC0-301F-11D3-BF4B-00C04F79EFBC}") = "Yahv.Csrm.WebApi", "..\Yahv.Csrm\Yahv.Csrm.WebApi\Yahv.Csrm.WebApi.csproj", "{30641580-8FB2-46AF-BBD7-F2B9D32095A0}"
EndProject
Project("{FAE04EC0-301F-11D3-BF4B-00C04F79EFBC}") = "Yahv.Services", "..\Solutions\Yahv.Services\Yahv.Services.csproj", "{EF7C5B21-4CE2-454A-8719-70E6DADACB69}"
EndProject
Project("{FAE04EC0-301F-11D3-BF4B-00C04F79EFBC}") = "Yahv.Web.Erp", "..\Solutions\Yahv.Web.Erp\Yahv.Web.Erp.csproj", "{E5AC7ED8-2050-4F5F-BF97-BA0956448B80}"
EndProject
Project("{FAE04EC0-301F-11D3-BF4B-00C04F79EFBC}") = "Yahv.Erm.WebApi", "..\Yahv.Erm\Yahv.Erm.WebApi\Yahv.Erm.WebApi.csproj", "{9FD6EA13-229F-4476-9322-3F9CDB8FC650}"
EndProject
Project("{FAE04EC0-301F-11D3-BF4B-00C04F79EFBC}") = "WebApp", "..\Solutions\WebApp\WebApp.csproj", "{EBB7DF0B-B5B8-4EF8-ACEF-7943B3FF90C9}"
EndProject
Project("{2150E333-8FDC-42A3-9474-1A3956D46DE8}") = "Tasks", "Tasks", "{76C18A87-5E99-49F1-A863-67CB5636CCBD}"
EndProject
Project("{FAE04EC0-301F-11D3-BF4B-00C04F79EFBC}") = "Yahv.RFQ.Task", "..\Yahv.RFQ\Yahv.RFQ.Task\Yahv.RFQ.Task.csproj", "{5F5C8AEE-EAEE-4541-AD2F-8EE19F229932}"
EndProject
Project("{FAE04EC0-301F-11D3-BF4B-00C04F79EFBC}") = "Yahv.RFQ.Task.Services", "..\Yahv.RFQ\Yahv.RFQ.Task.Services\Yahv.RFQ.Task.Services.csproj", "{C7BDE43E-85FC-4FD9-B98A-7828FB7890B2}"
EndProject
Project("{00D1A9C2-B5F0-4AF3-8072-F6C62B433612}") = "Layers.SqlCLR", "..\Solutions\Layers.SqlCLR\Layers.SqlCLR.sqlproj", "{B6549998-4570-4A7C-B0E1-3EBC532C06D9}"
EndProject
Project("{FAE04EC0-301F-11D3-BF4B-00C04F79EFBC}") = "Yahv.Ring", "..\Solutions\Yahv.Ring\Yahv.Ring.csproj", "{A14CB92A-1B88-443C-998E-E0BA356C5B73}"
EndProject
Project("{FAE04EC0-301F-11D3-BF4B-00C04F79EFBC}") = "Yahv.PvWsOrder.Services", "..\Yahv.PvWsOrder\Yahv.PvWsOrder.Services\Yahv.PvWsOrder.Services.csproj", "{1579A49C-1DBF-4E41-8BA2-CE283EEF7D83}"
EndProject
Project("{FAE04EC0-301F-11D3-BF4B-00C04F79EFBC}") = "Yahv.Erm.WebApp", "..\Yahv.Erm\Yahv.Erm.WebApp\Yahv.Erm.WebApp.csproj", "{5C5B85A9-875A-4DDD-BA41-43BCAA6B313C}"
EndProject
Project("{FAE04EC0-301F-11D3-BF4B-00C04F79EFBC}") = "YaHv.PvData.Services", "..\Yahv.PvData\YaHv.PvData.Services\YaHv.PvData.Services.csproj", "{7D9013AD-66B9-414B-9962-622D4D04D4C0}"
EndProject
Project("{FAE04EC0-301F-11D3-BF4B-00C04F79EFBC}") = "Yahv.Payments", "..\Yahv.Csrm\Yahv.Payments\Yahv.Payments.csproj", "{66924E27-72E9-4C5A-8CF3-220DE6519A1F}"
EndProject
Project("{FAE04EC0-301F-11D3-BF4B-00C04F79EFBC}") = "Yahv.Pays.WebApp", "..\Yahv.Pays\Yahv.Pays.WebApp\Yahv.Pays.WebApp.csproj", "{D3009FD5-5A34-4814-885C-6DC1875ED93B}"
EndProject
Project("{FAE04EC0-301F-11D3-BF4B-00C04F79EFBC}") = "WinApp.Services", "..\Yahv.PfWms\WinApp.Services\WinApp.Services.csproj", "{E69DB94A-C243-4FA6-BB60-FBDFF13E8AC2}"
EndProject
Project("{FAE04EC0-301F-11D3-BF4B-00C04F79EFBC}") = "Wms.Services", "..\Yahv.PfWms\Wms.Services\Wms.Services.csproj", "{8F913776-B639-48AD-AAFA-BC415A2BF8CD}"
EndProject
Project("{FAE04EC0-301F-11D3-BF4B-00C04F79EFBC}") = "WebApp.Services", "..\Yahv.PfWms\WebApp.Services\WebApp.Services.csproj", "{F609AB1D-EEBE-424F-9C3E-19C3473E6797}"
EndProject
Project("{FAE04EC0-301F-11D3-BF4B-00C04F79EFBC}") = "Kdn.Library", "..\Yahv.PfWms\Kdn.Library\Kdn.Library.csproj", "{01D3F40D-1B6E-487B-B97C-75146230EC61}"
EndProject
Project("{2150E333-8FDC-42A3-9474-1A3956D46DE8}") = "Temps", "Temps", "{DD086405-B7EE-41C8-8C2E-2FF3B47BBA38}"
EndProject
Project("{FAE04EC0-301F-11D3-BF4B-00C04F79EFBC}") = "YaHv.DyjData.Services", "..\Yahv.PvData\YaHv.DyjData.Services\YaHv.DyjData.Services.csproj", "{9C761041-C632-408B-BD8B-97DC30A14457}"
EndProject
Project("{FAE04EC0-301F-11D3-BF4B-00C04F79EFBC}") = "Yahv.RFQ.Services", "..\Yahv.RFQ-20200107\Yahv.RFQ.Services\Yahv.RFQ.Services.csproj", "{8FDE66E7-F089-4246-AADD-84A15A37524B}"
EndProject
Project("{FAE04EC0-301F-11D3-BF4B-00C04F79EFBC}") = "Yahv.Finance.WebApp", "..\Yahv.Finance\Yahv.Finance.WebApp\Yahv.Finance.WebApp.csproj", "{5B06E901-EFCB-4241-9FA2-2CF588997DDD}"
EndProject
Project("{FAE04EC0-301F-11D3-BF4B-00C04F79EFBC}") = "Yahv.Finance.Services", "..\Yahv.Finance\Yahv.Finance.Services\Yahv.Finance.Services.csproj", "{956F44E6-AD74-497D-877D-64912DBEDF97}"
EndProject
Project("{FAE04EC0-301F-11D3-BF4B-00C04F79EFBC}") = "Yahv.Finance.WebApi", "..\Yahv.Finance\Yahv.Finance.WebApi\Yahv.Finance.WebApi.csproj", "{341705CC-2E38-4E9C-894B-F1ECF7DC8EC3}"
EndProject
Project("{FAE04EC0-301F-11D3-BF4B-00C04F79EFBC}") = "Yahv.PvRoute.Services", "..\Yahv.PvRoute\Yahv.PvRoute.Services\Yahv.PvRoute.Services.csproj", "{2406CA64-EF18-455E-AFE4-91CC916CB3C5}"
EndProject
Project("{FAE04EC0-301F-11D3-BF4B-00C04F79EFBC}") = "kyeSDK", "..\Yahv.PfWms\kyeSDK\kyeSDK.csproj", "{4F238C8E-CFEA-4606-BF3A-53DB4C28AA1F}"
EndProject
Project("{FAE04EC0-301F-11D3-BF4B-00C04F79EFBC}") = "Yahv.CrmPlus.Service", "..\Yahv.CrmPlus-20210402\Yahv.CrmPlus.Service\Yahv.CrmPlus.Service.csproj", "{96CA58BB-9453-4BB5-92FD-907DE92A0DDD}"
EndProject
Project("{FAE04EC0-301F-11D3-BF4B-00C04F79EFBC}") = "Yahv.PvData.WebApi", "..\Yahv.PvData\Yahv.PvData.WebApi\Yahv.PvData.WebApi.csproj", "{4F269BB4-4E5B-4035-850F-46D47FBA3B1E}"
EndProject
Project("{FAE04EC0-301F-11D3-BF4B-00C04F79EFBC}") = "Yahv.CrmPlus.WebApi", "..\Yahv.CrmPlus-20210402\Yahv.CrmPlus.WebApi\Yahv.CrmPlus.WebApi.csproj", "{0C46A99B-39E6-4DF8-BC37-CB2E1292701A}"
EndProject
Project("{FAE04EC0-301F-11D3-BF4B-00C04F79EFBC}") = "Shared.CrmPlus.Services", "..\Yahv.CrmPlus-20210402\Shared.CrmPlus.Services\Shared.CrmPlus.Services.csproj", "{9B6367B1-83D1-4963-8415-DE4864EC37B7}"
EndProject
Global
	GlobalSection(SolutionConfigurationPlatforms) = preSolution
		Debug|Any CPU = Debug|Any CPU
		Release|Any CPU = Release|Any CPU
	EndGlobalSection
	GlobalSection(ProjectConfigurationPlatforms) = postSolution
		{FA90F834-9065-44C2-8E4B-81C0EF4258A2}.Debug|Any CPU.ActiveCfg = Debug|Any CPU
		{FA90F834-9065-44C2-8E4B-81C0EF4258A2}.Debug|Any CPU.Build.0 = Debug|Any CPU
		{FA90F834-9065-44C2-8E4B-81C0EF4258A2}.Release|Any CPU.ActiveCfg = Release|Any CPU
		{FA90F834-9065-44C2-8E4B-81C0EF4258A2}.Release|Any CPU.Build.0 = Release|Any CPU
		{FED16B15-565B-4ED6-A876-2146EB16B011}.Debug|Any CPU.ActiveCfg = Debug|Any CPU
		{FED16B15-565B-4ED6-A876-2146EB16B011}.Debug|Any CPU.Build.0 = Debug|Any CPU
		{FED16B15-565B-4ED6-A876-2146EB16B011}.Release|Any CPU.ActiveCfg = Release|Any CPU
		{FED16B15-565B-4ED6-A876-2146EB16B011}.Release|Any CPU.Build.0 = Release|Any CPU
		{56C33683-CE9A-4CC5-9CEF-92E03BC8F739}.Debug|Any CPU.ActiveCfg = Debug|Any CPU
		{56C33683-CE9A-4CC5-9CEF-92E03BC8F739}.Debug|Any CPU.Build.0 = Debug|Any CPU
		{56C33683-CE9A-4CC5-9CEF-92E03BC8F739}.Release|Any CPU.ActiveCfg = Release|Any CPU
		{56C33683-CE9A-4CC5-9CEF-92E03BC8F739}.Release|Any CPU.Build.0 = Release|Any CPU
		{E371A432-F338-4851-AD70-63A1031A2645}.Debug|Any CPU.ActiveCfg = Debug|Any CPU
		{E371A432-F338-4851-AD70-63A1031A2645}.Debug|Any CPU.Build.0 = Debug|Any CPU
		{E371A432-F338-4851-AD70-63A1031A2645}.Release|Any CPU.ActiveCfg = Release|Any CPU
		{E371A432-F338-4851-AD70-63A1031A2645}.Release|Any CPU.Build.0 = Release|Any CPU
		{C8C572DF-2BBA-4483-B332-2652805AEF87}.Debug|Any CPU.ActiveCfg = Debug|Any CPU
		{C8C572DF-2BBA-4483-B332-2652805AEF87}.Debug|Any CPU.Build.0 = Debug|Any CPU
		{C8C572DF-2BBA-4483-B332-2652805AEF87}.Release|Any CPU.ActiveCfg = Release|Any CPU
		{C8C572DF-2BBA-4483-B332-2652805AEF87}.Release|Any CPU.Build.0 = Release|Any CPU
		{1DDF4A9B-D19A-4D3E-9575-0247975320C8}.Debug|Any CPU.ActiveCfg = Debug|Any CPU
		{1DDF4A9B-D19A-4D3E-9575-0247975320C8}.Debug|Any CPU.Build.0 = Debug|Any CPU
		{1DDF4A9B-D19A-4D3E-9575-0247975320C8}.Release|Any CPU.ActiveCfg = Release|Any CPU
		{1DDF4A9B-D19A-4D3E-9575-0247975320C8}.Release|Any CPU.Build.0 = Release|Any CPU
		{15B56201-A129-4396-9431-0E5F9DA7D9F9}.Debug|Any CPU.ActiveCfg = Debug|Any CPU
		{15B56201-A129-4396-9431-0E5F9DA7D9F9}.Debug|Any CPU.Build.0 = Debug|Any CPU
		{15B56201-A129-4396-9431-0E5F9DA7D9F9}.Release|Any CPU.ActiveCfg = Release|Any CPU
		{15B56201-A129-4396-9431-0E5F9DA7D9F9}.Release|Any CPU.Build.0 = Release|Any CPU
		{870A94D5-F08E-481F-A7AE-B90B5C249882}.Debug|Any CPU.ActiveCfg = Debug|Any CPU
		{870A94D5-F08E-481F-A7AE-B90B5C249882}.Debug|Any CPU.Build.0 = Debug|Any CPU
		{870A94D5-F08E-481F-A7AE-B90B5C249882}.Release|Any CPU.ActiveCfg = Release|Any CPU
		{870A94D5-F08E-481F-A7AE-B90B5C249882}.Release|Any CPU.Build.0 = Release|Any CPU
		{0E3B1265-0A95-4777-A1F8-16E195737C5F}.Debug|Any CPU.ActiveCfg = Debug|Any CPU
		{0E3B1265-0A95-4777-A1F8-16E195737C5F}.Debug|Any CPU.Build.0 = Debug|Any CPU
		{0E3B1265-0A95-4777-A1F8-16E195737C5F}.Release|Any CPU.ActiveCfg = Release|Any CPU
		{0E3B1265-0A95-4777-A1F8-16E195737C5F}.Release|Any CPU.Build.0 = Release|Any CPU
		{434A7D32-9A53-4342-B349-EF5AF03CAA22}.Debug|Any CPU.ActiveCfg = Debug|Any CPU
		{434A7D32-9A53-4342-B349-EF5AF03CAA22}.Debug|Any CPU.Build.0 = Debug|Any CPU
		{434A7D32-9A53-4342-B349-EF5AF03CAA22}.Release|Any CPU.ActiveCfg = Release|Any CPU
		{434A7D32-9A53-4342-B349-EF5AF03CAA22}.Release|Any CPU.Build.0 = Release|Any CPU
		{4E913ACB-8FB4-40E6-A1F7-CF5F6A6A39FF}.Debug|Any CPU.ActiveCfg = Debug|Any CPU
		{4E913ACB-8FB4-40E6-A1F7-CF5F6A6A39FF}.Debug|Any CPU.Build.0 = Debug|Any CPU
		{4E913ACB-8FB4-40E6-A1F7-CF5F6A6A39FF}.Release|Any CPU.ActiveCfg = Release|Any CPU
		{4E913ACB-8FB4-40E6-A1F7-CF5F6A6A39FF}.Release|Any CPU.Build.0 = Release|Any CPU
		{E298CCE8-AE8D-498B-B85E-A8C47F55B8D5}.Debug|Any CPU.ActiveCfg = Debug|Any CPU
		{E298CCE8-AE8D-498B-B85E-A8C47F55B8D5}.Debug|Any CPU.Build.0 = Debug|Any CPU
		{E298CCE8-AE8D-498B-B85E-A8C47F55B8D5}.Release|Any CPU.ActiveCfg = Release|Any CPU
		{E298CCE8-AE8D-498B-B85E-A8C47F55B8D5}.Release|Any CPU.Build.0 = Release|Any CPU
		{857B1780-81AF-4135-BB8F-3931B15B241F}.Debug|Any CPU.ActiveCfg = Debug|Any CPU
		{857B1780-81AF-4135-BB8F-3931B15B241F}.Debug|Any CPU.Build.0 = Debug|Any CPU
		{857B1780-81AF-4135-BB8F-3931B15B241F}.Release|Any CPU.ActiveCfg = Release|Any CPU
		{857B1780-81AF-4135-BB8F-3931B15B241F}.Release|Any CPU.Build.0 = Release|Any CPU
		{4AF7D6FE-9885-4550-8306-DA556089F37C}.Debug|Any CPU.ActiveCfg = Debug|Any CPU
		{4AF7D6FE-9885-4550-8306-DA556089F37C}.Debug|Any CPU.Build.0 = Debug|Any CPU
		{4AF7D6FE-9885-4550-8306-DA556089F37C}.Release|Any CPU.ActiveCfg = Release|Any CPU
		{4AF7D6FE-9885-4550-8306-DA556089F37C}.Release|Any CPU.Build.0 = Release|Any CPU
		{6740B620-9E2E-4611-9564-EFDBA901EEA9}.Debug|Any CPU.ActiveCfg = Debug|Any CPU
		{6740B620-9E2E-4611-9564-EFDBA901EEA9}.Debug|Any CPU.Build.0 = Debug|Any CPU
		{6740B620-9E2E-4611-9564-EFDBA901EEA9}.Release|Any CPU.ActiveCfg = Release|Any CPU
		{6740B620-9E2E-4611-9564-EFDBA901EEA9}.Release|Any CPU.Build.0 = Release|Any CPU
		{FA84A973-FC0B-4A57-9C6A-9212392F2D1C}.Debug|Any CPU.ActiveCfg = Debug|Any CPU
		{FA84A973-FC0B-4A57-9C6A-9212392F2D1C}.Debug|Any CPU.Build.0 = Debug|Any CPU
		{FA84A973-FC0B-4A57-9C6A-9212392F2D1C}.Release|Any CPU.ActiveCfg = Release|Any CPU
		{FA84A973-FC0B-4A57-9C6A-9212392F2D1C}.Release|Any CPU.Build.0 = Release|Any CPU
		{30641580-8FB2-46AF-BBD7-F2B9D32095A0}.Debug|Any CPU.ActiveCfg = Debug|Any CPU
		{30641580-8FB2-46AF-BBD7-F2B9D32095A0}.Debug|Any CPU.Build.0 = Debug|Any CPU
		{30641580-8FB2-46AF-BBD7-F2B9D32095A0}.Release|Any CPU.ActiveCfg = Release|Any CPU
		{30641580-8FB2-46AF-BBD7-F2B9D32095A0}.Release|Any CPU.Build.0 = Release|Any CPU
		{EF7C5B21-4CE2-454A-8719-70E6DADACB69}.Debug|Any CPU.ActiveCfg = Debug|Any CPU
		{EF7C5B21-4CE2-454A-8719-70E6DADACB69}.Debug|Any CPU.Build.0 = Debug|Any CPU
		{EF7C5B21-4CE2-454A-8719-70E6DADACB69}.Release|Any CPU.ActiveCfg = Release|Any CPU
		{EF7C5B21-4CE2-454A-8719-70E6DADACB69}.Release|Any CPU.Build.0 = Release|Any CPU
		{E5AC7ED8-2050-4F5F-BF97-BA0956448B80}.Debug|Any CPU.ActiveCfg = Debug|Any CPU
		{E5AC7ED8-2050-4F5F-BF97-BA0956448B80}.Debug|Any CPU.Build.0 = Debug|Any CPU
		{E5AC7ED8-2050-4F5F-BF97-BA0956448B80}.Release|Any CPU.ActiveCfg = Release|Any CPU
		{E5AC7ED8-2050-4F5F-BF97-BA0956448B80}.Release|Any CPU.Build.0 = Release|Any CPU
		{9FD6EA13-229F-4476-9322-3F9CDB8FC650}.Debug|Any CPU.ActiveCfg = Debug|Any CPU
		{9FD6EA13-229F-4476-9322-3F9CDB8FC650}.Debug|Any CPU.Build.0 = Debug|Any CPU
		{9FD6EA13-229F-4476-9322-3F9CDB8FC650}.Release|Any CPU.ActiveCfg = Release|Any CPU
		{9FD6EA13-229F-4476-9322-3F9CDB8FC650}.Release|Any CPU.Build.0 = Release|Any CPU
		{EBB7DF0B-B5B8-4EF8-ACEF-7943B3FF90C9}.Debug|Any CPU.ActiveCfg = Debug|Any CPU
		{EBB7DF0B-B5B8-4EF8-ACEF-7943B3FF90C9}.Debug|Any CPU.Build.0 = Debug|Any CPU
		{EBB7DF0B-B5B8-4EF8-ACEF-7943B3FF90C9}.Release|Any CPU.ActiveCfg = Release|Any CPU
		{EBB7DF0B-B5B8-4EF8-ACEF-7943B3FF90C9}.Release|Any CPU.Build.0 = Release|Any CPU
		{5F5C8AEE-EAEE-4541-AD2F-8EE19F229932}.Debug|Any CPU.ActiveCfg = Debug|Any CPU
		{5F5C8AEE-EAEE-4541-AD2F-8EE19F229932}.Debug|Any CPU.Build.0 = Debug|Any CPU
		{5F5C8AEE-EAEE-4541-AD2F-8EE19F229932}.Release|Any CPU.ActiveCfg = Release|Any CPU
		{5F5C8AEE-EAEE-4541-AD2F-8EE19F229932}.Release|Any CPU.Build.0 = Release|Any CPU
		{C7BDE43E-85FC-4FD9-B98A-7828FB7890B2}.Debug|Any CPU.ActiveCfg = Debug|Any CPU
		{C7BDE43E-85FC-4FD9-B98A-7828FB7890B2}.Debug|Any CPU.Build.0 = Debug|Any CPU
		{C7BDE43E-85FC-4FD9-B98A-7828FB7890B2}.Release|Any CPU.ActiveCfg = Release|Any CPU
		{C7BDE43E-85FC-4FD9-B98A-7828FB7890B2}.Release|Any CPU.Build.0 = Release|Any CPU
		{B6549998-4570-4A7C-B0E1-3EBC532C06D9}.Debug|Any CPU.ActiveCfg = Debug|Any CPU
		{B6549998-4570-4A7C-B0E1-3EBC532C06D9}.Debug|Any CPU.Build.0 = Debug|Any CPU
		{B6549998-4570-4A7C-B0E1-3EBC532C06D9}.Debug|Any CPU.Deploy.0 = Debug|Any CPU
		{B6549998-4570-4A7C-B0E1-3EBC532C06D9}.Release|Any CPU.ActiveCfg = Release|Any CPU
		{B6549998-4570-4A7C-B0E1-3EBC532C06D9}.Release|Any CPU.Build.0 = Release|Any CPU
		{B6549998-4570-4A7C-B0E1-3EBC532C06D9}.Release|Any CPU.Deploy.0 = Release|Any CPU
		{A14CB92A-1B88-443C-998E-E0BA356C5B73}.Debug|Any CPU.ActiveCfg = Debug|Any CPU
		{A14CB92A-1B88-443C-998E-E0BA356C5B73}.Debug|Any CPU.Build.0 = Debug|Any CPU
		{A14CB92A-1B88-443C-998E-E0BA356C5B73}.Release|Any CPU.ActiveCfg = Release|Any CPU
		{A14CB92A-1B88-443C-998E-E0BA356C5B73}.Release|Any CPU.Build.0 = Release|Any CPU
		{1579A49C-1DBF-4E41-8BA2-CE283EEF7D83}.Debug|Any CPU.ActiveCfg = Debug|Any CPU
		{1579A49C-1DBF-4E41-8BA2-CE283EEF7D83}.Debug|Any CPU.Build.0 = Debug|Any CPU
		{1579A49C-1DBF-4E41-8BA2-CE283EEF7D83}.Release|Any CPU.ActiveCfg = Release|Any CPU
		{1579A49C-1DBF-4E41-8BA2-CE283EEF7D83}.Release|Any CPU.Build.0 = Release|Any CPU
		{5C5B85A9-875A-4DDD-BA41-43BCAA6B313C}.Debug|Any CPU.ActiveCfg = Debug|Any CPU
		{5C5B85A9-875A-4DDD-BA41-43BCAA6B313C}.Debug|Any CPU.Build.0 = Debug|Any CPU
		{5C5B85A9-875A-4DDD-BA41-43BCAA6B313C}.Release|Any CPU.ActiveCfg = Release|Any CPU
		{5C5B85A9-875A-4DDD-BA41-43BCAA6B313C}.Release|Any CPU.Build.0 = Release|Any CPU
		{7D9013AD-66B9-414B-9962-622D4D04D4C0}.Debug|Any CPU.ActiveCfg = Debug|Any CPU
		{7D9013AD-66B9-414B-9962-622D4D04D4C0}.Debug|Any CPU.Build.0 = Debug|Any CPU
		{7D9013AD-66B9-414B-9962-622D4D04D4C0}.Release|Any CPU.ActiveCfg = Release|Any CPU
		{7D9013AD-66B9-414B-9962-622D4D04D4C0}.Release|Any CPU.Build.0 = Release|Any CPU
		{66924E27-72E9-4C5A-8CF3-220DE6519A1F}.Debug|Any CPU.ActiveCfg = Debug|Any CPU
		{66924E27-72E9-4C5A-8CF3-220DE6519A1F}.Debug|Any CPU.Build.0 = Debug|Any CPU
		{66924E27-72E9-4C5A-8CF3-220DE6519A1F}.Release|Any CPU.ActiveCfg = Release|Any CPU
		{66924E27-72E9-4C5A-8CF3-220DE6519A1F}.Release|Any CPU.Build.0 = Release|Any CPU
		{D3009FD5-5A34-4814-885C-6DC1875ED93B}.Debug|Any CPU.ActiveCfg = Debug|Any CPU
		{D3009FD5-5A34-4814-885C-6DC1875ED93B}.Debug|Any CPU.Build.0 = Debug|Any CPU
		{D3009FD5-5A34-4814-885C-6DC1875ED93B}.Release|Any CPU.ActiveCfg = Release|Any CPU
		{D3009FD5-5A34-4814-885C-6DC1875ED93B}.Release|Any CPU.Build.0 = Release|Any CPU
		{E69DB94A-C243-4FA6-BB60-FBDFF13E8AC2}.Debug|Any CPU.ActiveCfg = Debug|Any CPU
		{E69DB94A-C243-4FA6-BB60-FBDFF13E8AC2}.Debug|Any CPU.Build.0 = Debug|Any CPU
		{E69DB94A-C243-4FA6-BB60-FBDFF13E8AC2}.Release|Any CPU.ActiveCfg = Release|Any CPU
		{E69DB94A-C243-4FA6-BB60-FBDFF13E8AC2}.Release|Any CPU.Build.0 = Release|Any CPU
		{8F913776-B639-48AD-AAFA-BC415A2BF8CD}.Debug|Any CPU.ActiveCfg = Debug|Any CPU
		{8F913776-B639-48AD-AAFA-BC415A2BF8CD}.Debug|Any CPU.Build.0 = Debug|Any CPU
		{8F913776-B639-48AD-AAFA-BC415A2BF8CD}.Release|Any CPU.ActiveCfg = Release|Any CPU
		{8F913776-B639-48AD-AAFA-BC415A2BF8CD}.Release|Any CPU.Build.0 = Release|Any CPU
		{F609AB1D-EEBE-424F-9C3E-19C3473E6797}.Debug|Any CPU.ActiveCfg = Debug|Any CPU
		{F609AB1D-EEBE-424F-9C3E-19C3473E6797}.Debug|Any CPU.Build.0 = Debug|Any CPU
		{F609AB1D-EEBE-424F-9C3E-19C3473E6797}.Release|Any CPU.ActiveCfg = Release|Any CPU
		{F609AB1D-EEBE-424F-9C3E-19C3473E6797}.Release|Any CPU.Build.0 = Release|Any CPU
		{01D3F40D-1B6E-487B-B97C-75146230EC61}.Debug|Any CPU.ActiveCfg = Debug|Any CPU
		{01D3F40D-1B6E-487B-B97C-75146230EC61}.Debug|Any CPU.Build.0 = Debug|Any CPU
		{01D3F40D-1B6E-487B-B97C-75146230EC61}.Release|Any CPU.ActiveCfg = Release|Any CPU
		{01D3F40D-1B6E-487B-B97C-75146230EC61}.Release|Any CPU.Build.0 = Release|Any CPU
		{9C761041-C632-408B-BD8B-97DC30A14457}.Debug|Any CPU.ActiveCfg = Debug|Any CPU
		{9C761041-C632-408B-BD8B-97DC30A14457}.Debug|Any CPU.Build.0 = Debug|Any CPU
		{9C761041-C632-408B-BD8B-97DC30A14457}.Release|Any CPU.ActiveCfg = Release|Any CPU
		{9C761041-C632-408B-BD8B-97DC30A14457}.Release|Any CPU.Build.0 = Release|Any CPU
		{8FDE66E7-F089-4246-AADD-84A15A37524B}.Debug|Any CPU.ActiveCfg = Debug|Any CPU
		{8FDE66E7-F089-4246-AADD-84A15A37524B}.Debug|Any CPU.Build.0 = Debug|Any CPU
		{8FDE66E7-F089-4246-AADD-84A15A37524B}.Release|Any CPU.ActiveCfg = Release|Any CPU
		{8FDE66E7-F089-4246-AADD-84A15A37524B}.Release|Any CPU.Build.0 = Release|Any CPU
		{5B06E901-EFCB-4241-9FA2-2CF588997DDD}.Debug|Any CPU.ActiveCfg = Debug|Any CPU
		{5B06E901-EFCB-4241-9FA2-2CF588997DDD}.Debug|Any CPU.Build.0 = Debug|Any CPU
		{5B06E901-EFCB-4241-9FA2-2CF588997DDD}.Release|Any CPU.ActiveCfg = Release|Any CPU
		{5B06E901-EFCB-4241-9FA2-2CF588997DDD}.Release|Any CPU.Build.0 = Release|Any CPU
		{956F44E6-AD74-497D-877D-64912DBEDF97}.Debug|Any CPU.ActiveCfg = Debug|Any CPU
		{956F44E6-AD74-497D-877D-64912DBEDF97}.Debug|Any CPU.Build.0 = Debug|Any CPU
		{956F44E6-AD74-497D-877D-64912DBEDF97}.Release|Any CPU.ActiveCfg = Release|Any CPU
		{956F44E6-AD74-497D-877D-64912DBEDF97}.Release|Any CPU.Build.0 = Release|Any CPU
		{341705CC-2E38-4E9C-894B-F1ECF7DC8EC3}.Debug|Any CPU.ActiveCfg = Debug|Any CPU
		{341705CC-2E38-4E9C-894B-F1ECF7DC8EC3}.Debug|Any CPU.Build.0 = Debug|Any CPU
		{341705CC-2E38-4E9C-894B-F1ECF7DC8EC3}.Release|Any CPU.ActiveCfg = Release|Any CPU
		{341705CC-2E38-4E9C-894B-F1ECF7DC8EC3}.Release|Any CPU.Build.0 = Release|Any CPU
		{2406CA64-EF18-455E-AFE4-91CC916CB3C5}.Debug|Any CPU.ActiveCfg = Debug|Any CPU
		{2406CA64-EF18-455E-AFE4-91CC916CB3C5}.Debug|Any CPU.Build.0 = Debug|Any CPU
		{2406CA64-EF18-455E-AFE4-91CC916CB3C5}.Release|Any CPU.ActiveCfg = Release|Any CPU
		{2406CA64-EF18-455E-AFE4-91CC916CB3C5}.Release|Any CPU.Build.0 = Release|Any CPU
		{4F238C8E-CFEA-4606-BF3A-53DB4C28AA1F}.Debug|Any CPU.ActiveCfg = Debug|Any CPU
		{4F238C8E-CFEA-4606-BF3A-53DB4C28AA1F}.Debug|Any CPU.Build.0 = Debug|Any CPU
		{4F238C8E-CFEA-4606-BF3A-53DB4C28AA1F}.Release|Any CPU.ActiveCfg = Release|Any CPU
		{4F238C8E-CFEA-4606-BF3A-53DB4C28AA1F}.Release|Any CPU.Build.0 = Release|Any CPU
		{96CA58BB-9453-4BB5-92FD-907DE92A0DDD}.Debug|Any CPU.ActiveCfg = Debug|Any CPU
		{96CA58BB-9453-4BB5-92FD-907DE92A0DDD}.Debug|Any CPU.Build.0 = Debug|Any CPU
		{96CA58BB-9453-4BB5-92FD-907DE92A0DDD}.Release|Any CPU.ActiveCfg = Release|Any CPU
		{96CA58BB-9453-4BB5-92FD-907DE92A0DDD}.Release|Any CPU.Build.0 = Release|Any CPU
		{4F269BB4-4E5B-4035-850F-46D47FBA3B1E}.Debug|Any CPU.ActiveCfg = Debug|Any CPU
		{4F269BB4-4E5B-4035-850F-46D47FBA3B1E}.Debug|Any CPU.Build.0 = Debug|Any CPU
		{4F269BB4-4E5B-4035-850F-46D47FBA3B1E}.Release|Any CPU.ActiveCfg = Release|Any CPU
		{4F269BB4-4E5B-4035-850F-46D47FBA3B1E}.Release|Any CPU.Build.0 = Release|Any CPU
		{0C46A99B-39E6-4DF8-BC37-CB2E1292701A}.Debug|Any CPU.ActiveCfg = Debug|Any CPU
		{0C46A99B-39E6-4DF8-BC37-CB2E1292701A}.Debug|Any CPU.Build.0 = Debug|Any CPU
		{0C46A99B-39E6-4DF8-BC37-CB2E1292701A}.Release|Any CPU.ActiveCfg = Release|Any CPU
		{0C46A99B-39E6-4DF8-BC37-CB2E1292701A}.Release|Any CPU.Build.0 = Release|Any CPU
		{9B6367B1-83D1-4963-8415-DE4864EC37B7}.Debug|Any CPU.ActiveCfg = Debug|Any CPU
		{9B6367B1-83D1-4963-8415-DE4864EC37B7}.Debug|Any CPU.Build.0 = Debug|Any CPU
		{9B6367B1-83D1-4963-8415-DE4864EC37B7}.Release|Any CPU.ActiveCfg = Release|Any CPU
		{9B6367B1-83D1-4963-8415-DE4864EC37B7}.Release|Any CPU.Build.0 = Release|Any CPU
	EndGlobalSection
	GlobalSection(SolutionProperties) = preSolution
		HideSolutionNode = FALSE
	EndGlobalSection
	GlobalSection(NestedProjects) = preSolution
		{FA90F834-9065-44C2-8E4B-81C0EF4258A2} = {5481CED2-FDEB-405A-90A7-50563978B7D7}
		{FED16B15-565B-4ED6-A876-2146EB16B011} = {14529F35-ED3B-42CF-94CF-C781E6D4F65B}
		{56C33683-CE9A-4CC5-9CEF-92E03BC8F739} = {14529F35-ED3B-42CF-94CF-C781E6D4F65B}
		{E371A432-F338-4851-AD70-63A1031A2645} = {D868226C-8279-4055-925D-91F50BBF5C00}
		{C8C572DF-2BBA-4483-B332-2652805AEF87} = {D868226C-8279-4055-925D-91F50BBF5C00}
		{1DDF4A9B-D19A-4D3E-9575-0247975320C8} = {D868226C-8279-4055-925D-91F50BBF5C00}
		{15B56201-A129-4396-9431-0E5F9DA7D9F9} = {D868226C-8279-4055-925D-91F50BBF5C00}
		{870A94D5-F08E-481F-A7AE-B90B5C249882} = {D868226C-8279-4055-925D-91F50BBF5C00}
		{0E3B1265-0A95-4777-A1F8-16E195737C5F} = {D868226C-8279-4055-925D-91F50BBF5C00}
		{434A7D32-9A53-4342-B349-EF5AF03CAA22} = {5481CED2-FDEB-405A-90A7-50563978B7D7}
		{4E913ACB-8FB4-40E6-A1F7-CF5F6A6A39FF} = {5481CED2-FDEB-405A-90A7-50563978B7D7}
		{E298CCE8-AE8D-498B-B85E-A8C47F55B8D5} = {7EA2C332-FA82-44F5-A973-5DAA9CADE4BD}
		{857B1780-81AF-4135-BB8F-3931B15B241F} = {7EA2C332-FA82-44F5-A973-5DAA9CADE4BD}
		{4AF7D6FE-9885-4550-8306-DA556089F37C} = {7EA2C332-FA82-44F5-A973-5DAA9CADE4BD}
		{6740B620-9E2E-4611-9564-EFDBA901EEA9} = {2DB84A77-95DC-4ED4-803F-98018CF712BF}
		{FA84A973-FC0B-4A57-9C6A-9212392F2D1C} = {D868226C-8279-4055-925D-91F50BBF5C00}
		{30641580-8FB2-46AF-BBD7-F2B9D32095A0} = {5481CED2-FDEB-405A-90A7-50563978B7D7}
		{EF7C5B21-4CE2-454A-8719-70E6DADACB69} = {7EA2C332-FA82-44F5-A973-5DAA9CADE4BD}
		{E5AC7ED8-2050-4F5F-BF97-BA0956448B80} = {D868226C-8279-4055-925D-91F50BBF5C00}
		{9FD6EA13-229F-4476-9322-3F9CDB8FC650} = {5481CED2-FDEB-405A-90A7-50563978B7D7}
		{EBB7DF0B-B5B8-4EF8-ACEF-7943B3FF90C9} = {2DB84A77-95DC-4ED4-803F-98018CF712BF}
		{5F5C8AEE-EAEE-4541-AD2F-8EE19F229932} = {76C18A87-5E99-49F1-A863-67CB5636CCBD}
		{C7BDE43E-85FC-4FD9-B98A-7828FB7890B2} = {76C18A87-5E99-49F1-A863-67CB5636CCBD}
		{B6549998-4570-4A7C-B0E1-3EBC532C06D9} = {14529F35-ED3B-42CF-94CF-C781E6D4F65B}
		{A14CB92A-1B88-443C-998E-E0BA356C5B73} = {D868226C-8279-4055-925D-91F50BBF5C00}
		{1579A49C-1DBF-4E41-8BA2-CE283EEF7D83} = {7EA2C332-FA82-44F5-A973-5DAA9CADE4BD}
		{5C5B85A9-875A-4DDD-BA41-43BCAA6B313C} = {5481CED2-FDEB-405A-90A7-50563978B7D7}
		{7D9013AD-66B9-414B-9962-622D4D04D4C0} = {7EA2C332-FA82-44F5-A973-5DAA9CADE4BD}
		{66924E27-72E9-4C5A-8CF3-220DE6519A1F} = {7EA2C332-FA82-44F5-A973-5DAA9CADE4BD}
		{D3009FD5-5A34-4814-885C-6DC1875ED93B} = {5481CED2-FDEB-405A-90A7-50563978B7D7}
		{E69DB94A-C243-4FA6-BB60-FBDFF13E8AC2} = {7EA2C332-FA82-44F5-A973-5DAA9CADE4BD}
		{8F913776-B639-48AD-AAFA-BC415A2BF8CD} = {7EA2C332-FA82-44F5-A973-5DAA9CADE4BD}
		{F609AB1D-EEBE-424F-9C3E-19C3473E6797} = {7EA2C332-FA82-44F5-A973-5DAA9CADE4BD}
		{01D3F40D-1B6E-487B-B97C-75146230EC61} = {7EA2C332-FA82-44F5-A973-5DAA9CADE4BD}
		{DD086405-B7EE-41C8-8C2E-2FF3B47BBA38} = {7EA2C332-FA82-44F5-A973-5DAA9CADE4BD}
		{9C761041-C632-408B-BD8B-97DC30A14457} = {DD086405-B7EE-41C8-8C2E-2FF3B47BBA38}
		{8FDE66E7-F089-4246-AADD-84A15A37524B} = {7EA2C332-FA82-44F5-A973-5DAA9CADE4BD}
		{5B06E901-EFCB-4241-9FA2-2CF588997DDD} = {5481CED2-FDEB-405A-90A7-50563978B7D7}
		{956F44E6-AD74-497D-877D-64912DBEDF97} = {7EA2C332-FA82-44F5-A973-5DAA9CADE4BD}
		{341705CC-2E38-4E9C-894B-F1ECF7DC8EC3} = {5481CED2-FDEB-405A-90A7-50563978B7D7}
		{2406CA64-EF18-455E-AFE4-91CC916CB3C5} = {7EA2C332-FA82-44F5-A973-5DAA9CADE4BD}
		{4F238C8E-CFEA-4606-BF3A-53DB4C28AA1F} = {7EA2C332-FA82-44F5-A973-5DAA9CADE4BD}
		{96CA58BB-9453-4BB5-92FD-907DE92A0DDD} = {7EA2C332-FA82-44F5-A973-5DAA9CADE4BD}
		{4F269BB4-4E5B-4035-850F-46D47FBA3B1E} = {5481CED2-FDEB-405A-90A7-50563978B7D7}
		{0C46A99B-39E6-4DF8-BC37-CB2E1292701A} = {5481CED2-FDEB-405A-90A7-50563978B7D7}
		{9B6367B1-83D1-4963-8415-DE4864EC37B7} = {7EA2C332-FA82-44F5-A973-5DAA9CADE4BD}
	EndGlobalSection
	GlobalSection(ExtensibilityGlobals) = postSolution
		SolutionGuid = {963CD57D-8F97-46D5-9286-A459786EA0E3}
	EndGlobalSection
	GlobalSection(TeamFoundationVersionControl) = preSolution
		SccNumberOfProjects = 46
		SccEnterpriseProvider = {4CA58AB2-18FA-4F8D-95D4-32DDF27D184C}
		SccTeamFoundationServer = http://192.168.80.32:8080/tfs/vs2015_projects
		SccLocalPath0 = .
		SccProjectUniqueName1 = ..\\Solutions\\FrontFrames\\FrontFrames.csproj
		SccProjectTopLevelParentUniqueName1 = Yahv.Compiler.sln
		SccProjectName1 = ../Solutions/FrontFrames
		SccLocalPath1 = ..\\Solutions\\FrontFrames
		SccProjectUniqueName2 = ..\\Solutions\\Layers.Data\\Layers.Data.csproj
		SccProjectTopLevelParentUniqueName2 = Yahv.Compiler.sln
		SccProjectName2 = ../Solutions/Layers.Data
		SccLocalPath2 = ..\\Solutions\\Layers.Data
		SccProjectUniqueName3 = ..\\Solutions\\Layers.Linq\\Layers.Linq.csproj
		SccProjectTopLevelParentUniqueName3 = Yahv.Compiler.sln
		SccProjectName3 = ../Solutions/Layers.Linq
		SccLocalPath3 = ..\\Solutions\\Layers.Linq
		SccProjectUniqueName4 = ..\\Solutions\\Yahv.Erp\\Yahv.Erp.csproj
		SccProjectTopLevelParentUniqueName4 = Yahv.Compiler.sln
		SccProjectName4 = ../Solutions/Yahv.Erp
		SccLocalPath4 = ..\\Solutions\\Yahv.Erp
		SccProjectUniqueName5 = ..\\Solutions\\Yahv.Linq\\Yahv.Linq.csproj
		SccProjectTopLevelParentUniqueName5 = Yahv.Compiler.sln
		SccProjectName5 = ../Solutions/Yahv.Linq
		SccLocalPath5 = ..\\Solutions\\Yahv.Linq
		SccProjectUniqueName6 = ..\\Solutions\\Yahv.Settings\\Yahv.Settings.csproj
		SccProjectTopLevelParentUniqueName6 = Yahv.Compiler.sln
		SccProjectName6 = ../Solutions/Yahv.Settings
		SccLocalPath6 = ..\\Solutions\\Yahv.Settings
		SccProjectUniqueName7 = ..\\Solutions\\Yahv.Underly\\Yahv.Underly.csproj
		SccProjectTopLevelParentUniqueName7 = Yahv.Compiler.sln
		SccProjectName7 = ../Solutions/Yahv.Underly
		SccLocalPath7 = ..\\Solutions\\Yahv.Underly
		SccProjectUniqueName8 = ..\\Solutions\\Yahv.Utils\\Yahv.Utils.csproj
		SccProjectTopLevelParentUniqueName8 = Yahv.Compiler.sln
		SccProjectName8 = ../Solutions/Yahv.Utils
		SccLocalPath8 = ..\\Solutions\\Yahv.Utils
		SccProjectUniqueName9 = ..\\Solutions\\Yahv.Web\\Yahv.Web.csproj
		SccProjectTopLevelParentUniqueName9 = Yahv.Compiler.sln
		SccProjectName9 = ../Solutions/Yahv.Web
		SccLocalPath9 = ..\\Solutions\\Yahv.Web
		SccProjectUniqueName10 = ..\\Yahv.Plats\\WebApp\\WebApp.csproj
		SccProjectTopLevelParentUniqueName10 = Yahv.Compiler.sln
		SccProjectName10 = ../Yahv.Plats/WebApp
		SccLocalPath10 = ..\\Yahv.Plats\\WebApp
		SccProjectUniqueName11 = ..\\Yahv.Csrm\\Yahv.Csrm.WebApp\\Yahv.Csrm.WebApp.csproj
		SccProjectTopLevelParentUniqueName11 = Yahv.Compiler.sln
		SccProjectName11 = ../Yahv.Csrm/Yahv.Csrm.WebApp
		SccLocalPath11 = ..\\Yahv.Csrm\\Yahv.Csrm.WebApp
		SccProjectUniqueName12 = ..\\Yahv.Csrm\\YaHv.Csrm.Services\\YaHv.Csrm.Services.csproj
		SccProjectTopLevelParentUniqueName12 = Yahv.Compiler.sln
		SccProjectName12 = ../Yahv.Csrm/YaHv.Csrm.Services
		SccLocalPath12 = ..\\Yahv.Csrm\\YaHv.Csrm.Services
		SccProjectUniqueName13 = ..\\Yahv.Erm\\Yahv.Erm.Services\\Yahv.Erm.Services.csproj
		SccProjectTopLevelParentUniqueName13 = Yahv.Compiler.sln
		SccProjectName13 = ../Yahv.Erm/Yahv.Erm.Services
		SccLocalPath13 = ..\\Yahv.Erm\\Yahv.Erm.Services
		SccProjectUniqueName14 = ..\\Yahv.Plats\\Yahv.Plats.Services\\Yahv.Plats.Services.csproj
		SccProjectTopLevelParentUniqueName14 = Yahv.Compiler.sln
		SccProjectName14 = ../Yahv.Plats/Yahv.Plats.Services
		SccLocalPath14 = ..\\Yahv.Plats\\Yahv.Plats.Services
		SccProjectUniqueName15 = ..\\Solutions\\CnslApp\\CnslApp.csproj
		SccProjectTopLevelParentUniqueName15 = Yahv.Compiler.sln
		SccProjectName15 = ../Solutions/CnslApp
		SccLocalPath15 = ..\\Solutions\\CnslApp
		SccProjectUniqueName16 = ..\\Solutions\\Yahv.Usually\\Yahv.Usually.csproj
		SccProjectTopLevelParentUniqueName16 = Yahv.Compiler.sln
		SccProjectName16 = ../Solutions/Yahv.Usually
		SccLocalPath16 = ..\\Solutions\\Yahv.Usually
		SccProjectUniqueName17 = ..\\Yahv.Csrm\\Yahv.Csrm.WebApi\\Yahv.Csrm.WebApi.csproj
		SccProjectTopLevelParentUniqueName17 = Yahv.Compiler.sln
		SccProjectName17 = ../Yahv.Csrm/Yahv.Csrm.WebApi
		SccLocalPath17 = ..\\Yahv.Csrm\\Yahv.Csrm.WebApi
		SccProjectUniqueName18 = ..\\Solutions\\Yahv.Services\\Yahv.Services.csproj
		SccProjectTopLevelParentUniqueName18 = Yahv.Compiler.sln
		SccProjectName18 = ../Solutions/Yahv.Services
		SccLocalPath18 = ..\\Solutions\\Yahv.Services
		SccProjectUniqueName19 = ..\\Solutions\\Yahv.Web.Erp\\Yahv.Web.Erp.csproj
		SccProjectTopLevelParentUniqueName19 = Yahv.Compiler.sln
		SccProjectName19 = ../Solutions/Yahv.Web.Erp
		SccLocalPath19 = ..\\Solutions\\Yahv.Web.Erp
		SccProjectUniqueName20 = ..\\Yahv.Erm\\Yahv.Erm.WebApi\\Yahv.Erm.WebApi.csproj
		SccProjectTopLevelParentUniqueName20 = Yahv.Compiler.sln
		SccProjectName20 = ../Yahv.Erm/Yahv.Erm.WebApi
		SccLocalPath20 = ..\\Yahv.Erm\\Yahv.Erm.WebApi
		SccProjectUniqueName21 = ..\\Solutions\\WebApp\\WebApp.csproj
		SccProjectTopLevelParentUniqueName21 = Yahv.Compiler.sln
		SccProjectName21 = ../Solutions/WebApp
		SccLocalPath21 = ..\\Solutions\\WebApp
		SccProjectUniqueName22 = ..\\Yahv.RFQ\\Yahv.RFQ.Task\\Yahv.RFQ.Task.csproj
		SccProjectTopLevelParentUniqueName22 = Yahv.Compiler.sln
		SccProjectName22 = ../Yahv.RFQ/Yahv.RFQ.Task
		SccLocalPath22 = ..\\Yahv.RFQ\\Yahv.RFQ.Task
		SccProjectUniqueName23 = ..\\Yahv.RFQ\\Yahv.RFQ.Task.Services\\Yahv.RFQ.Task.Services.csproj
		SccProjectTopLevelParentUniqueName23 = Yahv.Compiler.sln
		SccProjectName23 = ../Yahv.RFQ/Yahv.RFQ.Task.Services
		SccLocalPath23 = ..\\Yahv.RFQ\\Yahv.RFQ.Task.Services
		SccProjectUniqueName24 = ..\\Solutions\\Layers.SqlCLR\\Layers.SqlCLR.sqlproj
		SccProjectTopLevelParentUniqueName24 = Yahv.Compiler.sln
		SccProjectName24 = ../Solutions/Layers.SqlCLR
		SccLocalPath24 = ..\\Solutions\\Layers.SqlCLR
		SccProjectUniqueName25 = ..\\Solutions\\Yahv.Ring\\Yahv.Ring.csproj
		SccProjectTopLevelParentUniqueName25 = Yahv.Compiler.sln
		SccProjectName25 = ../Solutions/Yahv.Ring
		SccLocalPath25 = ..\\Solutions\\Yahv.Ring
		SccProjectUniqueName26 = ..\\Yahv.PvWsOrder\\Yahv.PvWsOrder.Services\\Yahv.PvWsOrder.Services.csproj
		SccProjectTopLevelParentUniqueName26 = Yahv.Compiler.sln
		SccProjectName26 = ../Yahv.PvWsOrder/Yahv.PvWsOrder.Services
		SccLocalPath26 = ..\\Yahv.PvWsOrder\\Yahv.PvWsOrder.Services
		SccProjectUniqueName27 = ..\\Yahv.Erm\\Yahv.Erm.WebApp\\Yahv.Erm.WebApp.csproj
		SccProjectTopLevelParentUniqueName27 = Yahv.Compiler.sln
		SccProjectName27 = ../Yahv.Erm/Yahv.Erm.WebApp
		SccLocalPath27 = ..\\Yahv.Erm\\Yahv.Erm.WebApp
		SccProjectUniqueName28 = ..\\Yahv.PvData\\YaHv.PvData.Services\\YaHv.PvData.Services.csproj
		SccProjectTopLevelParentUniqueName28 = Yahv.Compiler.sln
		SccProjectName28 = ../Yahv.PvData/YaHv.PvData.Services
		SccLocalPath28 = ..\\Yahv.PvData\\YaHv.PvData.Services
		SccProjectUniqueName29 = ..\\Yahv.Csrm\\Yahv.Payments\\Yahv.Payments.csproj
		SccProjectTopLevelParentUniqueName29 = Yahv.Compiler.sln
		SccProjectName29 = ../Yahv.Csrm/Yahv.Payments
		SccLocalPath29 = ..\\Yahv.Csrm\\Yahv.Payments
		SccProjectUniqueName30 = ..\\Yahv.Pays\\Yahv.Pays.WebApp\\Yahv.Pays.WebApp.csproj
		SccProjectTopLevelParentUniqueName30 = Yahv.Compiler.sln
		SccProjectName30 = ../Yahv.Pays/Yahv.Pays.WebApp
		SccLocalPath30 = ..\\Yahv.Pays\\Yahv.Pays.WebApp
		SccProjectUniqueName31 = ..\\Yahv.PfWms\\WinApp.Services\\WinApp.Services.csproj
		SccProjectTopLevelParentUniqueName31 = Yahv.Compiler.sln
		SccProjectName31 = ../Yahv.PfWms/WinApp.Services
		SccLocalPath31 = ..\\Yahv.PfWms\\WinApp.Services
		SccProjectUniqueName32 = ..\\Yahv.PfWms\\Wms.Services\\Wms.Services.csproj
		SccProjectTopLevelParentUniqueName32 = Yahv.Compiler.sln
		SccProjectName32 = ../Yahv.PfWms/Wms.Services
		SccLocalPath32 = ..\\Yahv.PfWms\\Wms.Services
		SccProjectUniqueName33 = ..\\Yahv.PfWms\\WebApp.Services\\WebApp.Services.csproj
		SccProjectTopLevelParentUniqueName33 = Yahv.Compiler.sln
		SccProjectName33 = ../Yahv.PfWms/WebApp.Services
		SccLocalPath33 = ..\\Yahv.PfWms\\WebApp.Services
		SccProjectUniqueName34 = ..\\Yahv.PfWms\\Kdn.Library\\Kdn.Library.csproj
		SccProjectTopLevelParentUniqueName34 = Yahv.Compiler.sln
		SccProjectName34 = ../Yahv.PfWms/Kdn.Library
		SccLocalPath34 = ..\\Yahv.PfWms\\Kdn.Library
		SccProjectUniqueName35 = ..\\Yahv.PvData\\YaHv.DyjData.Services\\YaHv.DyjData.Services.csproj
		SccProjectTopLevelParentUniqueName35 = Yahv.Compiler.sln
		SccProjectName35 = ../Yahv.PvData/YaHv.DyjData.Services
		SccLocalPath35 = ..\\Yahv.PvData\\YaHv.DyjData.Services
		SccProjectUniqueName36 = ..\\Yahv.RFQ-20200107\\Yahv.RFQ.Services\\Yahv.RFQ.Services.csproj
		SccProjectTopLevelParentUniqueName36 = Yahv.Compiler.sln
		SccProjectName36 = ../Yahv.RFQ-20200107/Yahv.RFQ.Services
		SccLocalPath36 = ..\\Yahv.RFQ-20200107\\Yahv.RFQ.Services
		SccProjectUniqueName37 = ..\\Yahv.Finance\\Yahv.Finance.WebApp\\Yahv.Finance.WebApp.csproj
		SccProjectTopLevelParentUniqueName37 = Yahv.Compiler.sln
		SccProjectName37 = ../Yahv.Finance/Yahv.Finance.WebApp
		SccLocalPath37 = ..\\Yahv.Finance\\Yahv.Finance.WebApp
		SccProjectUniqueName38 = ..\\Yahv.Finance\\Yahv.Finance.Services\\Yahv.Finance.Services.csproj
		SccProjectTopLevelParentUniqueName38 = Yahv.Compiler.sln
		SccProjectName38 = ../Yahv.Finance/Yahv.Finance.Services
		SccLocalPath38 = ..\\Yahv.Finance\\Yahv.Finance.Services
		SccProjectUniqueName39 = ..\\Yahv.Finance\\Yahv.Finance.WebApi\\Yahv.Finance.WebApi.csproj
		SccProjectTopLevelParentUniqueName39 = Yahv.Compiler.sln
		SccProjectName39 = ../Yahv.Finance/Yahv.Finance.WebApi
		SccLocalPath39 = ..\\Yahv.Finance\\Yahv.Finance.WebApi
		SccProjectUniqueName40 = ..\\Yahv.PfWms\\kyeSDK\\kyeSDK.csproj
		SccProjectTopLevelParentUniqueName40 = Yahv.Compiler.sln
		SccProjectName40 = ../Yahv.PfWms/kyeSDK
		SccLocalPath40 = ..\\Yahv.PfWms\\kyeSDK
		SccProjectUniqueName41 = ..\\Yahv.PvRoute\\Yahv.PvRoute.Services\\Yahv.PvRoute.Services.csproj
		SccProjectTopLevelParentUniqueName41 = Yahv.Compiler.sln
		SccProjectName41 = ../Yahv.PvRoute/Yahv.PvRoute.Services
		SccLocalPath41 = ..\\Yahv.PvRoute\\Yahv.PvRoute.Services
		SccProjectUniqueName42 = ..\\Yahv.CrmPlus-20210402\\Yahv.CrmPlus.Service\\Yahv.CrmPlus.Service.csproj
		SccProjectTopLevelParentUniqueName42 = Yahv.Compiler.sln
		SccProjectName42 = ../Yahv.CrmPlus-20210402/Yahv.CrmPlus.Service
		SccLocalPath42 = ..\\Yahv.CrmPlus-20210402\\Yahv.CrmPlus.Service
		SccProjectUniqueName43 = ..\\Yahv.PvData\\Yahv.PvData.WebApi\\Yahv.PvData.WebApi.csproj
		SccProjectTopLevelParentUniqueName43 = Yahv.Compiler.sln
		SccProjectName43 = ../Yahv.PvData/Yahv.PvData.WebApi
		SccLocalPath43 = ..\\Yahv.PvData\\Yahv.PvData.WebApi
		SccProjectUniqueName44 = ..\\Yahv.CrmPlus-20210402\\Yahv.CrmPlus.WebApi\\Yahv.CrmPlus.WebApi.csproj
		SccProjectTopLevelParentUniqueName44 = Yahv.Compiler.sln
		SccProjectName44 = ../Yahv.CrmPlus-20210402/Yahv.CrmPlus.WebApi
		SccLocalPath44 = ..\\Yahv.CrmPlus-20210402\\Yahv.CrmPlus.WebApi
		SccProjectUniqueName45 = ..\\Yahv.CrmPlus-20210402\\Shared.CrmPlus.Services\\Shared.CrmPlus.Services.csproj
		SccProjectTopLevelParentUniqueName45 = Yahv.Compiler.sln
		SccProjectName45 = ../Yahv.CrmPlus-20210402/Shared.CrmPlus.Services
		SccLocalPath45 = ..\\Yahv.CrmPlus-20210402\\Shared.CrmPlus.Services
	EndGlobalSection
EndGlobal
