
Microsoft Visual Studio Solution File, Format Version 12.00
# Visual Studio 14
VisualStudioVersion = 14.0.25420.1
MinimumVisualStudioVersion = 10.0.40219.1
Project("{FAE04EC0-301F-11D3-BF4B-00C04F79EFBC}") = "CnslApp", "CnslApp\CnslApp.csproj", "{D9FE2042-436E-48CC-8A65-EDA5FC0F621E}"
EndProject
Project("{FAE04EC0-301F-11D3-BF4B-00C04F79EFBC}") = "Needs.Linq", "Needs.Linq\Needs.Linq.csproj", "{8F7FFCB1-97BC-4977-B262-71365AE8EC62}"
EndProject
Project("{FAE04EC0-301F-11D3-BF4B-00C04F79EFBC}") = "Layer.Data", "Layer.Data\Layer.Data.csproj", "{220CF961-81EF-4288-8D42-54CEFBE35086}"
EndProject
Project("{FAE04EC0-301F-11D3-BF4B-00C04F79EFBC}") = "Layer.Linq", "Layer.Linq\Layer.Linq.csproj", "{7031FF1C-1FB9-457C-88FE-9955E07BADD3}"
EndProject
Project("{FAE04EC0-301F-11D3-BF4B-00C04F79EFBC}") = "Needs.Interpreter", "Needs.Interpreter\Needs.Interpreter.csproj", "{EE31FD26-9C32-4286-ABA4-79F3707E082B}"
EndProject
Project("{FAE04EC0-301F-11D3-BF4B-00C04F79EFBC}") = "Needs.Underly", "Needs.Underly\Needs.Underly.csproj", "{B775E7D1-CF0E-43BC-A0E4-874DB5645A09}"
EndProject
Project("{FAE04EC0-301F-11D3-BF4B-00C04F79EFBC}") = "Needs.Utils", "Needs.Utils\Needs.Utils.csproj", "{71B45033-2D91-4FAD-BB5B-441174260E6A}"
EndProject
Project("{FAE04EC0-301F-11D3-BF4B-00C04F79EFBC}") = "Needs.Configuration", "Needs.Configuration\Needs.Configuration.csproj", "{ED05393F-6462-4439-9F33-B0E73B33C1E1}"
EndProject
Project("{FAE04EC0-301F-11D3-BF4B-00C04F79EFBC}") = "Needs.Settings", "Needs.Settings\Needs.Settings.csproj", "{90C1EA68-3014-4612-A365-2CD3C3405054}"
EndProject
Project("{FAE04EC0-301F-11D3-BF4B-00C04F79EFBC}") = "Needs.Overall", "Needs.Overall\Needs.Overall.csproj", "{94DA4133-A4A4-4E1C-98D6-5F1C023DCDD2}"
EndProject
Project("{FAE04EC0-301F-11D3-BF4B-00C04F79EFBC}") = "Needs.Web", "Needs.Web\Needs.Web.csproj", "{A847D3F0-43F2-4D42-8864-EC8F25550786}"
EndProject
Project("{FAE04EC0-301F-11D3-BF4B-00C04F79EFBC}") = "zMvcApp", "zMvcApp\zMvcApp.csproj", "{3996AA26-7864-43DD-A571-14516DEB2F8A}"
EndProject
Project("{FAE04EC0-301F-11D3-BF4B-00C04F79EFBC}") = "Needs.Erp", "Needs.Erp\Needs.Erp.csproj", "{7227064A-F097-4610-AF56-8A93F0FDD760}"
EndProject
Project("{FAE04EC0-301F-11D3-BF4B-00C04F79EFBC}") = "Needs.Erp.Generic", "Needs.Erp.Generic\Needs.Erp.Generic.csproj", "{4AF55700-A9D6-407B-89FD-FE576A43F916}"
EndProject
Project("{FAE04EC0-301F-11D3-BF4B-00C04F79EFBC}") = "Needs.FrontEnd", "Needs.FrontEnd\Needs.FrontEnd.csproj", "{359304E5-DE4F-483D-AB52-8C5B6EBBE44B}"
EndProject
Project("{FAE04EC0-301F-11D3-BF4B-00C04F79EFBC}") = "Needs", "Needs\Needs.csproj", "{EF82F851-CBFF-4B10-8C17-931CEDE71646}"
EndProject
Project("{FAE04EC0-301F-11D3-BF4B-00C04F79EFBC}") = "Needs.Test", "Needs.Tesy\Needs.Test.csproj", "{983E993A-A95F-4130-947F-5F723DC7B8A9}"
EndProject
Global
	GlobalSection(SolutionConfigurationPlatforms) = preSolution
		Debug|Any CPU = Debug|Any CPU
		Release|Any CPU = Release|Any CPU
	EndGlobalSection
	GlobalSection(ProjectConfigurationPlatforms) = postSolution
		{D9FE2042-436E-48CC-8A65-EDA5FC0F621E}.Debug|Any CPU.ActiveCfg = Debug|Any CPU
		{D9FE2042-436E-48CC-8A65-EDA5FC0F621E}.Debug|Any CPU.Build.0 = Debug|Any CPU
		{D9FE2042-436E-48CC-8A65-EDA5FC0F621E}.Release|Any CPU.ActiveCfg = Release|Any CPU
		{D9FE2042-436E-48CC-8A65-EDA5FC0F621E}.Release|Any CPU.Build.0 = Release|Any CPU
		{8F7FFCB1-97BC-4977-B262-71365AE8EC62}.Debug|Any CPU.ActiveCfg = Debug|Any CPU
		{8F7FFCB1-97BC-4977-B262-71365AE8EC62}.Debug|Any CPU.Build.0 = Debug|Any CPU
		{8F7FFCB1-97BC-4977-B262-71365AE8EC62}.Release|Any CPU.ActiveCfg = Release|Any CPU
		{8F7FFCB1-97BC-4977-B262-71365AE8EC62}.Release|Any CPU.Build.0 = Release|Any CPU
		{220CF961-81EF-4288-8D42-54CEFBE35086}.Debug|Any CPU.ActiveCfg = Debug|Any CPU
		{220CF961-81EF-4288-8D42-54CEFBE35086}.Debug|Any CPU.Build.0 = Debug|Any CPU
		{220CF961-81EF-4288-8D42-54CEFBE35086}.Release|Any CPU.ActiveCfg = Release|Any CPU
		{220CF961-81EF-4288-8D42-54CEFBE35086}.Release|Any CPU.Build.0 = Release|Any CPU
		{7031FF1C-1FB9-457C-88FE-9955E07BADD3}.Debug|Any CPU.ActiveCfg = Debug|Any CPU
		{7031FF1C-1FB9-457C-88FE-9955E07BADD3}.Debug|Any CPU.Build.0 = Debug|Any CPU
		{7031FF1C-1FB9-457C-88FE-9955E07BADD3}.Release|Any CPU.ActiveCfg = Release|Any CPU
		{7031FF1C-1FB9-457C-88FE-9955E07BADD3}.Release|Any CPU.Build.0 = Release|Any CPU
		{EE31FD26-9C32-4286-ABA4-79F3707E082B}.Debug|Any CPU.ActiveCfg = Debug|Any CPU
		{EE31FD26-9C32-4286-ABA4-79F3707E082B}.Debug|Any CPU.Build.0 = Debug|Any CPU
		{EE31FD26-9C32-4286-ABA4-79F3707E082B}.Release|Any CPU.ActiveCfg = Release|Any CPU
		{EE31FD26-9C32-4286-ABA4-79F3707E082B}.Release|Any CPU.Build.0 = Release|Any CPU
		{B775E7D1-CF0E-43BC-A0E4-874DB5645A09}.Debug|Any CPU.ActiveCfg = Debug|Any CPU
		{B775E7D1-CF0E-43BC-A0E4-874DB5645A09}.Debug|Any CPU.Build.0 = Debug|Any CPU
		{B775E7D1-CF0E-43BC-A0E4-874DB5645A09}.Release|Any CPU.ActiveCfg = Release|Any CPU
		{B775E7D1-CF0E-43BC-A0E4-874DB5645A09}.Release|Any CPU.Build.0 = Release|Any CPU
		{71B45033-2D91-4FAD-BB5B-441174260E6A}.Debug|Any CPU.ActiveCfg = Debug|Any CPU
		{71B45033-2D91-4FAD-BB5B-441174260E6A}.Debug|Any CPU.Build.0 = Debug|Any CPU
		{71B45033-2D91-4FAD-BB5B-441174260E6A}.Release|Any CPU.ActiveCfg = Release|Any CPU
		{71B45033-2D91-4FAD-BB5B-441174260E6A}.Release|Any CPU.Build.0 = Release|Any CPU
		{ED05393F-6462-4439-9F33-B0E73B33C1E1}.Debug|Any CPU.ActiveCfg = Debug|Any CPU
		{ED05393F-6462-4439-9F33-B0E73B33C1E1}.Debug|Any CPU.Build.0 = Debug|Any CPU
		{ED05393F-6462-4439-9F33-B0E73B33C1E1}.Release|Any CPU.ActiveCfg = Release|Any CPU
		{ED05393F-6462-4439-9F33-B0E73B33C1E1}.Release|Any CPU.Build.0 = Release|Any CPU
		{90C1EA68-3014-4612-A365-2CD3C3405054}.Debug|Any CPU.ActiveCfg = Debug|Any CPU
		{90C1EA68-3014-4612-A365-2CD3C3405054}.Debug|Any CPU.Build.0 = Debug|Any CPU
		{90C1EA68-3014-4612-A365-2CD3C3405054}.Release|Any CPU.ActiveCfg = Release|Any CPU
		{90C1EA68-3014-4612-A365-2CD3C3405054}.Release|Any CPU.Build.0 = Release|Any CPU
		{94DA4133-A4A4-4E1C-98D6-5F1C023DCDD2}.Debug|Any CPU.ActiveCfg = Debug|Any CPU
		{94DA4133-A4A4-4E1C-98D6-5F1C023DCDD2}.Debug|Any CPU.Build.0 = Debug|Any CPU
		{94DA4133-A4A4-4E1C-98D6-5F1C023DCDD2}.Release|Any CPU.ActiveCfg = Release|Any CPU
		{94DA4133-A4A4-4E1C-98D6-5F1C023DCDD2}.Release|Any CPU.Build.0 = Release|Any CPU
		{A847D3F0-43F2-4D42-8864-EC8F25550786}.Debug|Any CPU.ActiveCfg = Debug|Any CPU
		{A847D3F0-43F2-4D42-8864-EC8F25550786}.Debug|Any CPU.Build.0 = Debug|Any CPU
		{A847D3F0-43F2-4D42-8864-EC8F25550786}.Release|Any CPU.ActiveCfg = Release|Any CPU
		{A847D3F0-43F2-4D42-8864-EC8F25550786}.Release|Any CPU.Build.0 = Release|Any CPU
		{3996AA26-7864-43DD-A571-14516DEB2F8A}.Debug|Any CPU.ActiveCfg = Debug|Any CPU
		{3996AA26-7864-43DD-A571-14516DEB2F8A}.Debug|Any CPU.Build.0 = Debug|Any CPU
		{3996AA26-7864-43DD-A571-14516DEB2F8A}.Release|Any CPU.ActiveCfg = Release|Any CPU
		{3996AA26-7864-43DD-A571-14516DEB2F8A}.Release|Any CPU.Build.0 = Release|Any CPU
		{7227064A-F097-4610-AF56-8A93F0FDD760}.Debug|Any CPU.ActiveCfg = Debug|Any CPU
		{7227064A-F097-4610-AF56-8A93F0FDD760}.Debug|Any CPU.Build.0 = Debug|Any CPU
		{7227064A-F097-4610-AF56-8A93F0FDD760}.Release|Any CPU.ActiveCfg = Release|Any CPU
		{7227064A-F097-4610-AF56-8A93F0FDD760}.Release|Any CPU.Build.0 = Release|Any CPU
		{4AF55700-A9D6-407B-89FD-FE576A43F916}.Debug|Any CPU.ActiveCfg = Debug|Any CPU
		{4AF55700-A9D6-407B-89FD-FE576A43F916}.Debug|Any CPU.Build.0 = Debug|Any CPU
		{4AF55700-A9D6-407B-89FD-FE576A43F916}.Release|Any CPU.ActiveCfg = Release|Any CPU
		{4AF55700-A9D6-407B-89FD-FE576A43F916}.Release|Any CPU.Build.0 = Release|Any CPU
		{359304E5-DE4F-483D-AB52-8C5B6EBBE44B}.Debug|Any CPU.ActiveCfg = Debug|Any CPU
		{359304E5-DE4F-483D-AB52-8C5B6EBBE44B}.Debug|Any CPU.Build.0 = Debug|Any CPU
		{359304E5-DE4F-483D-AB52-8C5B6EBBE44B}.Release|Any CPU.ActiveCfg = Release|Any CPU
		{359304E5-DE4F-483D-AB52-8C5B6EBBE44B}.Release|Any CPU.Build.0 = Release|Any CPU
		{EF82F851-CBFF-4B10-8C17-931CEDE71646}.Debug|Any CPU.ActiveCfg = Debug|Any CPU
		{EF82F851-CBFF-4B10-8C17-931CEDE71646}.Debug|Any CPU.Build.0 = Debug|Any CPU
		{EF82F851-CBFF-4B10-8C17-931CEDE71646}.Release|Any CPU.ActiveCfg = Release|Any CPU
		{EF82F851-CBFF-4B10-8C17-931CEDE71646}.Release|Any CPU.Build.0 = Release|Any CPU
		{983E993A-A95F-4130-947F-5F723DC7B8A9}.Debug|Any CPU.ActiveCfg = Debug|Any CPU
		{983E993A-A95F-4130-947F-5F723DC7B8A9}.Debug|Any CPU.Build.0 = Debug|Any CPU
		{983E993A-A95F-4130-947F-5F723DC7B8A9}.Release|Any CPU.ActiveCfg = Release|Any CPU
		{983E993A-A95F-4130-947F-5F723DC7B8A9}.Release|Any CPU.Build.0 = Release|Any CPU
	EndGlobalSection
	GlobalSection(SolutionProperties) = preSolution
		HideSolutionNode = FALSE
	EndGlobalSection
	GlobalSection(ExtensibilityGlobals) = postSolution
		SolutionGuid = {D75AA320-12E8-4329-BC67-0DBC96DFCCEA}
	EndGlobalSection
	GlobalSection(TeamFoundationVersionControl) = preSolution
		SccNumberOfProjects = 18
		SccEnterpriseProvider = {4CA58AB2-18FA-4F8D-95D4-32DDF27D184C}
		SccTeamFoundationServer = http://192.168.80.32:8080/tfs/vs2015_projects
		SccLocalPath0 = .
		SccProjectUniqueName1 = CnslApp\\CnslApp.csproj
		SccProjectName1 = CnslApp
		SccLocalPath1 = CnslApp
		SccProjectUniqueName2 = Layer.Data\\Layer.Data.csproj
		SccProjectName2 = Layer.Data
		SccLocalPath2 = Layer.Data
		SccProjectUniqueName3 = Layer.Linq\\Layer.Linq.csproj
		SccProjectName3 = Layer.Linq
		SccLocalPath3 = Layer.Linq
		SccProjectUniqueName4 = Needs.Configuration\\Needs.Configuration.csproj
		SccProjectName4 = Needs.Configuration
		SccLocalPath4 = Needs.Configuration
		SccProjectUniqueName5 = Needs.Erp.Generic\\Needs.Erp.Generic.csproj
		SccProjectName5 = Needs.Erp.Generic
		SccLocalPath5 = Needs.Erp.Generic
		SccProjectUniqueName6 = Needs.Erp\\Needs.Erp.csproj
		SccProjectName6 = Needs.Erp
		SccLocalPath6 = Needs.Erp
		SccProjectUniqueName7 = Needs.FrontEnd\\Needs.FrontEnd.csproj
		SccProjectName7 = Needs.FrontEnd
		SccLocalPath7 = Needs.FrontEnd
		SccProjectUniqueName8 = Needs.Interpreter\\Needs.Interpreter.csproj
		SccProjectName8 = Needs.Interpreter
		SccLocalPath8 = Needs.Interpreter
		SccProjectUniqueName9 = Needs.Linq\\Needs.Linq.csproj
		SccProjectName9 = Needs.Linq
		SccLocalPath9 = Needs.Linq
		SccProjectUniqueName10 = Needs.Overall\\Needs.Overall.csproj
		SccProjectName10 = Needs.Overall
		SccLocalPath10 = Needs.Overall
		SccProjectUniqueName11 = Needs.Settings\\Needs.Settings.csproj
		SccProjectName11 = Needs.Settings
		SccLocalPath11 = Needs.Settings
		SccProjectUniqueName12 = Needs.Tesy\\Needs.Test.csproj
		SccProjectName12 = Needs.Tesy
		SccLocalPath12 = Needs.Tesy
		SccProjectUniqueName13 = Needs.Underly\\Needs.Underly.csproj
		SccProjectName13 = Needs.Underly
		SccLocalPath13 = Needs.Underly
		SccProjectUniqueName14 = Needs.Utils\\Needs.Utils.csproj
		SccProjectName14 = Needs.Utils
		SccLocalPath14 = Needs.Utils
		SccProjectUniqueName15 = Needs.Web\\Needs.Web.csproj
		SccProjectName15 = Needs.Web
		SccLocalPath15 = Needs.Web
		SccProjectUniqueName16 = Needs\\Needs.csproj
		SccProjectName16 = Needs
		SccLocalPath16 = Needs
		SccProjectUniqueName17 = zMvcApp\\zMvcApp.csproj
		SccProjectName17 = zMvcApp
		SccLocalPath17 = zMvcApp
	EndGlobalSection
EndGlobal
