
Microsoft Visual Studio Solution File, Format Version 12.00
# Visual Studio 14
VisualStudioVersion = 14.0.25420.1
MinimumVisualStudioVersion = 10.0.40219.1
Project("{FAE04EC0-301F-11D3-BF4B-00C04F79EFBC}") = "Layers.Data", "..\Solutions\Layers.Data\Layers.Data.csproj", "{FED16B15-565B-4ED6-A876-2146EB16B011}"
EndProject
Project("{FAE04EC0-301F-11D3-BF4B-00C04F79EFBC}") = "Layers.Linq", "..\Solutions\Layers.Linq\Layers.Linq.csproj", "{56C33683-CE9A-4CC5-9CEF-92E03BC8F739}"
EndProject
Project("{FAE04EC0-301F-11D3-BF4B-00C04F79EFBC}") = "Yahv.Linq", "..\Solutions\Yahv.Linq\Yahv.Linq.csproj", "{C8C572DF-2BBA-4483-B332-2652805AEF87}"
EndProject
Project("{FAE04EC0-301F-11D3-BF4B-00C04F79EFBC}") = "Yahv.Settings", "..\Solutions\Yahv.Settings\Yahv.Settings.csproj", "{1DDF4A9B-D19A-4D3E-9575-0247975320C8}"
EndProject
Project("{FAE04EC0-301F-11D3-BF4B-00C04F79EFBC}") = "Yahv.Underly", "..\Solutions\Yahv.Underly\Yahv.Underly.csproj", "{15B56201-A129-4396-9431-0E5F9DA7D9F9}"
EndProject
Project("{FAE04EC0-301F-11D3-BF4B-00C04F79EFBC}") = "Yahv.Utils", "..\Solutions\Yahv.Utils\Yahv.Utils.csproj", "{870A94D5-F08E-481F-A7AE-B90B5C249882}"
EndProject
Project("{FAE04EC0-301F-11D3-BF4B-00C04F79EFBC}") = "Yahv.Web", "..\Solutions\Yahv.Web\Yahv.Web.csproj", "{0E3B1265-0A95-4777-A1F8-16E195737C5F}"
EndProject
Project("{2150E333-8FDC-42A3-9474-1A3956D46DE8}") = "Faces", "Faces", "{30373BDC-90B4-49C2-A7D8-09EB9A3873E8}"
EndProject
Project("{2150E333-8FDC-42A3-9474-1A3956D46DE8}") = "Yahv", "Yahv", "{3D0961AB-7F57-4475-9B72-6D4A6D68B9C5}"
EndProject
Project("{2150E333-8FDC-42A3-9474-1A3956D46DE8}") = "Layers", "Layers", "{C249AF40-1812-43D2-A546-F1861C51FF76}"
EndProject
Project("{FAE04EC0-301F-11D3-BF4B-00C04F79EFBC}") = "FrontFrames", "..\Solutions\FrontFrames\FrontFrames.csproj", "{FA90F834-9065-44C2-8E4B-81C0EF4258A2}"
EndProject
Project("{FAE04EC0-301F-11D3-BF4B-00C04F79EFBC}") = "WebApp", "WebApp\WebApp.csproj", "{434A7D32-9A53-4342-B349-EF5AF03CAA22}"
EndProject
Project("{2150E333-8FDC-42A3-9474-1A3956D46DE8}") = "Services", "Services", "{EBF6BE69-30B1-4142-A5E4-6959D95595EB}"
EndProject
Project("{FAE04EC0-301F-11D3-BF4B-00C04F79EFBC}") = "Yahv.Plats.Services", "Yahv.Plats.Services\Yahv.Plats.Services.csproj", "{4AF7D6FE-9885-4550-8306-DA556089F37C}"
EndProject
Project("{FAE04EC0-301F-11D3-BF4B-00C04F79EFBC}") = "Yahv.Erp", "..\Solutions\Yahv.Erp\Yahv.Erp.csproj", "{E371A432-F338-4851-AD70-63A1031A2645}"
EndProject
Project("{FAE04EC0-301F-11D3-BF4B-00C04F79EFBC}") = "Yahv.Usually", "..\Solutions\Yahv.Usually\Yahv.Usually.csproj", "{FA84A973-FC0B-4A57-9C6A-9212392F2D1C}"
EndProject
Project("{FAE04EC0-301F-11D3-BF4B-00C04F79EFBC}") = "Yahv.Web.Erp", "..\Solutions\Yahv.Web.Erp\Yahv.Web.Erp.csproj", "{E5AC7ED8-2050-4F5F-BF97-BA0956448B80}"
EndProject
Project("{FAE04EC0-301F-11D3-BF4B-00C04F79EFBC}") = "Yahv.Services", "..\Solutions\Yahv.Services\Yahv.Services.csproj", "{EF7C5B21-4CE2-454A-8719-70E6DADACB69}"
EndProject
Project("{2150E333-8FDC-42A3-9474-1A3956D46DE8}") = "Testers", "Testers", "{519BA1CF-A8F5-48A7-9B71-9F919F10D2A9}"
EndProject
Project("{FAE04EC0-301F-11D3-BF4B-00C04F79EFBC}") = "CnsleApp", "CnsleApp\CnsleApp.csproj", "{8971F01F-671B-4499-B784-6A34DCF4AF8F}"
EndProject
Project("{FAE04EC0-301F-11D3-BF4B-00C04F79EFBC}") = "WebAppTester", "WebAppTester\WebAppTester.csproj", "{6954B01F-F3BA-4532-B5C6-BD41565731DE}"
EndProject
Global
	GlobalSection(SolutionConfigurationPlatforms) = preSolution
		Debug|Any CPU = Debug|Any CPU
		Debug|x64 = Debug|x64
		Release|Any CPU = Release|Any CPU
		Release|x64 = Release|x64
	EndGlobalSection
	GlobalSection(ProjectConfigurationPlatforms) = postSolution
		{FED16B15-565B-4ED6-A876-2146EB16B011}.Debug|Any CPU.ActiveCfg = Debug|Any CPU
		{FED16B15-565B-4ED6-A876-2146EB16B011}.Debug|Any CPU.Build.0 = Debug|Any CPU
		{FED16B15-565B-4ED6-A876-2146EB16B011}.Debug|x64.ActiveCfg = Debug|x64
		{FED16B15-565B-4ED6-A876-2146EB16B011}.Debug|x64.Build.0 = Debug|x64
		{FED16B15-565B-4ED6-A876-2146EB16B011}.Release|Any CPU.ActiveCfg = Release|Any CPU
		{FED16B15-565B-4ED6-A876-2146EB16B011}.Release|Any CPU.Build.0 = Release|Any CPU
		{FED16B15-565B-4ED6-A876-2146EB16B011}.Release|x64.ActiveCfg = Release|x64
		{FED16B15-565B-4ED6-A876-2146EB16B011}.Release|x64.Build.0 = Release|x64
		{56C33683-CE9A-4CC5-9CEF-92E03BC8F739}.Debug|Any CPU.ActiveCfg = Debug|Any CPU
		{56C33683-CE9A-4CC5-9CEF-92E03BC8F739}.Debug|Any CPU.Build.0 = Debug|Any CPU
		{56C33683-CE9A-4CC5-9CEF-92E03BC8F739}.Debug|x64.ActiveCfg = Debug|x64
		{56C33683-CE9A-4CC5-9CEF-92E03BC8F739}.Debug|x64.Build.0 = Debug|x64
		{56C33683-CE9A-4CC5-9CEF-92E03BC8F739}.Release|Any CPU.ActiveCfg = Release|Any CPU
		{56C33683-CE9A-4CC5-9CEF-92E03BC8F739}.Release|Any CPU.Build.0 = Release|Any CPU
		{56C33683-CE9A-4CC5-9CEF-92E03BC8F739}.Release|x64.ActiveCfg = Release|x64
		{56C33683-CE9A-4CC5-9CEF-92E03BC8F739}.Release|x64.Build.0 = Release|x64
		{C8C572DF-2BBA-4483-B332-2652805AEF87}.Debug|Any CPU.ActiveCfg = Debug|Any CPU
		{C8C572DF-2BBA-4483-B332-2652805AEF87}.Debug|Any CPU.Build.0 = Debug|Any CPU
		{C8C572DF-2BBA-4483-B332-2652805AEF87}.Debug|x64.ActiveCfg = Debug|x64
		{C8C572DF-2BBA-4483-B332-2652805AEF87}.Debug|x64.Build.0 = Debug|x64
		{C8C572DF-2BBA-4483-B332-2652805AEF87}.Release|Any CPU.ActiveCfg = Release|Any CPU
		{C8C572DF-2BBA-4483-B332-2652805AEF87}.Release|Any CPU.Build.0 = Release|Any CPU
		{C8C572DF-2BBA-4483-B332-2652805AEF87}.Release|x64.ActiveCfg = Release|x64
		{C8C572DF-2BBA-4483-B332-2652805AEF87}.Release|x64.Build.0 = Release|x64
		{1DDF4A9B-D19A-4D3E-9575-0247975320C8}.Debug|Any CPU.ActiveCfg = Debug|Any CPU
		{1DDF4A9B-D19A-4D3E-9575-0247975320C8}.Debug|Any CPU.Build.0 = Debug|Any CPU
		{1DDF4A9B-D19A-4D3E-9575-0247975320C8}.Debug|x64.ActiveCfg = Debug|x64
		{1DDF4A9B-D19A-4D3E-9575-0247975320C8}.Debug|x64.Build.0 = Debug|x64
		{1DDF4A9B-D19A-4D3E-9575-0247975320C8}.Release|Any CPU.ActiveCfg = Release|Any CPU
		{1DDF4A9B-D19A-4D3E-9575-0247975320C8}.Release|Any CPU.Build.0 = Release|Any CPU
		{1DDF4A9B-D19A-4D3E-9575-0247975320C8}.Release|x64.ActiveCfg = Release|x64
		{1DDF4A9B-D19A-4D3E-9575-0247975320C8}.Release|x64.Build.0 = Release|x64
		{15B56201-A129-4396-9431-0E5F9DA7D9F9}.Debug|Any CPU.ActiveCfg = Debug|Any CPU
		{15B56201-A129-4396-9431-0E5F9DA7D9F9}.Debug|Any CPU.Build.0 = Debug|Any CPU
		{15B56201-A129-4396-9431-0E5F9DA7D9F9}.Debug|x64.ActiveCfg = Debug|x64
		{15B56201-A129-4396-9431-0E5F9DA7D9F9}.Debug|x64.Build.0 = Debug|x64
		{15B56201-A129-4396-9431-0E5F9DA7D9F9}.Release|Any CPU.ActiveCfg = Release|Any CPU
		{15B56201-A129-4396-9431-0E5F9DA7D9F9}.Release|Any CPU.Build.0 = Release|Any CPU
		{15B56201-A129-4396-9431-0E5F9DA7D9F9}.Release|x64.ActiveCfg = Release|x64
		{15B56201-A129-4396-9431-0E5F9DA7D9F9}.Release|x64.Build.0 = Release|x64
		{870A94D5-F08E-481F-A7AE-B90B5C249882}.Debug|Any CPU.ActiveCfg = Debug|Any CPU
		{870A94D5-F08E-481F-A7AE-B90B5C249882}.Debug|Any CPU.Build.0 = Debug|Any CPU
		{870A94D5-F08E-481F-A7AE-B90B5C249882}.Debug|x64.ActiveCfg = Debug|x64
		{870A94D5-F08E-481F-A7AE-B90B5C249882}.Debug|x64.Build.0 = Debug|x64
		{870A94D5-F08E-481F-A7AE-B90B5C249882}.Release|Any CPU.ActiveCfg = Release|Any CPU
		{870A94D5-F08E-481F-A7AE-B90B5C249882}.Release|Any CPU.Build.0 = Release|Any CPU
		{870A94D5-F08E-481F-A7AE-B90B5C249882}.Release|x64.ActiveCfg = Release|x64
		{870A94D5-F08E-481F-A7AE-B90B5C249882}.Release|x64.Build.0 = Release|x64
		{0E3B1265-0A95-4777-A1F8-16E195737C5F}.Debug|Any CPU.ActiveCfg = Debug|Any CPU
		{0E3B1265-0A95-4777-A1F8-16E195737C5F}.Debug|Any CPU.Build.0 = Debug|Any CPU
		{0E3B1265-0A95-4777-A1F8-16E195737C5F}.Debug|x64.ActiveCfg = Debug|x64
		{0E3B1265-0A95-4777-A1F8-16E195737C5F}.Debug|x64.Build.0 = Debug|x64
		{0E3B1265-0A95-4777-A1F8-16E195737C5F}.Release|Any CPU.ActiveCfg = Release|Any CPU
		{0E3B1265-0A95-4777-A1F8-16E195737C5F}.Release|Any CPU.Build.0 = Release|Any CPU
		{0E3B1265-0A95-4777-A1F8-16E195737C5F}.Release|x64.ActiveCfg = Release|x64
		{0E3B1265-0A95-4777-A1F8-16E195737C5F}.Release|x64.Build.0 = Release|x64
		{FA90F834-9065-44C2-8E4B-81C0EF4258A2}.Debug|Any CPU.ActiveCfg = Debug|Any CPU
		{FA90F834-9065-44C2-8E4B-81C0EF4258A2}.Debug|Any CPU.Build.0 = Debug|Any CPU
		{FA90F834-9065-44C2-8E4B-81C0EF4258A2}.Debug|x64.ActiveCfg = Debug|x64
		{FA90F834-9065-44C2-8E4B-81C0EF4258A2}.Debug|x64.Build.0 = Debug|x64
		{FA90F834-9065-44C2-8E4B-81C0EF4258A2}.Release|Any CPU.ActiveCfg = Release|Any CPU
		{FA90F834-9065-44C2-8E4B-81C0EF4258A2}.Release|Any CPU.Build.0 = Release|Any CPU
		{FA90F834-9065-44C2-8E4B-81C0EF4258A2}.Release|x64.ActiveCfg = Release|x64
		{FA90F834-9065-44C2-8E4B-81C0EF4258A2}.Release|x64.Build.0 = Release|x64
		{434A7D32-9A53-4342-B349-EF5AF03CAA22}.Debug|Any CPU.ActiveCfg = Debug|Any CPU
		{434A7D32-9A53-4342-B349-EF5AF03CAA22}.Debug|Any CPU.Build.0 = Debug|Any CPU
		{434A7D32-9A53-4342-B349-EF5AF03CAA22}.Debug|x64.ActiveCfg = Debug|Any CPU
		{434A7D32-9A53-4342-B349-EF5AF03CAA22}.Debug|x64.Build.0 = Debug|Any CPU
		{434A7D32-9A53-4342-B349-EF5AF03CAA22}.Release|Any CPU.ActiveCfg = Release|Any CPU
		{434A7D32-9A53-4342-B349-EF5AF03CAA22}.Release|Any CPU.Build.0 = Release|Any CPU
		{434A7D32-9A53-4342-B349-EF5AF03CAA22}.Release|x64.ActiveCfg = Release|Any CPU
		{434A7D32-9A53-4342-B349-EF5AF03CAA22}.Release|x64.Build.0 = Release|Any CPU
		{4AF7D6FE-9885-4550-8306-DA556089F37C}.Debug|Any CPU.ActiveCfg = Debug|Any CPU
		{4AF7D6FE-9885-4550-8306-DA556089F37C}.Debug|Any CPU.Build.0 = Debug|Any CPU
		{4AF7D6FE-9885-4550-8306-DA556089F37C}.Debug|x64.ActiveCfg = Debug|x64
		{4AF7D6FE-9885-4550-8306-DA556089F37C}.Debug|x64.Build.0 = Debug|x64
		{4AF7D6FE-9885-4550-8306-DA556089F37C}.Release|Any CPU.ActiveCfg = Release|Any CPU
		{4AF7D6FE-9885-4550-8306-DA556089F37C}.Release|Any CPU.Build.0 = Release|Any CPU
		{4AF7D6FE-9885-4550-8306-DA556089F37C}.Release|x64.ActiveCfg = Release|x64
		{4AF7D6FE-9885-4550-8306-DA556089F37C}.Release|x64.Build.0 = Release|x64
		{E371A432-F338-4851-AD70-63A1031A2645}.Debug|Any CPU.ActiveCfg = Debug|Any CPU
		{E371A432-F338-4851-AD70-63A1031A2645}.Debug|Any CPU.Build.0 = Debug|Any CPU
		{E371A432-F338-4851-AD70-63A1031A2645}.Debug|x64.ActiveCfg = Debug|x64
		{E371A432-F338-4851-AD70-63A1031A2645}.Debug|x64.Build.0 = Debug|x64
		{E371A432-F338-4851-AD70-63A1031A2645}.Release|Any CPU.ActiveCfg = Release|Any CPU
		{E371A432-F338-4851-AD70-63A1031A2645}.Release|Any CPU.Build.0 = Release|Any CPU
		{E371A432-F338-4851-AD70-63A1031A2645}.Release|x64.ActiveCfg = Release|x64
		{E371A432-F338-4851-AD70-63A1031A2645}.Release|x64.Build.0 = Release|x64
		{FA84A973-FC0B-4A57-9C6A-9212392F2D1C}.Debug|Any CPU.ActiveCfg = Debug|Any CPU
		{FA84A973-FC0B-4A57-9C6A-9212392F2D1C}.Debug|Any CPU.Build.0 = Debug|Any CPU
		{FA84A973-FC0B-4A57-9C6A-9212392F2D1C}.Debug|x64.ActiveCfg = Debug|x64
		{FA84A973-FC0B-4A57-9C6A-9212392F2D1C}.Debug|x64.Build.0 = Debug|x64
		{FA84A973-FC0B-4A57-9C6A-9212392F2D1C}.Release|Any CPU.ActiveCfg = Release|Any CPU
		{FA84A973-FC0B-4A57-9C6A-9212392F2D1C}.Release|Any CPU.Build.0 = Release|Any CPU
		{FA84A973-FC0B-4A57-9C6A-9212392F2D1C}.Release|x64.ActiveCfg = Release|x64
		{FA84A973-FC0B-4A57-9C6A-9212392F2D1C}.Release|x64.Build.0 = Release|x64
		{E5AC7ED8-2050-4F5F-BF97-BA0956448B80}.Debug|Any CPU.ActiveCfg = Debug|Any CPU
		{E5AC7ED8-2050-4F5F-BF97-BA0956448B80}.Debug|Any CPU.Build.0 = Debug|Any CPU
		{E5AC7ED8-2050-4F5F-BF97-BA0956448B80}.Debug|x64.ActiveCfg = Debug|x64
		{E5AC7ED8-2050-4F5F-BF97-BA0956448B80}.Debug|x64.Build.0 = Debug|x64
		{E5AC7ED8-2050-4F5F-BF97-BA0956448B80}.Release|Any CPU.ActiveCfg = Release|Any CPU
		{E5AC7ED8-2050-4F5F-BF97-BA0956448B80}.Release|Any CPU.Build.0 = Release|Any CPU
		{E5AC7ED8-2050-4F5F-BF97-BA0956448B80}.Release|x64.ActiveCfg = Release|x64
		{E5AC7ED8-2050-4F5F-BF97-BA0956448B80}.Release|x64.Build.0 = Release|x64
		{EF7C5B21-4CE2-454A-8719-70E6DADACB69}.Debug|Any CPU.ActiveCfg = Debug|Any CPU
		{EF7C5B21-4CE2-454A-8719-70E6DADACB69}.Debug|Any CPU.Build.0 = Debug|Any CPU
		{EF7C5B21-4CE2-454A-8719-70E6DADACB69}.Debug|x64.ActiveCfg = Debug|x64
		{EF7C5B21-4CE2-454A-8719-70E6DADACB69}.Debug|x64.Build.0 = Debug|x64
		{EF7C5B21-4CE2-454A-8719-70E6DADACB69}.Release|Any CPU.ActiveCfg = Release|Any CPU
		{EF7C5B21-4CE2-454A-8719-70E6DADACB69}.Release|Any CPU.Build.0 = Release|Any CPU
		{EF7C5B21-4CE2-454A-8719-70E6DADACB69}.Release|x64.ActiveCfg = Release|x64
		{EF7C5B21-4CE2-454A-8719-70E6DADACB69}.Release|x64.Build.0 = Release|x64
		{8971F01F-671B-4499-B784-6A34DCF4AF8F}.Debug|Any CPU.ActiveCfg = Debug|Any CPU
		{8971F01F-671B-4499-B784-6A34DCF4AF8F}.Debug|Any CPU.Build.0 = Debug|Any CPU
		{8971F01F-671B-4499-B784-6A34DCF4AF8F}.Debug|x64.ActiveCfg = Debug|Any CPU
		{8971F01F-671B-4499-B784-6A34DCF4AF8F}.Debug|x64.Build.0 = Debug|Any CPU
		{8971F01F-671B-4499-B784-6A34DCF4AF8F}.Release|Any CPU.ActiveCfg = Release|Any CPU
		{8971F01F-671B-4499-B784-6A34DCF4AF8F}.Release|Any CPU.Build.0 = Release|Any CPU
		{8971F01F-671B-4499-B784-6A34DCF4AF8F}.Release|x64.ActiveCfg = Release|Any CPU
		{8971F01F-671B-4499-B784-6A34DCF4AF8F}.Release|x64.Build.0 = Release|Any CPU
		{6954B01F-F3BA-4532-B5C6-BD41565731DE}.Debug|Any CPU.ActiveCfg = Debug|Any CPU
		{6954B01F-F3BA-4532-B5C6-BD41565731DE}.Debug|Any CPU.Build.0 = Debug|Any CPU
		{6954B01F-F3BA-4532-B5C6-BD41565731DE}.Debug|x64.ActiveCfg = Debug|Any CPU
		{6954B01F-F3BA-4532-B5C6-BD41565731DE}.Debug|x64.Build.0 = Debug|Any CPU
		{6954B01F-F3BA-4532-B5C6-BD41565731DE}.Release|Any CPU.ActiveCfg = Release|Any CPU
		{6954B01F-F3BA-4532-B5C6-BD41565731DE}.Release|Any CPU.Build.0 = Release|Any CPU
		{6954B01F-F3BA-4532-B5C6-BD41565731DE}.Release|x64.ActiveCfg = Release|Any CPU
		{6954B01F-F3BA-4532-B5C6-BD41565731DE}.Release|x64.Build.0 = Release|Any CPU
	EndGlobalSection
	GlobalSection(SolutionProperties) = preSolution
		HideSolutionNode = FALSE
	EndGlobalSection
	GlobalSection(NestedProjects) = preSolution
		{FED16B15-565B-4ED6-A876-2146EB16B011} = {C249AF40-1812-43D2-A546-F1861C51FF76}
		{56C33683-CE9A-4CC5-9CEF-92E03BC8F739} = {C249AF40-1812-43D2-A546-F1861C51FF76}
		{C8C572DF-2BBA-4483-B332-2652805AEF87} = {3D0961AB-7F57-4475-9B72-6D4A6D68B9C5}
		{1DDF4A9B-D19A-4D3E-9575-0247975320C8} = {3D0961AB-7F57-4475-9B72-6D4A6D68B9C5}
		{15B56201-A129-4396-9431-0E5F9DA7D9F9} = {3D0961AB-7F57-4475-9B72-6D4A6D68B9C5}
		{870A94D5-F08E-481F-A7AE-B90B5C249882} = {3D0961AB-7F57-4475-9B72-6D4A6D68B9C5}
		{0E3B1265-0A95-4777-A1F8-16E195737C5F} = {3D0961AB-7F57-4475-9B72-6D4A6D68B9C5}
		{FA90F834-9065-44C2-8E4B-81C0EF4258A2} = {30373BDC-90B4-49C2-A7D8-09EB9A3873E8}
		{434A7D32-9A53-4342-B349-EF5AF03CAA22} = {30373BDC-90B4-49C2-A7D8-09EB9A3873E8}
		{4AF7D6FE-9885-4550-8306-DA556089F37C} = {EBF6BE69-30B1-4142-A5E4-6959D95595EB}
		{E371A432-F338-4851-AD70-63A1031A2645} = {3D0961AB-7F57-4475-9B72-6D4A6D68B9C5}
		{FA84A973-FC0B-4A57-9C6A-9212392F2D1C} = {3D0961AB-7F57-4475-9B72-6D4A6D68B9C5}
		{E5AC7ED8-2050-4F5F-BF97-BA0956448B80} = {3D0961AB-7F57-4475-9B72-6D4A6D68B9C5}
		{EF7C5B21-4CE2-454A-8719-70E6DADACB69} = {EBF6BE69-30B1-4142-A5E4-6959D95595EB}
		{8971F01F-671B-4499-B784-6A34DCF4AF8F} = {519BA1CF-A8F5-48A7-9B71-9F919F10D2A9}
		{6954B01F-F3BA-4532-B5C6-BD41565731DE} = {519BA1CF-A8F5-48A7-9B71-9F919F10D2A9}
	EndGlobalSection
	GlobalSection(ExtensibilityGlobals) = postSolution
		SolutionGuid = {725677FB-6D10-430B-9E2C-8EC6BBAE8B79}
	EndGlobalSection
	GlobalSection(TeamFoundationVersionControl) = preSolution
		SccNumberOfProjects = 17
		SccEnterpriseProvider = {4CA58AB2-18FA-4F8D-95D4-32DDF27D184C}
		SccTeamFoundationServer = http://192.168.80.32:8080/tfs/vs2015_projects
		SccLocalPath0 = .
		SccProjectUniqueName1 = ..\\Solutions\\Layers.Data\\Layers.Data.csproj
		SccProjectTopLevelParentUniqueName1 = Yahv.Plats.sln
		SccProjectName1 = ../Solutions/Layers.Data
		SccLocalPath1 = ..\\Solutions\\Layers.Data
		SccProjectUniqueName2 = ..\\Solutions\\Layers.Linq\\Layers.Linq.csproj
		SccProjectTopLevelParentUniqueName2 = Yahv.Plats.sln
		SccProjectName2 = ../Solutions/Layers.Linq
		SccLocalPath2 = ..\\Solutions\\Layers.Linq
		SccProjectUniqueName3 = ..\\Solutions\\Yahv.Linq\\Yahv.Linq.csproj
		SccProjectTopLevelParentUniqueName3 = Yahv.Plats.sln
		SccProjectName3 = ../Solutions/Yahv.Linq
		SccLocalPath3 = ..\\Solutions\\Yahv.Linq
		SccProjectUniqueName4 = ..\\Solutions\\Yahv.Settings\\Yahv.Settings.csproj
		SccProjectTopLevelParentUniqueName4 = Yahv.Plats.sln
		SccProjectName4 = ../Solutions/Yahv.Settings
		SccLocalPath4 = ..\\Solutions\\Yahv.Settings
		SccProjectUniqueName5 = ..\\Solutions\\Yahv.Underly\\Yahv.Underly.csproj
		SccProjectTopLevelParentUniqueName5 = Yahv.Plats.sln
		SccProjectName5 = ../Solutions/Yahv.Underly
		SccLocalPath5 = ..\\Solutions\\Yahv.Underly
		SccProjectUniqueName6 = ..\\Solutions\\Yahv.Utils\\Yahv.Utils.csproj
		SccProjectTopLevelParentUniqueName6 = Yahv.Plats.sln
		SccProjectName6 = ../Solutions/Yahv.Utils
		SccLocalPath6 = ..\\Solutions\\Yahv.Utils
		SccProjectUniqueName7 = ..\\Solutions\\Yahv.Web\\Yahv.Web.csproj
		SccProjectTopLevelParentUniqueName7 = Yahv.Plats.sln
		SccProjectName7 = ../Solutions/Yahv.Web
		SccLocalPath7 = ..\\Solutions\\Yahv.Web
		SccProjectUniqueName8 = ..\\Solutions\\FrontFrames\\FrontFrames.csproj
		SccProjectTopLevelParentUniqueName8 = Yahv.Plats.sln
		SccProjectName8 = ../Solutions/FrontFrames
		SccLocalPath8 = ..\\Solutions\\FrontFrames
		SccProjectUniqueName9 = WebApp\\WebApp.csproj
		SccProjectTopLevelParentUniqueName9 = Yahv.Plats.sln
		SccProjectName9 = WebApp
		SccLocalPath9 = WebApp
		SccProjectUniqueName10 = Yahv.Plats.Services\\Yahv.Plats.Services.csproj
		SccProjectTopLevelParentUniqueName10 = Yahv.Plats.sln
		SccProjectName10 = Yahv.Plats.Services
		SccLocalPath10 = Yahv.Plats.Services
		SccProjectUniqueName11 = ..\\Solutions\\Yahv.Erp\\Yahv.Erp.csproj
		SccProjectTopLevelParentUniqueName11 = Yahv.Plats.sln
		SccProjectName11 = ../Solutions/Yahv.Erp
		SccLocalPath11 = ..\\Solutions\\Yahv.Erp
		SccProjectUniqueName12 = ..\\Solutions\\Yahv.Usually\\Yahv.Usually.csproj
		SccProjectTopLevelParentUniqueName12 = Yahv.Plats.sln
		SccProjectName12 = ../Solutions/Yahv.Usually
		SccLocalPath12 = ..\\Solutions\\Yahv.Usually
		SccProjectUniqueName13 = ..\\Solutions\\Yahv.Services\\Yahv.Services.csproj
		SccProjectTopLevelParentUniqueName13 = Yahv.Plats.sln
		SccProjectName13 = ../Solutions/Yahv.Services
		SccLocalPath13 = ..\\Solutions\\Yahv.Services
		SccProjectUniqueName14 = ..\\Solutions\\Yahv.Web.Erp\\Yahv.Web.Erp.csproj
		SccProjectTopLevelParentUniqueName14 = Yahv.Plats.sln
		SccProjectName14 = ../Solutions/Yahv.Web.Erp
		SccLocalPath14 = ..\\Solutions\\Yahv.Web.Erp
		SccProjectUniqueName15 = CnsleApp\\CnsleApp.csproj
		SccProjectTopLevelParentUniqueName15 = Yahv.Plats.sln
		SccProjectName15 = CnsleApp
		SccLocalPath15 = CnsleApp
		SccProjectUniqueName16 = WebAppTester\\WebAppTester.csproj
		SccProjectTopLevelParentUniqueName16 = Yahv.Plats.sln
		SccProjectName16 = WebAppTester
		SccLocalPath16 = WebAppTester
	EndGlobalSection
EndGlobal
