
Microsoft Visual Studio Solution File, Format Version 12.00
# Visual Studio 15
VisualStudioVersion = 15.0.28307.106
MinimumVisualStudioVersion = 10.0.40219.1
Project("{2150E333-8FDC-42A3-9474-1A3956D46DE8}") = "Faces", "Faces", "{C0718EFF-FDF0-4A9F-8595-AA54333DA66E}"
EndProject
Project("{FAE04EC0-301F-11D3-BF4B-00C04F79EFBC}") = "FrontFrames", "..\Solutions\FrontFrames\FrontFrames.csproj", "{FA90F834-9065-44C2-8E4B-81C0EF4258A2}"
EndProject
Project("{2150E333-8FDC-42A3-9474-1A3956D46DE8}") = "Services", "Services", "{2264F70C-D7CC-4286-8380-5D9E1307DB6B}"
EndProject
Project("{2150E333-8FDC-42A3-9474-1A3956D46DE8}") = "Layers", "Layers", "{A9A1FFA8-2111-4B5A-846D-FB38DE8C00A6}"
EndProject
Project("{2150E333-8FDC-42A3-9474-1A3956D46DE8}") = "Yahv", "Yahv", "{B6A7DAAC-BD3C-431F-B064-0DAB9573F400}"
EndProject
Project("{FAE04EC0-301F-11D3-BF4B-00C04F79EFBC}") = "Layers.Data", "..\Solutions\Layers.Data\Layers.Data.csproj", "{FED16B15-565B-4ED6-A876-2146EB16B011}"
EndProject
Project("{FAE04EC0-301F-11D3-BF4B-00C04F79EFBC}") = "Layers.Linq", "..\Solutions\Layers.Linq\Layers.Linq.csproj", "{56C33683-CE9A-4CC5-9CEF-92E03BC8F739}"
EndProject
Project("{FAE04EC0-301F-11D3-BF4B-00C04F79EFBC}") = "Yahv.Web.Erp", "..\Solutions\Yahv.Web.Erp\Yahv.Web.Erp.csproj", "{E5AC7ED8-2050-4F5F-BF97-BA0956448B80}"
EndProject
Project("{FAE04EC0-301F-11D3-BF4B-00C04F79EFBC}") = "Yahv.Web", "..\Solutions\Yahv.Web\Yahv.Web.csproj", "{0E3B1265-0A95-4777-A1F8-16E195737C5F}"
EndProject
Project("{FAE04EC0-301F-11D3-BF4B-00C04F79EFBC}") = "Yahv.Utils", "..\Solutions\Yahv.Utils\Yahv.Utils.csproj", "{870A94D5-F08E-481F-A7AE-B90B5C249882}"
EndProject
Project("{FAE04EC0-301F-11D3-BF4B-00C04F79EFBC}") = "Yahv.Usually", "..\Solutions\Yahv.Usually\Yahv.Usually.csproj", "{FA84A973-FC0B-4A57-9C6A-9212392F2D1C}"
EndProject
Project("{FAE04EC0-301F-11D3-BF4B-00C04F79EFBC}") = "Yahv.Underly", "..\Solutions\Yahv.Underly\Yahv.Underly.csproj", "{15B56201-A129-4396-9431-0E5F9DA7D9F9}"
EndProject
Project("{FAE04EC0-301F-11D3-BF4B-00C04F79EFBC}") = "Yahv.Settings", "..\Solutions\Yahv.Settings\Yahv.Settings.csproj", "{1DDF4A9B-D19A-4D3E-9575-0247975320C8}"
EndProject
Project("{FAE04EC0-301F-11D3-BF4B-00C04F79EFBC}") = "Yahv.Linq", "..\Solutions\Yahv.Linq\Yahv.Linq.csproj", "{C8C572DF-2BBA-4483-B332-2652805AEF87}"
EndProject
Project("{FAE04EC0-301F-11D3-BF4B-00C04F79EFBC}") = "Yahv.Erp", "..\Solutions\Yahv.Erp\Yahv.Erp.csproj", "{E371A432-F338-4851-AD70-63A1031A2645}"
EndProject
Project("{FAE04EC0-301F-11D3-BF4B-00C04F79EFBC}") = "Yahv.CrmPlus.WebApp", "Yahv.CrmPlus.WebApp\Yahv.CrmPlus.WebApp.csproj", "{E59712B8-8D65-403A-8F7B-516994367EDF}"
EndProject
Project("{FAE04EC0-301F-11D3-BF4B-00C04F79EFBC}") = "Yahv.CrmPlus.Service", "Yahv.CrmPlus.Service\Yahv.CrmPlus.Service.csproj", "{96CA58BB-9453-4BB5-92FD-907DE92A0DDD}"
EndProject
Project("{FAE04EC0-301F-11D3-BF4B-00C04F79EFBC}") = "Shared.CrmPlus.Services", "Shared.CrmPlus.Services\Shared.CrmPlus.Services.csproj", "{9B6367B1-83D1-4963-8415-DE4864EC37B7}"
EndProject
Project("{FAE04EC0-301F-11D3-BF4B-00C04F79EFBC}") = "Yahv.CrmPlus.WebApi", "Yahv.CrmPlus.WebApi\Yahv.CrmPlus.WebApi.csproj", "{0C46A99B-39E6-4DF8-BC37-CB2E1292701A}"
EndProject
Global
	GlobalSection(SolutionConfigurationPlatforms) = preSolution
		Debug|Any CPU = Debug|Any CPU
		Debug|x64 = Debug|x64
		ProductionVersion|Any CPU = ProductionVersion|Any CPU
		ProductionVersion|x64 = ProductionVersion|x64
		Release|Any CPU = Release|Any CPU
		Release|x64 = Release|x64
	EndGlobalSection
	GlobalSection(ProjectConfigurationPlatforms) = postSolution
		{FA90F834-9065-44C2-8E4B-81C0EF4258A2}.Debug|Any CPU.ActiveCfg = Debug|Any CPU
		{FA90F834-9065-44C2-8E4B-81C0EF4258A2}.Debug|Any CPU.Build.0 = Debug|Any CPU
		{FA90F834-9065-44C2-8E4B-81C0EF4258A2}.Debug|x64.ActiveCfg = Debug|x64
		{FA90F834-9065-44C2-8E4B-81C0EF4258A2}.Debug|x64.Build.0 = Debug|x64
		{FA90F834-9065-44C2-8E4B-81C0EF4258A2}.ProductionVersion|Any CPU.ActiveCfg = Release|Any CPU
		{FA90F834-9065-44C2-8E4B-81C0EF4258A2}.ProductionVersion|Any CPU.Build.0 = Release|Any CPU
		{FA90F834-9065-44C2-8E4B-81C0EF4258A2}.ProductionVersion|x64.ActiveCfg = Release|x64
		{FA90F834-9065-44C2-8E4B-81C0EF4258A2}.ProductionVersion|x64.Build.0 = Release|x64
		{FA90F834-9065-44C2-8E4B-81C0EF4258A2}.Release|Any CPU.ActiveCfg = Release|Any CPU
		{FA90F834-9065-44C2-8E4B-81C0EF4258A2}.Release|Any CPU.Build.0 = Release|Any CPU
		{FA90F834-9065-44C2-8E4B-81C0EF4258A2}.Release|x64.ActiveCfg = Release|x64
		{FA90F834-9065-44C2-8E4B-81C0EF4258A2}.Release|x64.Build.0 = Release|x64
		{FED16B15-565B-4ED6-A876-2146EB16B011}.Debug|Any CPU.ActiveCfg = Debug|Any CPU
		{FED16B15-565B-4ED6-A876-2146EB16B011}.Debug|Any CPU.Build.0 = Debug|Any CPU
		{FED16B15-565B-4ED6-A876-2146EB16B011}.Debug|x64.ActiveCfg = Debug|x64
		{FED16B15-565B-4ED6-A876-2146EB16B011}.Debug|x64.Build.0 = Debug|x64
		{FED16B15-565B-4ED6-A876-2146EB16B011}.ProductionVersion|Any CPU.ActiveCfg = Release|Any CPU
		{FED16B15-565B-4ED6-A876-2146EB16B011}.ProductionVersion|Any CPU.Build.0 = Release|Any CPU
		{FED16B15-565B-4ED6-A876-2146EB16B011}.ProductionVersion|x64.ActiveCfg = Release|x64
		{FED16B15-565B-4ED6-A876-2146EB16B011}.ProductionVersion|x64.Build.0 = Release|x64
		{FED16B15-565B-4ED6-A876-2146EB16B011}.Release|Any CPU.ActiveCfg = Release|Any CPU
		{FED16B15-565B-4ED6-A876-2146EB16B011}.Release|Any CPU.Build.0 = Release|Any CPU
		{FED16B15-565B-4ED6-A876-2146EB16B011}.Release|x64.ActiveCfg = Release|x64
		{FED16B15-565B-4ED6-A876-2146EB16B011}.Release|x64.Build.0 = Release|x64
		{56C33683-CE9A-4CC5-9CEF-92E03BC8F739}.Debug|Any CPU.ActiveCfg = Debug|Any CPU
		{56C33683-CE9A-4CC5-9CEF-92E03BC8F739}.Debug|Any CPU.Build.0 = Debug|Any CPU
		{56C33683-CE9A-4CC5-9CEF-92E03BC8F739}.Debug|x64.ActiveCfg = Debug|x64
		{56C33683-CE9A-4CC5-9CEF-92E03BC8F739}.Debug|x64.Build.0 = Debug|x64
		{56C33683-CE9A-4CC5-9CEF-92E03BC8F739}.ProductionVersion|Any CPU.ActiveCfg = ProductionVersion|Any CPU
		{56C33683-CE9A-4CC5-9CEF-92E03BC8F739}.ProductionVersion|Any CPU.Build.0 = ProductionVersion|Any CPU
		{56C33683-CE9A-4CC5-9CEF-92E03BC8F739}.ProductionVersion|x64.ActiveCfg = ProductionVersion|x64
		{56C33683-CE9A-4CC5-9CEF-92E03BC8F739}.ProductionVersion|x64.Build.0 = ProductionVersion|x64
		{56C33683-CE9A-4CC5-9CEF-92E03BC8F739}.Release|Any CPU.ActiveCfg = Release|Any CPU
		{56C33683-CE9A-4CC5-9CEF-92E03BC8F739}.Release|Any CPU.Build.0 = Release|Any CPU
		{56C33683-CE9A-4CC5-9CEF-92E03BC8F739}.Release|x64.ActiveCfg = Release|x64
		{56C33683-CE9A-4CC5-9CEF-92E03BC8F739}.Release|x64.Build.0 = Release|x64
		{E5AC7ED8-2050-4F5F-BF97-BA0956448B80}.Debug|Any CPU.ActiveCfg = Debug|Any CPU
		{E5AC7ED8-2050-4F5F-BF97-BA0956448B80}.Debug|Any CPU.Build.0 = Debug|Any CPU
		{E5AC7ED8-2050-4F5F-BF97-BA0956448B80}.Debug|x64.ActiveCfg = Debug|x64
		{E5AC7ED8-2050-4F5F-BF97-BA0956448B80}.Debug|x64.Build.0 = Debug|x64
		{E5AC7ED8-2050-4F5F-BF97-BA0956448B80}.ProductionVersion|Any CPU.ActiveCfg = ProductionVersion|Any CPU
		{E5AC7ED8-2050-4F5F-BF97-BA0956448B80}.ProductionVersion|Any CPU.Build.0 = ProductionVersion|Any CPU
		{E5AC7ED8-2050-4F5F-BF97-BA0956448B80}.ProductionVersion|x64.ActiveCfg = ProductionVersion|x64
		{E5AC7ED8-2050-4F5F-BF97-BA0956448B80}.ProductionVersion|x64.Build.0 = ProductionVersion|x64
		{E5AC7ED8-2050-4F5F-BF97-BA0956448B80}.Release|Any CPU.ActiveCfg = Release|Any CPU
		{E5AC7ED8-2050-4F5F-BF97-BA0956448B80}.Release|Any CPU.Build.0 = Release|Any CPU
		{E5AC7ED8-2050-4F5F-BF97-BA0956448B80}.Release|x64.ActiveCfg = Release|x64
		{E5AC7ED8-2050-4F5F-BF97-BA0956448B80}.Release|x64.Build.0 = Release|x64
		{0E3B1265-0A95-4777-A1F8-16E195737C5F}.Debug|Any CPU.ActiveCfg = Debug|Any CPU
		{0E3B1265-0A95-4777-A1F8-16E195737C5F}.Debug|Any CPU.Build.0 = Debug|Any CPU
		{0E3B1265-0A95-4777-A1F8-16E195737C5F}.Debug|x64.ActiveCfg = Debug|x64
		{0E3B1265-0A95-4777-A1F8-16E195737C5F}.Debug|x64.Build.0 = Debug|x64
		{0E3B1265-0A95-4777-A1F8-16E195737C5F}.ProductionVersion|Any CPU.ActiveCfg = ProductionVersion|Any CPU
		{0E3B1265-0A95-4777-A1F8-16E195737C5F}.ProductionVersion|Any CPU.Build.0 = ProductionVersion|Any CPU
		{0E3B1265-0A95-4777-A1F8-16E195737C5F}.ProductionVersion|x64.ActiveCfg = ProductionVersion|x64
		{0E3B1265-0A95-4777-A1F8-16E195737C5F}.ProductionVersion|x64.Build.0 = ProductionVersion|x64
		{0E3B1265-0A95-4777-A1F8-16E195737C5F}.Release|Any CPU.ActiveCfg = Release|Any CPU
		{0E3B1265-0A95-4777-A1F8-16E195737C5F}.Release|Any CPU.Build.0 = Release|Any CPU
		{0E3B1265-0A95-4777-A1F8-16E195737C5F}.Release|x64.ActiveCfg = Release|x64
		{0E3B1265-0A95-4777-A1F8-16E195737C5F}.Release|x64.Build.0 = Release|x64
		{870A94D5-F08E-481F-A7AE-B90B5C249882}.Debug|Any CPU.ActiveCfg = Debug|Any CPU
		{870A94D5-F08E-481F-A7AE-B90B5C249882}.Debug|Any CPU.Build.0 = Debug|Any CPU
		{870A94D5-F08E-481F-A7AE-B90B5C249882}.Debug|x64.ActiveCfg = Debug|x64
		{870A94D5-F08E-481F-A7AE-B90B5C249882}.Debug|x64.Build.0 = Debug|x64
		{870A94D5-F08E-481F-A7AE-B90B5C249882}.ProductionVersion|Any CPU.ActiveCfg = ProductionVersion|Any CPU
		{870A94D5-F08E-481F-A7AE-B90B5C249882}.ProductionVersion|Any CPU.Build.0 = ProductionVersion|Any CPU
		{870A94D5-F08E-481F-A7AE-B90B5C249882}.ProductionVersion|x64.ActiveCfg = ProductionVersion|x64
		{870A94D5-F08E-481F-A7AE-B90B5C249882}.ProductionVersion|x64.Build.0 = ProductionVersion|x64
		{870A94D5-F08E-481F-A7AE-B90B5C249882}.Release|Any CPU.ActiveCfg = Release|Any CPU
		{870A94D5-F08E-481F-A7AE-B90B5C249882}.Release|Any CPU.Build.0 = Release|Any CPU
		{870A94D5-F08E-481F-A7AE-B90B5C249882}.Release|x64.ActiveCfg = Release|x64
		{870A94D5-F08E-481F-A7AE-B90B5C249882}.Release|x64.Build.0 = Release|x64
		{FA84A973-FC0B-4A57-9C6A-9212392F2D1C}.Debug|Any CPU.ActiveCfg = Debug|Any CPU
		{FA84A973-FC0B-4A57-9C6A-9212392F2D1C}.Debug|Any CPU.Build.0 = Debug|Any CPU
		{FA84A973-FC0B-4A57-9C6A-9212392F2D1C}.Debug|x64.ActiveCfg = Debug|x64
		{FA84A973-FC0B-4A57-9C6A-9212392F2D1C}.Debug|x64.Build.0 = Debug|x64
		{FA84A973-FC0B-4A57-9C6A-9212392F2D1C}.ProductionVersion|Any CPU.ActiveCfg = ProductionVersion|Any CPU
		{FA84A973-FC0B-4A57-9C6A-9212392F2D1C}.ProductionVersion|Any CPU.Build.0 = ProductionVersion|Any CPU
		{FA84A973-FC0B-4A57-9C6A-9212392F2D1C}.ProductionVersion|x64.ActiveCfg = ProductionVersion|x64
		{FA84A973-FC0B-4A57-9C6A-9212392F2D1C}.ProductionVersion|x64.Build.0 = ProductionVersion|x64
		{FA84A973-FC0B-4A57-9C6A-9212392F2D1C}.Release|Any CPU.ActiveCfg = Release|Any CPU
		{FA84A973-FC0B-4A57-9C6A-9212392F2D1C}.Release|Any CPU.Build.0 = Release|Any CPU
		{FA84A973-FC0B-4A57-9C6A-9212392F2D1C}.Release|x64.ActiveCfg = Release|x64
		{FA84A973-FC0B-4A57-9C6A-9212392F2D1C}.Release|x64.Build.0 = Release|x64
		{15B56201-A129-4396-9431-0E5F9DA7D9F9}.Debug|Any CPU.ActiveCfg = Debug|Any CPU
		{15B56201-A129-4396-9431-0E5F9DA7D9F9}.Debug|Any CPU.Build.0 = Debug|Any CPU
		{15B56201-A129-4396-9431-0E5F9DA7D9F9}.Debug|x64.ActiveCfg = Debug|x64
		{15B56201-A129-4396-9431-0E5F9DA7D9F9}.Debug|x64.Build.0 = Debug|x64
		{15B56201-A129-4396-9431-0E5F9DA7D9F9}.ProductionVersion|Any CPU.ActiveCfg = ProductionVersion|Any CPU
		{15B56201-A129-4396-9431-0E5F9DA7D9F9}.ProductionVersion|Any CPU.Build.0 = ProductionVersion|Any CPU
		{15B56201-A129-4396-9431-0E5F9DA7D9F9}.ProductionVersion|x64.ActiveCfg = ProductionVersion|x64
		{15B56201-A129-4396-9431-0E5F9DA7D9F9}.ProductionVersion|x64.Build.0 = ProductionVersion|x64
		{15B56201-A129-4396-9431-0E5F9DA7D9F9}.Release|Any CPU.ActiveCfg = Release|Any CPU
		{15B56201-A129-4396-9431-0E5F9DA7D9F9}.Release|Any CPU.Build.0 = Release|Any CPU
		{15B56201-A129-4396-9431-0E5F9DA7D9F9}.Release|x64.ActiveCfg = Release|x64
		{15B56201-A129-4396-9431-0E5F9DA7D9F9}.Release|x64.Build.0 = Release|x64
		{1DDF4A9B-D19A-4D3E-9575-0247975320C8}.Debug|Any CPU.ActiveCfg = Debug|Any CPU
		{1DDF4A9B-D19A-4D3E-9575-0247975320C8}.Debug|Any CPU.Build.0 = Debug|Any CPU
		{1DDF4A9B-D19A-4D3E-9575-0247975320C8}.Debug|x64.ActiveCfg = Debug|x64
		{1DDF4A9B-D19A-4D3E-9575-0247975320C8}.Debug|x64.Build.0 = Debug|x64
		{1DDF4A9B-D19A-4D3E-9575-0247975320C8}.ProductionVersion|Any CPU.ActiveCfg = ProductionVersion|Any CPU
		{1DDF4A9B-D19A-4D3E-9575-0247975320C8}.ProductionVersion|Any CPU.Build.0 = ProductionVersion|Any CPU
		{1DDF4A9B-D19A-4D3E-9575-0247975320C8}.ProductionVersion|x64.ActiveCfg = ProductionVersion|x64
		{1DDF4A9B-D19A-4D3E-9575-0247975320C8}.ProductionVersion|x64.Build.0 = ProductionVersion|x64
		{1DDF4A9B-D19A-4D3E-9575-0247975320C8}.Release|Any CPU.ActiveCfg = Release|Any CPU
		{1DDF4A9B-D19A-4D3E-9575-0247975320C8}.Release|Any CPU.Build.0 = Release|Any CPU
		{1DDF4A9B-D19A-4D3E-9575-0247975320C8}.Release|x64.ActiveCfg = Release|x64
		{1DDF4A9B-D19A-4D3E-9575-0247975320C8}.Release|x64.Build.0 = Release|x64
		{C8C572DF-2BBA-4483-B332-2652805AEF87}.Debug|Any CPU.ActiveCfg = Debug|Any CPU
		{C8C572DF-2BBA-4483-B332-2652805AEF87}.Debug|Any CPU.Build.0 = Debug|Any CPU
		{C8C572DF-2BBA-4483-B332-2652805AEF87}.Debug|x64.ActiveCfg = Debug|x64
		{C8C572DF-2BBA-4483-B332-2652805AEF87}.Debug|x64.Build.0 = Debug|x64
		{C8C572DF-2BBA-4483-B332-2652805AEF87}.ProductionVersion|Any CPU.ActiveCfg = ProductionVersion|Any CPU
		{C8C572DF-2BBA-4483-B332-2652805AEF87}.ProductionVersion|Any CPU.Build.0 = ProductionVersion|Any CPU
		{C8C572DF-2BBA-4483-B332-2652805AEF87}.ProductionVersion|x64.ActiveCfg = ProductionVersion|x64
		{C8C572DF-2BBA-4483-B332-2652805AEF87}.ProductionVersion|x64.Build.0 = ProductionVersion|x64
		{C8C572DF-2BBA-4483-B332-2652805AEF87}.Release|Any CPU.ActiveCfg = Release|Any CPU
		{C8C572DF-2BBA-4483-B332-2652805AEF87}.Release|Any CPU.Build.0 = Release|Any CPU
		{C8C572DF-2BBA-4483-B332-2652805AEF87}.Release|x64.ActiveCfg = Release|x64
		{C8C572DF-2BBA-4483-B332-2652805AEF87}.Release|x64.Build.0 = Release|x64
		{E371A432-F338-4851-AD70-63A1031A2645}.Debug|Any CPU.ActiveCfg = Debug|Any CPU
		{E371A432-F338-4851-AD70-63A1031A2645}.Debug|Any CPU.Build.0 = Debug|Any CPU
		{E371A432-F338-4851-AD70-63A1031A2645}.Debug|x64.ActiveCfg = Debug|x64
		{E371A432-F338-4851-AD70-63A1031A2645}.Debug|x64.Build.0 = Debug|x64
		{E371A432-F338-4851-AD70-63A1031A2645}.ProductionVersion|Any CPU.ActiveCfg = ProductionVersion|Any CPU
		{E371A432-F338-4851-AD70-63A1031A2645}.ProductionVersion|Any CPU.Build.0 = ProductionVersion|Any CPU
		{E371A432-F338-4851-AD70-63A1031A2645}.ProductionVersion|x64.ActiveCfg = ProductionVersion|x64
		{E371A432-F338-4851-AD70-63A1031A2645}.ProductionVersion|x64.Build.0 = ProductionVersion|x64
		{E371A432-F338-4851-AD70-63A1031A2645}.Release|Any CPU.ActiveCfg = Release|Any CPU
		{E371A432-F338-4851-AD70-63A1031A2645}.Release|Any CPU.Build.0 = Release|Any CPU
		{E371A432-F338-4851-AD70-63A1031A2645}.Release|x64.ActiveCfg = Release|x64
		{E371A432-F338-4851-AD70-63A1031A2645}.Release|x64.Build.0 = Release|x64
		{E59712B8-8D65-403A-8F7B-516994367EDF}.Debug|Any CPU.ActiveCfg = Debug|Any CPU
		{E59712B8-8D65-403A-8F7B-516994367EDF}.Debug|Any CPU.Build.0 = Debug|Any CPU
		{E59712B8-8D65-403A-8F7B-516994367EDF}.Debug|x64.ActiveCfg = Debug|Any CPU
		{E59712B8-8D65-403A-8F7B-516994367EDF}.Debug|x64.Build.0 = Debug|Any CPU
		{E59712B8-8D65-403A-8F7B-516994367EDF}.ProductionVersion|Any CPU.ActiveCfg = Release|Any CPU
		{E59712B8-8D65-403A-8F7B-516994367EDF}.ProductionVersion|Any CPU.Build.0 = Release|Any CPU
		{E59712B8-8D65-403A-8F7B-516994367EDF}.ProductionVersion|x64.ActiveCfg = Release|Any CPU
		{E59712B8-8D65-403A-8F7B-516994367EDF}.ProductionVersion|x64.Build.0 = Release|Any CPU
		{E59712B8-8D65-403A-8F7B-516994367EDF}.Release|Any CPU.ActiveCfg = Release|Any CPU
		{E59712B8-8D65-403A-8F7B-516994367EDF}.Release|Any CPU.Build.0 = Release|Any CPU
		{E59712B8-8D65-403A-8F7B-516994367EDF}.Release|x64.ActiveCfg = Release|Any CPU
		{E59712B8-8D65-403A-8F7B-516994367EDF}.Release|x64.Build.0 = Release|Any CPU
		{96CA58BB-9453-4BB5-92FD-907DE92A0DDD}.Debug|Any CPU.ActiveCfg = Debug|Any CPU
		{96CA58BB-9453-4BB5-92FD-907DE92A0DDD}.Debug|Any CPU.Build.0 = Debug|Any CPU
		{96CA58BB-9453-4BB5-92FD-907DE92A0DDD}.Debug|x64.ActiveCfg = Debug|Any CPU
		{96CA58BB-9453-4BB5-92FD-907DE92A0DDD}.Debug|x64.Build.0 = Debug|Any CPU
		{96CA58BB-9453-4BB5-92FD-907DE92A0DDD}.ProductionVersion|Any CPU.ActiveCfg = Release|Any CPU
		{96CA58BB-9453-4BB5-92FD-907DE92A0DDD}.ProductionVersion|Any CPU.Build.0 = Release|Any CPU
		{96CA58BB-9453-4BB5-92FD-907DE92A0DDD}.ProductionVersion|x64.ActiveCfg = Release|Any CPU
		{96CA58BB-9453-4BB5-92FD-907DE92A0DDD}.ProductionVersion|x64.Build.0 = Release|Any CPU
		{96CA58BB-9453-4BB5-92FD-907DE92A0DDD}.Release|Any CPU.ActiveCfg = Release|Any CPU
		{96CA58BB-9453-4BB5-92FD-907DE92A0DDD}.Release|Any CPU.Build.0 = Release|Any CPU
		{96CA58BB-9453-4BB5-92FD-907DE92A0DDD}.Release|x64.ActiveCfg = Release|Any CPU
		{96CA58BB-9453-4BB5-92FD-907DE92A0DDD}.Release|x64.Build.0 = Release|Any CPU
		{9B6367B1-83D1-4963-8415-DE4864EC37B7}.Debug|Any CPU.ActiveCfg = Debug|Any CPU
		{9B6367B1-83D1-4963-8415-DE4864EC37B7}.Debug|Any CPU.Build.0 = Debug|Any CPU
		{9B6367B1-83D1-4963-8415-DE4864EC37B7}.Debug|x64.ActiveCfg = Debug|Any CPU
		{9B6367B1-83D1-4963-8415-DE4864EC37B7}.Debug|x64.Build.0 = Debug|Any CPU
		{9B6367B1-83D1-4963-8415-DE4864EC37B7}.ProductionVersion|Any CPU.ActiveCfg = Release|Any CPU
		{9B6367B1-83D1-4963-8415-DE4864EC37B7}.ProductionVersion|Any CPU.Build.0 = Release|Any CPU
		{9B6367B1-83D1-4963-8415-DE4864EC37B7}.ProductionVersion|x64.ActiveCfg = Release|Any CPU
		{9B6367B1-83D1-4963-8415-DE4864EC37B7}.ProductionVersion|x64.Build.0 = Release|Any CPU
		{9B6367B1-83D1-4963-8415-DE4864EC37B7}.Release|Any CPU.ActiveCfg = Release|Any CPU
		{9B6367B1-83D1-4963-8415-DE4864EC37B7}.Release|Any CPU.Build.0 = Release|Any CPU
		{9B6367B1-83D1-4963-8415-DE4864EC37B7}.Release|x64.ActiveCfg = Release|Any CPU
		{9B6367B1-83D1-4963-8415-DE4864EC37B7}.Release|x64.Build.0 = Release|Any CPU
		{0C46A99B-39E6-4DF8-BC37-CB2E1292701A}.Debug|Any CPU.ActiveCfg = Debug|Any CPU
		{0C46A99B-39E6-4DF8-BC37-CB2E1292701A}.Debug|Any CPU.Build.0 = Debug|Any CPU
		{0C46A99B-39E6-4DF8-BC37-CB2E1292701A}.Debug|x64.ActiveCfg = Debug|Any CPU
		{0C46A99B-39E6-4DF8-BC37-CB2E1292701A}.Debug|x64.Build.0 = Debug|Any CPU
		{0C46A99B-39E6-4DF8-BC37-CB2E1292701A}.ProductionVersion|Any CPU.ActiveCfg = Release|Any CPU
		{0C46A99B-39E6-4DF8-BC37-CB2E1292701A}.ProductionVersion|Any CPU.Build.0 = Release|Any CPU
		{0C46A99B-39E6-4DF8-BC37-CB2E1292701A}.ProductionVersion|x64.ActiveCfg = Release|Any CPU
		{0C46A99B-39E6-4DF8-BC37-CB2E1292701A}.ProductionVersion|x64.Build.0 = Release|Any CPU
		{0C46A99B-39E6-4DF8-BC37-CB2E1292701A}.Release|Any CPU.ActiveCfg = Release|Any CPU
		{0C46A99B-39E6-4DF8-BC37-CB2E1292701A}.Release|Any CPU.Build.0 = Release|Any CPU
		{0C46A99B-39E6-4DF8-BC37-CB2E1292701A}.Release|x64.ActiveCfg = Release|Any CPU
		{0C46A99B-39E6-4DF8-BC37-CB2E1292701A}.Release|x64.Build.0 = Release|Any CPU
	EndGlobalSection
	GlobalSection(SolutionProperties) = preSolution
		HideSolutionNode = FALSE
	EndGlobalSection
	GlobalSection(NestedProjects) = preSolution
		{FA90F834-9065-44C2-8E4B-81C0EF4258A2} = {C0718EFF-FDF0-4A9F-8595-AA54333DA66E}
		{FED16B15-565B-4ED6-A876-2146EB16B011} = {A9A1FFA8-2111-4B5A-846D-FB38DE8C00A6}
		{56C33683-CE9A-4CC5-9CEF-92E03BC8F739} = {A9A1FFA8-2111-4B5A-846D-FB38DE8C00A6}
		{E5AC7ED8-2050-4F5F-BF97-BA0956448B80} = {B6A7DAAC-BD3C-431F-B064-0DAB9573F400}
		{0E3B1265-0A95-4777-A1F8-16E195737C5F} = {B6A7DAAC-BD3C-431F-B064-0DAB9573F400}
		{870A94D5-F08E-481F-A7AE-B90B5C249882} = {B6A7DAAC-BD3C-431F-B064-0DAB9573F400}
		{FA84A973-FC0B-4A57-9C6A-9212392F2D1C} = {B6A7DAAC-BD3C-431F-B064-0DAB9573F400}
		{15B56201-A129-4396-9431-0E5F9DA7D9F9} = {B6A7DAAC-BD3C-431F-B064-0DAB9573F400}
		{1DDF4A9B-D19A-4D3E-9575-0247975320C8} = {B6A7DAAC-BD3C-431F-B064-0DAB9573F400}
		{C8C572DF-2BBA-4483-B332-2652805AEF87} = {B6A7DAAC-BD3C-431F-B064-0DAB9573F400}
		{E371A432-F338-4851-AD70-63A1031A2645} = {B6A7DAAC-BD3C-431F-B064-0DAB9573F400}
		{E59712B8-8D65-403A-8F7B-516994367EDF} = {C0718EFF-FDF0-4A9F-8595-AA54333DA66E}
		{96CA58BB-9453-4BB5-92FD-907DE92A0DDD} = {2264F70C-D7CC-4286-8380-5D9E1307DB6B}
		{9B6367B1-83D1-4963-8415-DE4864EC37B7} = {2264F70C-D7CC-4286-8380-5D9E1307DB6B}
		{0C46A99B-39E6-4DF8-BC37-CB2E1292701A} = {C0718EFF-FDF0-4A9F-8595-AA54333DA66E}
	EndGlobalSection
	GlobalSection(ExtensibilityGlobals) = postSolution
		SolutionGuid = {A388D959-A4DF-411E-8658-D4152CDA6679}
	EndGlobalSection
	GlobalSection(TeamFoundationVersionControl) = preSolution
		SccNumberOfProjects = 16
		SccEnterpriseProvider = {4CA58AB2-18FA-4F8D-95D4-32DDF27D184C}
		SccTeamFoundationServer = http://192.168.80.32:8080/tfs/vs2015_projects
		SccLocalPath0 = .
		SccProjectUniqueName1 = ..\\Solutions\\FrontFrames\\FrontFrames.csproj
		SccProjectTopLevelParentUniqueName1 = Yahv.CrmPlus.sln
		SccProjectName1 = ../Solutions/FrontFrames
		SccLocalPath1 = ..\\Solutions\\FrontFrames
		SccProjectUniqueName2 = ..\\Solutions\\Layers.Data\\Layers.Data.csproj
		SccProjectTopLevelParentUniqueName2 = Yahv.CrmPlus.sln
		SccProjectName2 = ../Solutions/Layers.Data
		SccLocalPath2 = ..\\Solutions\\Layers.Data
		SccProjectUniqueName3 = ..\\Solutions\\Layers.Linq\\Layers.Linq.csproj
		SccProjectTopLevelParentUniqueName3 = Yahv.CrmPlus.sln
		SccProjectName3 = ../Solutions/Layers.Linq
		SccLocalPath3 = ..\\Solutions\\Layers.Linq
		SccProjectUniqueName4 = ..\\Solutions\\Yahv.Web.Erp\\Yahv.Web.Erp.csproj
		SccProjectTopLevelParentUniqueName4 = Yahv.CrmPlus.sln
		SccProjectName4 = ../Solutions/Yahv.Web.Erp
		SccLocalPath4 = ..\\Solutions\\Yahv.Web.Erp
		SccProjectUniqueName5 = ..\\Solutions\\Yahv.Web\\Yahv.Web.csproj
		SccProjectTopLevelParentUniqueName5 = Yahv.CrmPlus.sln
		SccProjectName5 = ../Solutions/Yahv.Web
		SccLocalPath5 = ..\\Solutions\\Yahv.Web
		SccProjectUniqueName6 = ..\\Solutions\\Yahv.Utils\\Yahv.Utils.csproj
		SccProjectTopLevelParentUniqueName6 = Yahv.CrmPlus.sln
		SccProjectName6 = ../Solutions/Yahv.Utils
		SccLocalPath6 = ..\\Solutions\\Yahv.Utils
		SccProjectUniqueName7 = ..\\Solutions\\Yahv.Usually\\Yahv.Usually.csproj
		SccProjectTopLevelParentUniqueName7 = Yahv.CrmPlus.sln
		SccProjectName7 = ../Solutions/Yahv.Usually
		SccLocalPath7 = ..\\Solutions\\Yahv.Usually
		SccProjectUniqueName8 = ..\\Solutions\\Yahv.Underly\\Yahv.Underly.csproj
		SccProjectTopLevelParentUniqueName8 = Yahv.CrmPlus.sln
		SccProjectName8 = ../Solutions/Yahv.Underly
		SccLocalPath8 = ..\\Solutions\\Yahv.Underly
		SccProjectUniqueName9 = ..\\Solutions\\Yahv.Settings\\Yahv.Settings.csproj
		SccProjectTopLevelParentUniqueName9 = Yahv.CrmPlus.sln
		SccProjectName9 = ../Solutions/Yahv.Settings
		SccLocalPath9 = ..\\Solutions\\Yahv.Settings
		SccProjectUniqueName10 = ..\\Solutions\\Yahv.Linq\\Yahv.Linq.csproj
		SccProjectTopLevelParentUniqueName10 = Yahv.CrmPlus.sln
		SccProjectName10 = ../Solutions/Yahv.Linq
		SccLocalPath10 = ..\\Solutions\\Yahv.Linq
		SccProjectUniqueName11 = ..\\Solutions\\Yahv.Erp\\Yahv.Erp.csproj
		SccProjectTopLevelParentUniqueName11 = Yahv.CrmPlus.sln
		SccProjectName11 = ../Solutions/Yahv.Erp
		SccLocalPath11 = ..\\Solutions\\Yahv.Erp
		SccProjectUniqueName12 = Yahv.CrmPlus.WebApp\\Yahv.CrmPlus.WebApp.csproj
		SccProjectTopLevelParentUniqueName12 = Yahv.CrmPlus.sln
		SccProjectName12 = Yahv.CrmPlus.WebApp
		SccLocalPath12 = Yahv.CrmPlus.WebApp
		SccProjectUniqueName13 = Yahv.CrmPlus.Service\\Yahv.CrmPlus.Service.csproj
		SccProjectTopLevelParentUniqueName13 = Yahv.CrmPlus.sln
		SccProjectName13 = Yahv.CrmPlus.Service
		SccLocalPath13 = Yahv.CrmPlus.Service
		SccProjectUniqueName14 = Shared.CrmPlus.Services\\Shared.CrmPlus.Services.csproj
		SccProjectTopLevelParentUniqueName14 = Yahv.CrmPlus.sln
		SccProjectName14 = Shared.CrmPlus.Services
		SccLocalPath14 = Shared.CrmPlus.Services
		SccProjectUniqueName15 = Yahv.CrmPlus.WebApi\\Yahv.CrmPlus.WebApi.csproj
		SccProjectTopLevelParentUniqueName15 = Yahv.CrmPlus.sln
		SccProjectName15 = Yahv.CrmPlus.WebApi
		SccLocalPath15 = Yahv.CrmPlus.WebApi
	EndGlobalSection
EndGlobal
