
Microsoft Visual Studio Solution File, Format Version 12.00
# Visual Studio 14
VisualStudioVersion = 14.0.25420.1
MinimumVisualStudioVersion = 10.0.40219.1
Project("{FAE04EC0-301F-11D3-BF4B-00C04F79EFBC}") = "Layer.Data", "..\NewSolution\Layer.Data\Layer.Data.csproj", "{220CF961-81EF-4288-8D42-54CEFBE35086}"
EndProject
Project("{FAE04EC0-301F-11D3-BF4B-00C04F79EFBC}") = "Layer.Linq", "..\NewSolution\Layer.Linq\Layer.Linq.csproj", "{7031FF1C-1FB9-457C-88FE-9955E07BADD3}"
EndProject
Project("{FAE04EC0-301F-11D3-BF4B-00C04F79EFBC}") = "Needs.Linq", "..\NewSolution\Needs.Linq\Needs.Linq.csproj", "{8F7FFCB1-97BC-4977-B262-71365AE8EC62}"
EndProject
Project("{FAE04EC0-301F-11D3-BF4B-00C04F79EFBC}") = "Needs.Underly", "..\NewSolution\Needs.Underly\Needs.Underly.csproj", "{B775E7D1-CF0E-43BC-A0E4-874DB5645A09}"
EndProject
Project("{FAE04EC0-301F-11D3-BF4B-00C04F79EFBC}") = "Needs.Utils", "..\NewSolution\Needs.Utils\Needs.Utils.csproj", "{71B45033-2D91-4FAD-BB5B-441174260E6A}"
EndProject
Project("{FAE04EC0-301F-11D3-BF4B-00C04F79EFBC}") = "Needs.Web", "..\NewSolution\Needs.Web\Needs.Web.csproj", "{A847D3F0-43F2-4D42-8864-EC8F25550786}"
EndProject
Project("{FAE04EC0-301F-11D3-BF4B-00C04F79EFBC}") = "ConsoleApp", "ConsoleApp\ConsoleApp.csproj", "{D139A745-960E-4DAB-8215-1BB42051F609}"
EndProject
Project("{FAE04EC0-301F-11D3-BF4B-00C04F79EFBC}") = "NtErp.Wss.Oss.Services", "NtErp.Wss.Oss.Services\NtErp.Wss.Oss.Services.csproj", "{A04A161E-6ABF-4324-9544-E99F53674AA9}"
EndProject
Project("{FAE04EC0-301F-11D3-BF4B-00C04F79EFBC}") = "Needs.Erp.Generic", "..\NewSolution\Needs.Erp.Generic\Needs.Erp.Generic.csproj", "{4AF55700-A9D6-407B-89FD-FE576A43F916}"
EndProject
Project("{FAE04EC0-301F-11D3-BF4B-00C04F79EFBC}") = "Needs.Erp", "..\NewSolution\Needs.Erp\Needs.Erp.csproj", "{7227064A-F097-4610-AF56-8A93F0FDD760}"
EndProject
Project("{FAE04EC0-301F-11D3-BF4B-00C04F79EFBC}") = "Needs.Overall", "..\NewSolution\Needs.Overall\Needs.Overall.csproj", "{94DA4133-A4A4-4E1C-98D6-5F1C023DCDD2}"
EndProject
Project("{FAE04EC0-301F-11D3-BF4B-00C04F79EFBC}") = "WebApp", "WebApp\WebApp.csproj", "{59AE911A-53AD-400F-939B-81A07D12B1F3}"
EndProject
Project("{FAE04EC0-301F-11D3-BF4B-00C04F79EFBC}") = "MvcApp", "MvcApp\MvcApp.csproj", "{27FF2E54-28F4-48DF-B296-C8D7A2BAABB5}"
EndProject
Project("{FAE04EC0-301F-11D3-BF4B-00C04F79EFBC}") = "Needs.Settings", "..\NewSolution\Needs.Settings\Needs.Settings.csproj", "{90C1EA68-3014-4612-A365-2CD3C3405054}"
EndProject
Project("{FAE04EC0-301F-11D3-BF4B-00C04F79EFBC}") = "NtErp.Wss.Generic", "..\BvnErp.Wss\NtErp.Wss.Generic\NtErp.Wss.Generic.csproj", "{9A4BDE61-4820-4E37-9FF1-38A1444F218C}"
EndProject
Project("{FAE04EC0-301F-11D3-BF4B-00C04F79EFBC}") = "MvcApp.Buyer.Services", "MvcApp.Buyer.Services\MvcApp.Buyer.Services.csproj", "{58FDA0CC-E0DD-42D9-A0D2-3523A9665707}"
EndProject
Project("{FAE04EC0-301F-11D3-BF4B-00C04F79EFBC}") = "NtErp.Services", "..\BvnErp\NtErp.Services\NtErp.Services.csproj", "{D097956C-1CFC-465B-A8C4-72D3C3C6F03D}"
EndProject
Global
	GlobalSection(SolutionConfigurationPlatforms) = preSolution
		Debug|Any CPU = Debug|Any CPU
		Release|Any CPU = Release|Any CPU
	EndGlobalSection
	GlobalSection(ProjectConfigurationPlatforms) = postSolution
		{220CF961-81EF-4288-8D42-54CEFBE35086}.Debug|Any CPU.ActiveCfg = Debug|Any CPU
		{220CF961-81EF-4288-8D42-54CEFBE35086}.Debug|Any CPU.Build.0 = Debug|Any CPU
		{220CF961-81EF-4288-8D42-54CEFBE35086}.Release|Any CPU.ActiveCfg = Release|Any CPU
		{220CF961-81EF-4288-8D42-54CEFBE35086}.Release|Any CPU.Build.0 = Release|Any CPU
		{7031FF1C-1FB9-457C-88FE-9955E07BADD3}.Debug|Any CPU.ActiveCfg = Debug|Any CPU
		{7031FF1C-1FB9-457C-88FE-9955E07BADD3}.Debug|Any CPU.Build.0 = Debug|Any CPU
		{7031FF1C-1FB9-457C-88FE-9955E07BADD3}.Release|Any CPU.ActiveCfg = Release|Any CPU
		{7031FF1C-1FB9-457C-88FE-9955E07BADD3}.Release|Any CPU.Build.0 = Release|Any CPU
		{8F7FFCB1-97BC-4977-B262-71365AE8EC62}.Debug|Any CPU.ActiveCfg = Debug|Any CPU
		{8F7FFCB1-97BC-4977-B262-71365AE8EC62}.Debug|Any CPU.Build.0 = Debug|Any CPU
		{8F7FFCB1-97BC-4977-B262-71365AE8EC62}.Release|Any CPU.ActiveCfg = Release|Any CPU
		{8F7FFCB1-97BC-4977-B262-71365AE8EC62}.Release|Any CPU.Build.0 = Release|Any CPU
		{B775E7D1-CF0E-43BC-A0E4-874DB5645A09}.Debug|Any CPU.ActiveCfg = Debug|Any CPU
		{B775E7D1-CF0E-43BC-A0E4-874DB5645A09}.Debug|Any CPU.Build.0 = Debug|Any CPU
		{B775E7D1-CF0E-43BC-A0E4-874DB5645A09}.Release|Any CPU.ActiveCfg = Release|Any CPU
		{B775E7D1-CF0E-43BC-A0E4-874DB5645A09}.Release|Any CPU.Build.0 = Release|Any CPU
		{71B45033-2D91-4FAD-BB5B-441174260E6A}.Debug|Any CPU.ActiveCfg = Debug|Any CPU
		{71B45033-2D91-4FAD-BB5B-441174260E6A}.Debug|Any CPU.Build.0 = Debug|Any CPU
		{71B45033-2D91-4FAD-BB5B-441174260E6A}.Release|Any CPU.ActiveCfg = Release|Any CPU
		{71B45033-2D91-4FAD-BB5B-441174260E6A}.Release|Any CPU.Build.0 = Release|Any CPU
		{A847D3F0-43F2-4D42-8864-EC8F25550786}.Debug|Any CPU.ActiveCfg = Debug|Any CPU
		{A847D3F0-43F2-4D42-8864-EC8F25550786}.Debug|Any CPU.Build.0 = Debug|Any CPU
		{A847D3F0-43F2-4D42-8864-EC8F25550786}.Release|Any CPU.ActiveCfg = Release|Any CPU
		{A847D3F0-43F2-4D42-8864-EC8F25550786}.Release|Any CPU.Build.0 = Release|Any CPU
		{D139A745-960E-4DAB-8215-1BB42051F609}.Debug|Any CPU.ActiveCfg = Debug|Any CPU
		{D139A745-960E-4DAB-8215-1BB42051F609}.Debug|Any CPU.Build.0 = Debug|Any CPU
		{D139A745-960E-4DAB-8215-1BB42051F609}.Release|Any CPU.ActiveCfg = Release|Any CPU
		{D139A745-960E-4DAB-8215-1BB42051F609}.Release|Any CPU.Build.0 = Release|Any CPU
		{A04A161E-6ABF-4324-9544-E99F53674AA9}.Debug|Any CPU.ActiveCfg = Debug|Any CPU
		{A04A161E-6ABF-4324-9544-E99F53674AA9}.Debug|Any CPU.Build.0 = Debug|Any CPU
		{A04A161E-6ABF-4324-9544-E99F53674AA9}.Release|Any CPU.ActiveCfg = Release|Any CPU
		{A04A161E-6ABF-4324-9544-E99F53674AA9}.Release|Any CPU.Build.0 = Release|Any CPU
		{4AF55700-A9D6-407B-89FD-FE576A43F916}.Debug|Any CPU.ActiveCfg = Debug|Any CPU
		{4AF55700-A9D6-407B-89FD-FE576A43F916}.Debug|Any CPU.Build.0 = Debug|Any CPU
		{4AF55700-A9D6-407B-89FD-FE576A43F916}.Release|Any CPU.ActiveCfg = Release|Any CPU
		{4AF55700-A9D6-407B-89FD-FE576A43F916}.Release|Any CPU.Build.0 = Release|Any CPU
		{7227064A-F097-4610-AF56-8A93F0FDD760}.Debug|Any CPU.ActiveCfg = Debug|Any CPU
		{7227064A-F097-4610-AF56-8A93F0FDD760}.Debug|Any CPU.Build.0 = Debug|Any CPU
		{7227064A-F097-4610-AF56-8A93F0FDD760}.Release|Any CPU.ActiveCfg = Release|Any CPU
		{7227064A-F097-4610-AF56-8A93F0FDD760}.Release|Any CPU.Build.0 = Release|Any CPU
		{94DA4133-A4A4-4E1C-98D6-5F1C023DCDD2}.Debug|Any CPU.ActiveCfg = Debug|Any CPU
		{94DA4133-A4A4-4E1C-98D6-5F1C023DCDD2}.Debug|Any CPU.Build.0 = Debug|Any CPU
		{94DA4133-A4A4-4E1C-98D6-5F1C023DCDD2}.Release|Any CPU.ActiveCfg = Release|Any CPU
		{94DA4133-A4A4-4E1C-98D6-5F1C023DCDD2}.Release|Any CPU.Build.0 = Release|Any CPU
		{59AE911A-53AD-400F-939B-81A07D12B1F3}.Debug|Any CPU.ActiveCfg = Debug|Any CPU
		{59AE911A-53AD-400F-939B-81A07D12B1F3}.Debug|Any CPU.Build.0 = Debug|Any CPU
		{59AE911A-53AD-400F-939B-81A07D12B1F3}.Release|Any CPU.ActiveCfg = Release|Any CPU
		{59AE911A-53AD-400F-939B-81A07D12B1F3}.Release|Any CPU.Build.0 = Release|Any CPU
		{27FF2E54-28F4-48DF-B296-C8D7A2BAABB5}.Debug|Any CPU.ActiveCfg = Debug|Any CPU
		{27FF2E54-28F4-48DF-B296-C8D7A2BAABB5}.Debug|Any CPU.Build.0 = Debug|Any CPU
		{27FF2E54-28F4-48DF-B296-C8D7A2BAABB5}.Release|Any CPU.ActiveCfg = Release|Any CPU
		{27FF2E54-28F4-48DF-B296-C8D7A2BAABB5}.Release|Any CPU.Build.0 = Release|Any CPU
		{90C1EA68-3014-4612-A365-2CD3C3405054}.Debug|Any CPU.ActiveCfg = Debug|Any CPU
		{90C1EA68-3014-4612-A365-2CD3C3405054}.Debug|Any CPU.Build.0 = Debug|Any CPU
		{90C1EA68-3014-4612-A365-2CD3C3405054}.Release|Any CPU.ActiveCfg = Release|Any CPU
		{90C1EA68-3014-4612-A365-2CD3C3405054}.Release|Any CPU.Build.0 = Release|Any CPU
		{9A4BDE61-4820-4E37-9FF1-38A1444F218C}.Debug|Any CPU.ActiveCfg = Debug|Any CPU
		{9A4BDE61-4820-4E37-9FF1-38A1444F218C}.Debug|Any CPU.Build.0 = Debug|Any CPU
		{9A4BDE61-4820-4E37-9FF1-38A1444F218C}.Release|Any CPU.ActiveCfg = Release|Any CPU
		{9A4BDE61-4820-4E37-9FF1-38A1444F218C}.Release|Any CPU.Build.0 = Release|Any CPU
		{58FDA0CC-E0DD-42D9-A0D2-3523A9665707}.Debug|Any CPU.ActiveCfg = Debug|Any CPU
		{58FDA0CC-E0DD-42D9-A0D2-3523A9665707}.Debug|Any CPU.Build.0 = Debug|Any CPU
		{58FDA0CC-E0DD-42D9-A0D2-3523A9665707}.Release|Any CPU.ActiveCfg = Release|Any CPU
		{58FDA0CC-E0DD-42D9-A0D2-3523A9665707}.Release|Any CPU.Build.0 = Release|Any CPU
		{D097956C-1CFC-465B-A8C4-72D3C3C6F03D}.Debug|Any CPU.ActiveCfg = Debug|Any CPU
		{D097956C-1CFC-465B-A8C4-72D3C3C6F03D}.Debug|Any CPU.Build.0 = Debug|Any CPU
		{D097956C-1CFC-465B-A8C4-72D3C3C6F03D}.Release|Any CPU.ActiveCfg = Release|Any CPU
		{D097956C-1CFC-465B-A8C4-72D3C3C6F03D}.Release|Any CPU.Build.0 = Release|Any CPU
	EndGlobalSection
	GlobalSection(SolutionProperties) = preSolution
		HideSolutionNode = FALSE
	EndGlobalSection
	GlobalSection(TeamFoundationVersionControl) = preSolution
		SccNumberOfProjects = 7
		SccEnterpriseProvider = {4CA58AB2-18FA-4F8D-95D4-32DDF27D184C}
		SccTeamFoundationServer = http://192.168.80.32:8080/tfs/vs2015_projects
		SccLocalPath0 = .
		SccProjectUniqueName1 = ConsoleApp\\ConsoleApp.csproj
		SccProjectName1 = ConsoleApp
		SccLocalPath1 = ConsoleApp
		SccProjectUniqueName2 = MvcApp.Buyer.Services\\MvcApp.Buyer.Services.csproj
		SccProjectName2 = MvcApp.Buyer.Services
		SccLocalPath2 = MvcApp.Buyer.Services
		SccProjectUniqueName3 = MvcApp\\MvcApp.csproj
		SccProjectName3 = MvcApp
		SccLocalPath3 = MvcApp
		SccProjectUniqueName4 = NtErp.Wss.Oss.Services\\NtErp.Wss.Oss.Services.csproj
		SccProjectName4 = NtErp.Wss.Oss.Services
		SccLocalPath4 = NtErp.Wss.Oss.Services
		SccProjectUniqueName5 = WebApp\\WebApp.csproj
		SccProjectName5 = WebApp
		SccLocalPath5 = WebApp
		SccProjectUniqueName6 = ..\\BvnErp.Wss\\NtErp.Wss.Generic\\NtErp.Wss.Generic.csproj
		SccProjectName6 = ../BvnErp.Wss/NtErp.Wss.Generic
		SccLocalPath6 = ..\\BvnErp.Wss\\NtErp.Wss.Generic
	EndGlobalSection
EndGlobal
