
Microsoft Visual Studio Solution File, Format Version 12.00
# Visual Studio 14
VisualStudioVersion = 14.0.25420.1
MinimumVisualStudioVersion = 10.0.40219.1
Project("{FAE04EC0-301F-11D3-BF4B-00C04F79EFBC}") = "FrontFrames", "..\Solutions\FrontFrames\FrontFrames.csproj", "{FA90F834-9065-44C2-8E4B-81C0EF4258A2}"
EndProject
Project("{FAE04EC0-301F-11D3-BF4B-00C04F79EFBC}") = "Layers.Data", "..\Solutions\Layers.Data\Layers.Data.csproj", "{FED16B15-565B-4ED6-A876-2146EB16B011}"
EndProject
Project("{FAE04EC0-301F-11D3-BF4B-00C04F79EFBC}") = "Layers.Linq", "..\Solutions\Layers.Linq\Layers.Linq.csproj", "{56C33683-CE9A-4CC5-9CEF-92E03BC8F739}"
EndProject
Project("{FAE04EC0-301F-11D3-BF4B-00C04F79EFBC}") = "Yahv.Linq", "..\Solutions\Yahv.Linq\Yahv.Linq.csproj", "{C8C572DF-2BBA-4483-B332-2652805AEF87}"
EndProject
Project("{2150E333-8FDC-42A3-9474-1A3956D46DE8}") = "Faces", "Faces", "{C78EC067-61F5-4512-930E-4677A8038744}"
EndProject
Project("{2150E333-8FDC-42A3-9474-1A3956D46DE8}") = "Layers", "Layers", "{AE501AA2-CDCB-4624-83D4-BDB0E92BEBB1}"
EndProject
Project("{2150E333-8FDC-42A3-9474-1A3956D46DE8}") = "Yahv", "Yahv", "{6194D6E1-5E21-41F1-873A-EB931A05796F}"
EndProject
Project("{FAE04EC0-301F-11D3-BF4B-00C04F79EFBC}") = "Yahv.Settings", "..\Solutions\Yahv.Settings\Yahv.Settings.csproj", "{1DDF4A9B-D19A-4D3E-9575-0247975320C8}"
EndProject
Project("{FAE04EC0-301F-11D3-BF4B-00C04F79EFBC}") = "Yahv.Underly", "..\Solutions\Yahv.Underly\Yahv.Underly.csproj", "{15B56201-A129-4396-9431-0E5F9DA7D9F9}"
EndProject
Project("{FAE04EC0-301F-11D3-BF4B-00C04F79EFBC}") = "Yahv.Utils", "..\Solutions\Yahv.Utils\Yahv.Utils.csproj", "{870A94D5-F08E-481F-A7AE-B90B5C249882}"
EndProject
Project("{FAE04EC0-301F-11D3-BF4B-00C04F79EFBC}") = "Yahv.Web", "..\Solutions\Yahv.Web\Yahv.Web.csproj", "{0E3B1265-0A95-4777-A1F8-16E195737C5F}"
EndProject
Project("{2150E333-8FDC-42A3-9474-1A3956D46DE8}") = "Services", "Services", "{0149F21E-01A1-4681-9F45-C3625A7FFB94}"
EndProject
Project("{FAE04EC0-301F-11D3-BF4B-00C04F79EFBC}") = "YaHv.Csrm.Services", "YaHv.Csrm.Services\YaHv.Csrm.Services.csproj", "{E298CCE8-AE8D-498B-B85E-A8C47F55B8D5}"
EndProject
Project("{FAE04EC0-301F-11D3-BF4B-00C04F79EFBC}") = "Yahv.Csrm.WebApp", "Yahv.Csrm.WebApp\Yahv.Csrm.WebApp.csproj", "{4E913ACB-8FB4-40E6-A1F7-CF5F6A6A39FF}"
EndProject
Project("{FAE04EC0-301F-11D3-BF4B-00C04F79EFBC}") = "Yahv.Erp", "..\Solutions\Yahv.Erp\Yahv.Erp.csproj", "{E371A432-F338-4851-AD70-63A1031A2645}"
EndProject
Project("{FAE04EC0-301F-11D3-BF4B-00C04F79EFBC}") = "Yahv.Usually", "..\Solutions\Yahv.Usually\Yahv.Usually.csproj", "{FA84A973-FC0B-4A57-9C6A-9212392F2D1C}"
EndProject
Project("{FAE04EC0-301F-11D3-BF4B-00C04F79EFBC}") = "Yahv.Csrm.WebApi", "Yahv.Csrm.WebApi\Yahv.Csrm.WebApi.csproj", "{30641580-8FB2-46AF-BBD7-F2B9D32095A0}"
EndProject
Project("{FAE04EC0-301F-11D3-BF4B-00C04F79EFBC}") = "Yahv.Services", "..\Solutions\Yahv.Services\Yahv.Services.csproj", "{EF7C5B21-4CE2-454A-8719-70E6DADACB69}"
EndProject
Project("{FAE04EC0-301F-11D3-BF4B-00C04F79EFBC}") = "Yahv.Payments", "Yahv.Payments\Yahv.Payments.csproj", "{66924E27-72E9-4C5A-8CF3-220DE6519A1F}"
EndProject
Project("{FAE04EC0-301F-11D3-BF4B-00C04F79EFBC}") = "Yahv.Web.Erp", "..\Solutions\Yahv.Web.Erp\Yahv.Web.Erp.csproj", "{E5AC7ED8-2050-4F5F-BF97-BA0956448B80}"
EndProject
Project("{FAE04EC0-301F-11D3-BF4B-00C04F79EFBC}") = "ShencLibrary", "ShencLibrary\ShencLibrary.csproj", "{C4FE49DC-0AB2-446A-96BE-AAE63E8079E1}"
EndProject
Project("{FAE04EC0-301F-11D3-BF4B-00C04F79EFBC}") = "YaHv.VcCsrm.Service", "YaHv.VcCsrm.Service\YaHv.VcCsrm.Service.csproj", "{56975D55-B0EE-4392-A5F2-7CCCB76C5EE4}"
EndProject
Project("{2150E333-8FDC-42A3-9474-1A3956D46DE8}") = "Testers", "Testers", "{0C0001A5-676A-4258-988A-B27D4D39EA7B}"
EndProject
Project("{FAE04EC0-301F-11D3-BF4B-00C04F79EFBC}") = "CnslApp", "CnslApp\CnslApp.csproj", "{81A31E51-9AD4-4086-8456-BFB83B3C12AF}"
EndProject
Global
	GlobalSection(SolutionConfigurationPlatforms) = preSolution
		Debug|Any CPU = Debug|Any CPU
		Release|Any CPU = Release|Any CPU
	EndGlobalSection
	GlobalSection(ProjectConfigurationPlatforms) = postSolution
		{FA90F834-9065-44C2-8E4B-81C0EF4258A2}.Debug|Any CPU.ActiveCfg = Debug|Any CPU
		{FA90F834-9065-44C2-8E4B-81C0EF4258A2}.Debug|Any CPU.Build.0 = Debug|Any CPU
		{FA90F834-9065-44C2-8E4B-81C0EF4258A2}.Release|Any CPU.ActiveCfg = Release|Any CPU
		{FA90F834-9065-44C2-8E4B-81C0EF4258A2}.Release|Any CPU.Build.0 = Release|Any CPU
		{FED16B15-565B-4ED6-A876-2146EB16B011}.Debug|Any CPU.ActiveCfg = Debug|Any CPU
		{FED16B15-565B-4ED6-A876-2146EB16B011}.Debug|Any CPU.Build.0 = Debug|Any CPU
		{FED16B15-565B-4ED6-A876-2146EB16B011}.Release|Any CPU.ActiveCfg = Release|Any CPU
		{FED16B15-565B-4ED6-A876-2146EB16B011}.Release|Any CPU.Build.0 = Release|Any CPU
		{56C33683-CE9A-4CC5-9CEF-92E03BC8F739}.Debug|Any CPU.ActiveCfg = Debug|Any CPU
		{56C33683-CE9A-4CC5-9CEF-92E03BC8F739}.Debug|Any CPU.Build.0 = Debug|Any CPU
		{56C33683-CE9A-4CC5-9CEF-92E03BC8F739}.Release|Any CPU.ActiveCfg = Release|Any CPU
		{56C33683-CE9A-4CC5-9CEF-92E03BC8F739}.Release|Any CPU.Build.0 = Release|Any CPU
		{C8C572DF-2BBA-4483-B332-2652805AEF87}.Debug|Any CPU.ActiveCfg = Debug|Any CPU
		{C8C572DF-2BBA-4483-B332-2652805AEF87}.Debug|Any CPU.Build.0 = Debug|Any CPU
		{C8C572DF-2BBA-4483-B332-2652805AEF87}.Release|Any CPU.ActiveCfg = Release|Any CPU
		{C8C572DF-2BBA-4483-B332-2652805AEF87}.Release|Any CPU.Build.0 = Release|Any CPU
		{1DDF4A9B-D19A-4D3E-9575-0247975320C8}.Debug|Any CPU.ActiveCfg = Debug|Any CPU
		{1DDF4A9B-D19A-4D3E-9575-0247975320C8}.Debug|Any CPU.Build.0 = Debug|Any CPU
		{1DDF4A9B-D19A-4D3E-9575-0247975320C8}.Release|Any CPU.ActiveCfg = Release|Any CPU
		{1DDF4A9B-D19A-4D3E-9575-0247975320C8}.Release|Any CPU.Build.0 = Release|Any CPU
		{15B56201-A129-4396-9431-0E5F9DA7D9F9}.Debug|Any CPU.ActiveCfg = Debug|Any CPU
		{15B56201-A129-4396-9431-0E5F9DA7D9F9}.Debug|Any CPU.Build.0 = Debug|Any CPU
		{15B56201-A129-4396-9431-0E5F9DA7D9F9}.Release|Any CPU.ActiveCfg = Release|Any CPU
		{15B56201-A129-4396-9431-0E5F9DA7D9F9}.Release|Any CPU.Build.0 = Release|Any CPU
		{870A94D5-F08E-481F-A7AE-B90B5C249882}.Debug|Any CPU.ActiveCfg = Debug|Any CPU
		{870A94D5-F08E-481F-A7AE-B90B5C249882}.Debug|Any CPU.Build.0 = Debug|Any CPU
		{870A94D5-F08E-481F-A7AE-B90B5C249882}.Release|Any CPU.ActiveCfg = Release|Any CPU
		{870A94D5-F08E-481F-A7AE-B90B5C249882}.Release|Any CPU.Build.0 = Release|Any CPU
		{0E3B1265-0A95-4777-A1F8-16E195737C5F}.Debug|Any CPU.ActiveCfg = Debug|Any CPU
		{0E3B1265-0A95-4777-A1F8-16E195737C5F}.Debug|Any CPU.Build.0 = Debug|Any CPU
		{0E3B1265-0A95-4777-A1F8-16E195737C5F}.Release|Any CPU.ActiveCfg = Release|Any CPU
		{0E3B1265-0A95-4777-A1F8-16E195737C5F}.Release|Any CPU.Build.0 = Release|Any CPU
		{E298CCE8-AE8D-498B-B85E-A8C47F55B8D5}.Debug|Any CPU.ActiveCfg = Debug|Any CPU
		{E298CCE8-AE8D-498B-B85E-A8C47F55B8D5}.Debug|Any CPU.Build.0 = Debug|Any CPU
		{E298CCE8-AE8D-498B-B85E-A8C47F55B8D5}.Release|Any CPU.ActiveCfg = Release|Any CPU
		{E298CCE8-AE8D-498B-B85E-A8C47F55B8D5}.Release|Any CPU.Build.0 = Release|Any CPU
		{4E913ACB-8FB4-40E6-A1F7-CF5F6A6A39FF}.Debug|Any CPU.ActiveCfg = Debug|Any CPU
		{4E913ACB-8FB4-40E6-A1F7-CF5F6A6A39FF}.Debug|Any CPU.Build.0 = Debug|Any CPU
		{4E913ACB-8FB4-40E6-A1F7-CF5F6A6A39FF}.Release|Any CPU.ActiveCfg = Release|Any CPU
		{4E913ACB-8FB4-40E6-A1F7-CF5F6A6A39FF}.Release|Any CPU.Build.0 = Release|Any CPU
		{E371A432-F338-4851-AD70-63A1031A2645}.Debug|Any CPU.ActiveCfg = Debug|Any CPU
		{E371A432-F338-4851-AD70-63A1031A2645}.Debug|Any CPU.Build.0 = Debug|Any CPU
		{E371A432-F338-4851-AD70-63A1031A2645}.Release|Any CPU.ActiveCfg = Release|Any CPU
		{E371A432-F338-4851-AD70-63A1031A2645}.Release|Any CPU.Build.0 = Release|Any CPU
		{FA84A973-FC0B-4A57-9C6A-9212392F2D1C}.Debug|Any CPU.ActiveCfg = Debug|Any CPU
		{FA84A973-FC0B-4A57-9C6A-9212392F2D1C}.Debug|Any CPU.Build.0 = Debug|Any CPU
		{FA84A973-FC0B-4A57-9C6A-9212392F2D1C}.Release|Any CPU.ActiveCfg = Release|Any CPU
		{FA84A973-FC0B-4A57-9C6A-9212392F2D1C}.Release|Any CPU.Build.0 = Release|Any CPU
		{30641580-8FB2-46AF-BBD7-F2B9D32095A0}.Debug|Any CPU.ActiveCfg = Debug|Any CPU
		{30641580-8FB2-46AF-BBD7-F2B9D32095A0}.Debug|Any CPU.Build.0 = Debug|Any CPU
		{30641580-8FB2-46AF-BBD7-F2B9D32095A0}.Release|Any CPU.ActiveCfg = Release|Any CPU
		{30641580-8FB2-46AF-BBD7-F2B9D32095A0}.Release|Any CPU.Build.0 = Release|Any CPU
		{EF7C5B21-4CE2-454A-8719-70E6DADACB69}.Debug|Any CPU.ActiveCfg = Debug|Any CPU
		{EF7C5B21-4CE2-454A-8719-70E6DADACB69}.Debug|Any CPU.Build.0 = Debug|Any CPU
		{EF7C5B21-4CE2-454A-8719-70E6DADACB69}.Release|Any CPU.ActiveCfg = Release|Any CPU
		{EF7C5B21-4CE2-454A-8719-70E6DADACB69}.Release|Any CPU.Build.0 = Release|Any CPU
		{66924E27-72E9-4C5A-8CF3-220DE6519A1F}.Debug|Any CPU.ActiveCfg = Debug|Any CPU
		{66924E27-72E9-4C5A-8CF3-220DE6519A1F}.Debug|Any CPU.Build.0 = Debug|Any CPU
		{66924E27-72E9-4C5A-8CF3-220DE6519A1F}.Release|Any CPU.ActiveCfg = Release|Any CPU
		{66924E27-72E9-4C5A-8CF3-220DE6519A1F}.Release|Any CPU.Build.0 = Release|Any CPU
		{E5AC7ED8-2050-4F5F-BF97-BA0956448B80}.Debug|Any CPU.ActiveCfg = Debug|Any CPU
		{E5AC7ED8-2050-4F5F-BF97-BA0956448B80}.Debug|Any CPU.Build.0 = Debug|Any CPU
		{E5AC7ED8-2050-4F5F-BF97-BA0956448B80}.Release|Any CPU.ActiveCfg = Release|Any CPU
		{E5AC7ED8-2050-4F5F-BF97-BA0956448B80}.Release|Any CPU.Build.0 = Release|Any CPU
		{C4FE49DC-0AB2-446A-96BE-AAE63E8079E1}.Debug|Any CPU.ActiveCfg = Debug|Any CPU
		{C4FE49DC-0AB2-446A-96BE-AAE63E8079E1}.Debug|Any CPU.Build.0 = Debug|Any CPU
		{C4FE49DC-0AB2-446A-96BE-AAE63E8079E1}.Release|Any CPU.ActiveCfg = Release|Any CPU
		{C4FE49DC-0AB2-446A-96BE-AAE63E8079E1}.Release|Any CPU.Build.0 = Release|Any CPU
		{56975D55-B0EE-4392-A5F2-7CCCB76C5EE4}.Debug|Any CPU.ActiveCfg = Debug|Any CPU
		{56975D55-B0EE-4392-A5F2-7CCCB76C5EE4}.Debug|Any CPU.Build.0 = Debug|Any CPU
		{56975D55-B0EE-4392-A5F2-7CCCB76C5EE4}.Release|Any CPU.ActiveCfg = Release|Any CPU
		{56975D55-B0EE-4392-A5F2-7CCCB76C5EE4}.Release|Any CPU.Build.0 = Release|Any CPU
		{81A31E51-9AD4-4086-8456-BFB83B3C12AF}.Debug|Any CPU.ActiveCfg = Debug|Any CPU
		{81A31E51-9AD4-4086-8456-BFB83B3C12AF}.Debug|Any CPU.Build.0 = Debug|Any CPU
		{81A31E51-9AD4-4086-8456-BFB83B3C12AF}.Release|Any CPU.ActiveCfg = Release|Any CPU
		{81A31E51-9AD4-4086-8456-BFB83B3C12AF}.Release|Any CPU.Build.0 = Release|Any CPU
	EndGlobalSection
	GlobalSection(SolutionProperties) = preSolution
		HideSolutionNode = FALSE
	EndGlobalSection
	GlobalSection(NestedProjects) = preSolution
		{FA90F834-9065-44C2-8E4B-81C0EF4258A2} = {C78EC067-61F5-4512-930E-4677A8038744}
		{FED16B15-565B-4ED6-A876-2146EB16B011} = {AE501AA2-CDCB-4624-83D4-BDB0E92BEBB1}
		{56C33683-CE9A-4CC5-9CEF-92E03BC8F739} = {AE501AA2-CDCB-4624-83D4-BDB0E92BEBB1}
		{C8C572DF-2BBA-4483-B332-2652805AEF87} = {6194D6E1-5E21-41F1-873A-EB931A05796F}
		{1DDF4A9B-D19A-4D3E-9575-0247975320C8} = {6194D6E1-5E21-41F1-873A-EB931A05796F}
		{15B56201-A129-4396-9431-0E5F9DA7D9F9} = {6194D6E1-5E21-41F1-873A-EB931A05796F}
		{870A94D5-F08E-481F-A7AE-B90B5C249882} = {6194D6E1-5E21-41F1-873A-EB931A05796F}
		{0E3B1265-0A95-4777-A1F8-16E195737C5F} = {6194D6E1-5E21-41F1-873A-EB931A05796F}
		{E298CCE8-AE8D-498B-B85E-A8C47F55B8D5} = {0149F21E-01A1-4681-9F45-C3625A7FFB94}
		{4E913ACB-8FB4-40E6-A1F7-CF5F6A6A39FF} = {C78EC067-61F5-4512-930E-4677A8038744}
		{E371A432-F338-4851-AD70-63A1031A2645} = {6194D6E1-5E21-41F1-873A-EB931A05796F}
		{FA84A973-FC0B-4A57-9C6A-9212392F2D1C} = {6194D6E1-5E21-41F1-873A-EB931A05796F}
		{30641580-8FB2-46AF-BBD7-F2B9D32095A0} = {C78EC067-61F5-4512-930E-4677A8038744}
		{EF7C5B21-4CE2-454A-8719-70E6DADACB69} = {0149F21E-01A1-4681-9F45-C3625A7FFB94}
		{66924E27-72E9-4C5A-8CF3-220DE6519A1F} = {0149F21E-01A1-4681-9F45-C3625A7FFB94}
		{E5AC7ED8-2050-4F5F-BF97-BA0956448B80} = {6194D6E1-5E21-41F1-873A-EB931A05796F}
		{C4FE49DC-0AB2-446A-96BE-AAE63E8079E1} = {0149F21E-01A1-4681-9F45-C3625A7FFB94}
		{56975D55-B0EE-4392-A5F2-7CCCB76C5EE4} = {0149F21E-01A1-4681-9F45-C3625A7FFB94}
		{81A31E51-9AD4-4086-8456-BFB83B3C12AF} = {0C0001A5-676A-4258-988A-B27D4D39EA7B}
	EndGlobalSection
	GlobalSection(TeamFoundationVersionControl) = preSolution
		SccNumberOfProjects = 20
		SccEnterpriseProvider = {4CA58AB2-18FA-4F8D-95D4-32DDF27D184C}
		SccTeamFoundationServer = http://172.30.10.200:8080/tfs/vs2015_projects
		SccLocalPath0 = .
		SccProjectUniqueName1 = ..\\Solutions\\FrontFrames\\FrontFrames.csproj
		SccProjectTopLevelParentUniqueName1 = Yahv.Csrm.sln
		SccProjectName1 = ../Solutions/FrontFrames
		SccLocalPath1 = ..\\Solutions\\FrontFrames
		SccProjectUniqueName2 = ..\\Solutions\\Layers.Data\\Layers.Data.csproj
		SccProjectTopLevelParentUniqueName2 = Yahv.Csrm.sln
		SccProjectName2 = ../Solutions/Layers.Data
		SccLocalPath2 = ..\\Solutions\\Layers.Data
		SccProjectUniqueName3 = ..\\Solutions\\Layers.Linq\\Layers.Linq.csproj
		SccProjectTopLevelParentUniqueName3 = Yahv.Csrm.sln
		SccProjectName3 = ../Solutions/Layers.Linq
		SccLocalPath3 = ..\\Solutions\\Layers.Linq
		SccProjectUniqueName4 = ..\\Solutions\\Yahv.Linq\\Yahv.Linq.csproj
		SccProjectTopLevelParentUniqueName4 = Yahv.Csrm.sln
		SccProjectName4 = ../Solutions/Yahv.Linq
		SccLocalPath4 = ..\\Solutions\\Yahv.Linq
		SccProjectUniqueName5 = ..\\Solutions\\Yahv.Settings\\Yahv.Settings.csproj
		SccProjectTopLevelParentUniqueName5 = Yahv.Csrm.sln
		SccProjectName5 = ../Solutions/Yahv.Settings
		SccLocalPath5 = ..\\Solutions\\Yahv.Settings
		SccProjectUniqueName6 = ..\\Solutions\\Yahv.Underly\\Yahv.Underly.csproj
		SccProjectTopLevelParentUniqueName6 = Yahv.Csrm.sln
		SccProjectName6 = ../Solutions/Yahv.Underly
		SccLocalPath6 = ..\\Solutions\\Yahv.Underly
		SccProjectUniqueName7 = ..\\Solutions\\Yahv.Utils\\Yahv.Utils.csproj
		SccProjectTopLevelParentUniqueName7 = Yahv.Csrm.sln
		SccProjectName7 = ../Solutions/Yahv.Utils
		SccLocalPath7 = ..\\Solutions\\Yahv.Utils
		SccProjectUniqueName8 = ..\\Solutions\\Yahv.Web\\Yahv.Web.csproj
		SccProjectTopLevelParentUniqueName8 = Yahv.Csrm.sln
		SccProjectName8 = ../Solutions/Yahv.Web
		SccLocalPath8 = ..\\Solutions\\Yahv.Web
		SccProjectUniqueName9 = YaHv.Csrm.Services\\YaHv.Csrm.Services.csproj
		SccProjectTopLevelParentUniqueName9 = Yahv.Csrm.sln
		SccProjectName9 = YaHv.Csrm.Services
		SccLocalPath9 = YaHv.Csrm.Services
		SccProjectUniqueName10 = Yahv.Csrm.WebApp\\Yahv.Csrm.WebApp.csproj
		SccProjectTopLevelParentUniqueName10 = Yahv.Csrm.sln
		SccProjectName10 = Yahv.Csrm.WebApp
		SccLocalPath10 = Yahv.Csrm.WebApp
		SccProjectUniqueName11 = ..\\Solutions\\Yahv.Erp\\Yahv.Erp.csproj
		SccProjectTopLevelParentUniqueName11 = Yahv.Csrm.sln
		SccProjectName11 = ../Solutions/Yahv.Erp
		SccLocalPath11 = ..\\Solutions\\Yahv.Erp
		SccProjectUniqueName12 = ..\\Solutions\\Yahv.Usually\\Yahv.Usually.csproj
		SccProjectTopLevelParentUniqueName12 = Yahv.Csrm.sln
		SccProjectName12 = ../Solutions/Yahv.Usually
		SccLocalPath12 = ..\\Solutions\\Yahv.Usually
		SccProjectUniqueName13 = Yahv.Csrm.WebApi\\Yahv.Csrm.WebApi.csproj
		SccProjectTopLevelParentUniqueName13 = Yahv.Csrm.sln
		SccProjectName13 = Yahv.Csrm.WebApi
		SccLocalPath13 = Yahv.Csrm.WebApi
		SccProjectUniqueName14 = ..\\Solutions\\Yahv.Services\\Yahv.Services.csproj
		SccProjectTopLevelParentUniqueName14 = Yahv.Csrm.sln
		SccProjectName14 = ../Solutions/Yahv.Services
		SccLocalPath14 = ..\\Solutions\\Yahv.Services
		SccProjectUniqueName15 = Yahv.Payments\\Yahv.Payments.csproj
		SccProjectTopLevelParentUniqueName15 = Yahv.Csrm.sln
		SccProjectName15 = Yahv.Payments
		SccLocalPath15 = Yahv.Payments
		SccProjectUniqueName16 = ..\\Solutions\\Yahv.Web.Erp\\Yahv.Web.Erp.csproj
		SccProjectTopLevelParentUniqueName16 = Yahv.Csrm.sln
		SccProjectName16 = ../Solutions/Yahv.Web.Erp
		SccLocalPath16 = ..\\Solutions\\Yahv.Web.Erp
		SccProjectUniqueName17 = ShencLibrary\\ShencLibrary.csproj
		SccProjectTopLevelParentUniqueName17 = Yahv.Csrm.sln
		SccProjectName17 = ShencLibrary
		SccLocalPath17 = ShencLibrary
		SccProjectUniqueName18 = YaHv.VcCsrm.Service\\YaHv.VcCsrm.Service.csproj
		SccProjectTopLevelParentUniqueName18 = Yahv.Csrm.sln
		SccProjectName18 = YaHv.VcCsrm.Service
		SccLocalPath18 = YaHv.VcCsrm.Service
		SccProjectUniqueName19 = CnslApp\\CnslApp.csproj
		SccProjectTopLevelParentUniqueName19 = Yahv.Csrm.sln
		SccProjectName19 = CnslApp
		SccLocalPath19 = CnslApp
	EndGlobalSection
EndGlobal
