
Microsoft Visual Studio Solution File, Format Version 12.00
# Visual Studio Version 16
VisualStudioVersion = 16.0.30907.101
MinimumVisualStudioVersion = 10.0.40219.1
Project("{2150E333-8FDC-42A3-9474-1A3956D46DE8}") = "Faces", "Faces", "{A6800AEF-FAB4-4537-B9D5-FA244168C308}"
EndProject
Project("{2150E333-8FDC-42A3-9474-1A3956D46DE8}") = "Layers", "Layers", "{090AD304-692C-48E1-9102-7970EA6C85FA}"
EndProject
Project("{2150E333-8FDC-42A3-9474-1A3956D46DE8}") = "Services", "Services", "{6BC7FC77-A0B1-419C-8A73-35DB20264A45}"
EndProject
Project("{2150E333-8FDC-42A3-9474-1A3956D46DE8}") = "Yahv", "Yahv", "{398FFE63-E437-4666-A3D5-56E129F6B0A3}"
EndProject
Project("{2150E333-8FDC-42A3-9474-1A3956D46DE8}") = "Tester", "Tester", "{4AB39E97-0079-4F31-8EB2-AEBDADF75700}"
EndProject
Project("{FAE04EC0-301F-11D3-BF4B-00C04F79EFBC}") = "Yahv.Finance.WebApp", "Yahv.Finance.WebApp\Yahv.Finance.WebApp.csproj", "{5B06E901-EFCB-4241-9FA2-2CF588997DDD}"
EndProject
Project("{FAE04EC0-301F-11D3-BF4B-00C04F79EFBC}") = "FrontFrames", "..\Solutions\FrontFrames\FrontFrames.csproj", "{FA90F834-9065-44C2-8E4B-81C0EF4258A2}"
EndProject
Project("{FAE04EC0-301F-11D3-BF4B-00C04F79EFBC}") = "Layers.Data", "..\Solutions\Layers.Data\Layers.Data.csproj", "{FED16B15-565B-4ED6-A876-2146EB16B011}"
EndProject
Project("{FAE04EC0-301F-11D3-BF4B-00C04F79EFBC}") = "Layers.Linq", "..\Solutions\Layers.Linq\Layers.Linq.csproj", "{56C33683-CE9A-4CC5-9CEF-92E03BC8F739}"
EndProject
Project("{FAE04EC0-301F-11D3-BF4B-00C04F79EFBC}") = "Yahv.Services", "..\Solutions\Yahv.Services\Yahv.Services.csproj", "{EF7C5B21-4CE2-454A-8719-70E6DADACB69}"
EndProject
Project("{FAE04EC0-301F-11D3-BF4B-00C04F79EFBC}") = "Yahv.Finance.Services", "Yahv.Finance.Services\Yahv.Finance.Services.csproj", "{956F44E6-AD74-497D-877D-64912DBEDF97}"
EndProject
Project("{FAE04EC0-301F-11D3-BF4B-00C04F79EFBC}") = "Yahv.Erp", "..\Solutions\Yahv.Erp\Yahv.Erp.csproj", "{E371A432-F338-4851-AD70-63A1031A2645}"
EndProject
Project("{FAE04EC0-301F-11D3-BF4B-00C04F79EFBC}") = "Yahv.Linq", "..\Solutions\Yahv.Linq\Yahv.Linq.csproj", "{C8C572DF-2BBA-4483-B332-2652805AEF87}"
EndProject
Project("{FAE04EC0-301F-11D3-BF4B-00C04F79EFBC}") = "Yahv.Ring", "..\Solutions\Yahv.Ring\Yahv.Ring.csproj", "{A14CB92A-1B88-443C-998E-E0BA356C5B73}"
EndProject
Project("{FAE04EC0-301F-11D3-BF4B-00C04F79EFBC}") = "Yahv.Settings", "..\Solutions\Yahv.Settings\Yahv.Settings.csproj", "{1DDF4A9B-D19A-4D3E-9575-0247975320C8}"
EndProject
Project("{FAE04EC0-301F-11D3-BF4B-00C04F79EFBC}") = "Yahv.Underly", "..\Solutions\Yahv.Underly\Yahv.Underly.csproj", "{15B56201-A129-4396-9431-0E5F9DA7D9F9}"
EndProject
Project("{FAE04EC0-301F-11D3-BF4B-00C04F79EFBC}") = "Yahv.Usually", "..\Solutions\Yahv.Usually\Yahv.Usually.csproj", "{FA84A973-FC0B-4A57-9C6A-9212392F2D1C}"
EndProject
Project("{FAE04EC0-301F-11D3-BF4B-00C04F79EFBC}") = "Yahv.Utils", "..\Solutions\Yahv.Utils\Yahv.Utils.csproj", "{870A94D5-F08E-481F-A7AE-B90B5C249882}"
EndProject
Project("{FAE04EC0-301F-11D3-BF4B-00C04F79EFBC}") = "Yahv.Web", "..\Solutions\Yahv.Web\Yahv.Web.csproj", "{0E3B1265-0A95-4777-A1F8-16E195737C5F}"
EndProject
Project("{FAE04EC0-301F-11D3-BF4B-00C04F79EFBC}") = "Yahv.Web.Erp", "..\Solutions\Yahv.Web.Erp\Yahv.Web.Erp.csproj", "{E5AC7ED8-2050-4F5F-BF97-BA0956448B80}"
EndProject
Project("{FAE04EC0-301F-11D3-BF4B-00C04F79EFBC}") = "Yahv.Finance.WebApi", "Yahv.Finance.WebApi\Yahv.Finance.WebApi.csproj", "{341705CC-2E38-4E9C-894B-F1ECF7DC8EC3}"
EndProject
Project("{FAE04EC0-301F-11D3-BF4B-00C04F79EFBC}") = "CnslApp", "CnslApp\CnslApp.csproj", "{1CCE013D-F2CA-4647-A6AB-BFFB3B084AE0}"
EndProject
Project("{FAE04EC0-301F-11D3-BF4B-00C04F79EFBC}") = "Yahv.Payments", "..\Yahv.Csrm\Yahv.Payments\Yahv.Payments.csproj", "{66924E27-72E9-4C5A-8CF3-220DE6519A1F}"
EndProject
Global
	GlobalSection(SolutionConfigurationPlatforms) = preSolution
		Debug|Any CPU = Debug|Any CPU
		Debug|x64 = Debug|x64
		ProductionVersion|Any CPU = ProductionVersion|Any CPU
		ProductionVersion|x64 = ProductionVersion|x64
		Release|Any CPU = Release|Any CPU
		Release|x64 = Release|x64
	EndGlobalSection
	GlobalSection(ProjectConfigurationPlatforms) = postSolution
		{5B06E901-EFCB-4241-9FA2-2CF588997DDD}.Debug|Any CPU.ActiveCfg = Debug|Any CPU
		{5B06E901-EFCB-4241-9FA2-2CF588997DDD}.Debug|Any CPU.Build.0 = Debug|Any CPU
		{5B06E901-EFCB-4241-9FA2-2CF588997DDD}.Debug|x64.ActiveCfg = Debug|Any CPU
		{5B06E901-EFCB-4241-9FA2-2CF588997DDD}.Debug|x64.Build.0 = Debug|Any CPU
		{5B06E901-EFCB-4241-9FA2-2CF588997DDD}.ProductionVersion|Any CPU.ActiveCfg = Release|Any CPU
		{5B06E901-EFCB-4241-9FA2-2CF588997DDD}.ProductionVersion|Any CPU.Build.0 = Release|Any CPU
		{5B06E901-EFCB-4241-9FA2-2CF588997DDD}.ProductionVersion|x64.ActiveCfg = Release|Any CPU
		{5B06E901-EFCB-4241-9FA2-2CF588997DDD}.ProductionVersion|x64.Build.0 = Release|Any CPU
		{5B06E901-EFCB-4241-9FA2-2CF588997DDD}.Release|Any CPU.ActiveCfg = Release|Any CPU
		{5B06E901-EFCB-4241-9FA2-2CF588997DDD}.Release|Any CPU.Build.0 = Release|Any CPU
		{5B06E901-EFCB-4241-9FA2-2CF588997DDD}.Release|x64.ActiveCfg = Release|Any CPU
		{5B06E901-EFCB-4241-9FA2-2CF588997DDD}.Release|x64.Build.0 = Release|Any CPU
		{FA90F834-9065-44C2-8E4B-81C0EF4258A2}.Debug|Any CPU.ActiveCfg = Debug|Any CPU
		{FA90F834-9065-44C2-8E4B-81C0EF4258A2}.Debug|Any CPU.Build.0 = Debug|Any CPU
		{FA90F834-9065-44C2-8E4B-81C0EF4258A2}.Debug|x64.ActiveCfg = Debug|x64
		{FA90F834-9065-44C2-8E4B-81C0EF4258A2}.Debug|x64.Build.0 = Debug|x64
		{FA90F834-9065-44C2-8E4B-81C0EF4258A2}.ProductionVersion|Any CPU.ActiveCfg = Release|Any CPU
		{FA90F834-9065-44C2-8E4B-81C0EF4258A2}.ProductionVersion|Any CPU.Build.0 = Release|Any CPU
		{FA90F834-9065-44C2-8E4B-81C0EF4258A2}.ProductionVersion|x64.ActiveCfg = Release|x64
		{FA90F834-9065-44C2-8E4B-81C0EF4258A2}.ProductionVersion|x64.Build.0 = Release|x64
		{FA90F834-9065-44C2-8E4B-81C0EF4258A2}.Release|Any CPU.ActiveCfg = Release|Any CPU
		{FA90F834-9065-44C2-8E4B-81C0EF4258A2}.Release|Any CPU.Build.0 = Release|Any CPU
		{FA90F834-9065-44C2-8E4B-81C0EF4258A2}.Release|x64.ActiveCfg = Release|x64
		{FA90F834-9065-44C2-8E4B-81C0EF4258A2}.Release|x64.Build.0 = Release|x64
		{FED16B15-565B-4ED6-A876-2146EB16B011}.Debug|Any CPU.ActiveCfg = Debug|Any CPU
		{FED16B15-565B-4ED6-A876-2146EB16B011}.Debug|Any CPU.Build.0 = Debug|Any CPU
		{FED16B15-565B-4ED6-A876-2146EB16B011}.Debug|x64.ActiveCfg = Debug|x64
		{FED16B15-565B-4ED6-A876-2146EB16B011}.Debug|x64.Build.0 = Debug|x64
		{FED16B15-565B-4ED6-A876-2146EB16B011}.ProductionVersion|Any CPU.ActiveCfg = Release|Any CPU
		{FED16B15-565B-4ED6-A876-2146EB16B011}.ProductionVersion|Any CPU.Build.0 = Release|Any CPU
		{FED16B15-565B-4ED6-A876-2146EB16B011}.ProductionVersion|x64.ActiveCfg = Release|x64
		{FED16B15-565B-4ED6-A876-2146EB16B011}.ProductionVersion|x64.Build.0 = Release|x64
		{FED16B15-565B-4ED6-A876-2146EB16B011}.Release|Any CPU.ActiveCfg = Release|Any CPU
		{FED16B15-565B-4ED6-A876-2146EB16B011}.Release|Any CPU.Build.0 = Release|Any CPU
		{FED16B15-565B-4ED6-A876-2146EB16B011}.Release|x64.ActiveCfg = Release|x64
		{FED16B15-565B-4ED6-A876-2146EB16B011}.Release|x64.Build.0 = Release|x64
		{56C33683-CE9A-4CC5-9CEF-92E03BC8F739}.Debug|Any CPU.ActiveCfg = Debug|Any CPU
		{56C33683-CE9A-4CC5-9CEF-92E03BC8F739}.Debug|Any CPU.Build.0 = Debug|Any CPU
		{56C33683-CE9A-4CC5-9CEF-92E03BC8F739}.Debug|x64.ActiveCfg = Debug|x64
		{56C33683-CE9A-4CC5-9CEF-92E03BC8F739}.Debug|x64.Build.0 = Debug|x64
		{56C33683-CE9A-4CC5-9CEF-92E03BC8F739}.ProductionVersion|Any CPU.ActiveCfg = ProductionVersion|Any CPU
		{56C33683-CE9A-4CC5-9CEF-92E03BC8F739}.ProductionVersion|Any CPU.Build.0 = ProductionVersion|Any CPU
		{56C33683-CE9A-4CC5-9CEF-92E03BC8F739}.ProductionVersion|x64.ActiveCfg = ProductionVersion|x64
		{56C33683-CE9A-4CC5-9CEF-92E03BC8F739}.ProductionVersion|x64.Build.0 = ProductionVersion|x64
		{56C33683-CE9A-4CC5-9CEF-92E03BC8F739}.Release|Any CPU.ActiveCfg = Release|Any CPU
		{56C33683-CE9A-4CC5-9CEF-92E03BC8F739}.Release|Any CPU.Build.0 = Release|Any CPU
		{56C33683-CE9A-4CC5-9CEF-92E03BC8F739}.Release|x64.ActiveCfg = Release|x64
		{56C33683-CE9A-4CC5-9CEF-92E03BC8F739}.Release|x64.Build.0 = Release|x64
		{EF7C5B21-4CE2-454A-8719-70E6DADACB69}.Debug|Any CPU.ActiveCfg = Debug|Any CPU
		{EF7C5B21-4CE2-454A-8719-70E6DADACB69}.Debug|Any CPU.Build.0 = Debug|Any CPU
		{EF7C5B21-4CE2-454A-8719-70E6DADACB69}.Debug|x64.ActiveCfg = Debug|x64
		{EF7C5B21-4CE2-454A-8719-70E6DADACB69}.Debug|x64.Build.0 = Debug|x64
		{EF7C5B21-4CE2-454A-8719-70E6DADACB69}.ProductionVersion|Any CPU.ActiveCfg = ProductionVersion|Any CPU
		{EF7C5B21-4CE2-454A-8719-70E6DADACB69}.ProductionVersion|Any CPU.Build.0 = ProductionVersion|Any CPU
		{EF7C5B21-4CE2-454A-8719-70E6DADACB69}.ProductionVersion|x64.ActiveCfg = ProductionVersion|x64
		{EF7C5B21-4CE2-454A-8719-70E6DADACB69}.ProductionVersion|x64.Build.0 = ProductionVersion|x64
		{EF7C5B21-4CE2-454A-8719-70E6DADACB69}.Release|Any CPU.ActiveCfg = Release|Any CPU
		{EF7C5B21-4CE2-454A-8719-70E6DADACB69}.Release|Any CPU.Build.0 = Release|Any CPU
		{EF7C5B21-4CE2-454A-8719-70E6DADACB69}.Release|x64.ActiveCfg = Release|x64
		{EF7C5B21-4CE2-454A-8719-70E6DADACB69}.Release|x64.Build.0 = Release|x64
		{956F44E6-AD74-497D-877D-64912DBEDF97}.Debug|Any CPU.ActiveCfg = Debug|Any CPU
		{956F44E6-AD74-497D-877D-64912DBEDF97}.Debug|Any CPU.Build.0 = Debug|Any CPU
		{956F44E6-AD74-497D-877D-64912DBEDF97}.Debug|x64.ActiveCfg = Debug|Any CPU
		{956F44E6-AD74-497D-877D-64912DBEDF97}.Debug|x64.Build.0 = Debug|Any CPU
		{956F44E6-AD74-497D-877D-64912DBEDF97}.ProductionVersion|Any CPU.ActiveCfg = Release|Any CPU
		{956F44E6-AD74-497D-877D-64912DBEDF97}.ProductionVersion|Any CPU.Build.0 = Release|Any CPU
		{956F44E6-AD74-497D-877D-64912DBEDF97}.ProductionVersion|x64.ActiveCfg = Release|Any CPU
		{956F44E6-AD74-497D-877D-64912DBEDF97}.ProductionVersion|x64.Build.0 = Release|Any CPU
		{956F44E6-AD74-497D-877D-64912DBEDF97}.Release|Any CPU.ActiveCfg = Release|Any CPU
		{956F44E6-AD74-497D-877D-64912DBEDF97}.Release|Any CPU.Build.0 = Release|Any CPU
		{956F44E6-AD74-497D-877D-64912DBEDF97}.Release|x64.ActiveCfg = Release|Any CPU
		{956F44E6-AD74-497D-877D-64912DBEDF97}.Release|x64.Build.0 = Release|Any CPU
		{E371A432-F338-4851-AD70-63A1031A2645}.Debug|Any CPU.ActiveCfg = Debug|Any CPU
		{E371A432-F338-4851-AD70-63A1031A2645}.Debug|Any CPU.Build.0 = Debug|Any CPU
		{E371A432-F338-4851-AD70-63A1031A2645}.Debug|x64.ActiveCfg = Debug|x64
		{E371A432-F338-4851-AD70-63A1031A2645}.Debug|x64.Build.0 = Debug|x64
		{E371A432-F338-4851-AD70-63A1031A2645}.ProductionVersion|Any CPU.ActiveCfg = ProductionVersion|Any CPU
		{E371A432-F338-4851-AD70-63A1031A2645}.ProductionVersion|Any CPU.Build.0 = ProductionVersion|Any CPU
		{E371A432-F338-4851-AD70-63A1031A2645}.ProductionVersion|x64.ActiveCfg = ProductionVersion|x64
		{E371A432-F338-4851-AD70-63A1031A2645}.ProductionVersion|x64.Build.0 = ProductionVersion|x64
		{E371A432-F338-4851-AD70-63A1031A2645}.Release|Any CPU.ActiveCfg = Release|Any CPU
		{E371A432-F338-4851-AD70-63A1031A2645}.Release|Any CPU.Build.0 = Release|Any CPU
		{E371A432-F338-4851-AD70-63A1031A2645}.Release|x64.ActiveCfg = Release|x64
		{E371A432-F338-4851-AD70-63A1031A2645}.Release|x64.Build.0 = Release|x64
		{C8C572DF-2BBA-4483-B332-2652805AEF87}.Debug|Any CPU.ActiveCfg = Debug|Any CPU
		{C8C572DF-2BBA-4483-B332-2652805AEF87}.Debug|Any CPU.Build.0 = Debug|Any CPU
		{C8C572DF-2BBA-4483-B332-2652805AEF87}.Debug|x64.ActiveCfg = Debug|x64
		{C8C572DF-2BBA-4483-B332-2652805AEF87}.Debug|x64.Build.0 = Debug|x64
		{C8C572DF-2BBA-4483-B332-2652805AEF87}.ProductionVersion|Any CPU.ActiveCfg = ProductionVersion|Any CPU
		{C8C572DF-2BBA-4483-B332-2652805AEF87}.ProductionVersion|Any CPU.Build.0 = ProductionVersion|Any CPU
		{C8C572DF-2BBA-4483-B332-2652805AEF87}.ProductionVersion|x64.ActiveCfg = ProductionVersion|x64
		{C8C572DF-2BBA-4483-B332-2652805AEF87}.ProductionVersion|x64.Build.0 = ProductionVersion|x64
		{C8C572DF-2BBA-4483-B332-2652805AEF87}.Release|Any CPU.ActiveCfg = Release|Any CPU
		{C8C572DF-2BBA-4483-B332-2652805AEF87}.Release|Any CPU.Build.0 = Release|Any CPU
		{C8C572DF-2BBA-4483-B332-2652805AEF87}.Release|x64.ActiveCfg = Release|x64
		{C8C572DF-2BBA-4483-B332-2652805AEF87}.Release|x64.Build.0 = Release|x64
		{A14CB92A-1B88-443C-998E-E0BA356C5B73}.Debug|Any CPU.ActiveCfg = Debug|Any CPU
		{A14CB92A-1B88-443C-998E-E0BA356C5B73}.Debug|Any CPU.Build.0 = Debug|Any CPU
		{A14CB92A-1B88-443C-998E-E0BA356C5B73}.Debug|x64.ActiveCfg = Debug|x64
		{A14CB92A-1B88-443C-998E-E0BA356C5B73}.Debug|x64.Build.0 = Debug|x64
		{A14CB92A-1B88-443C-998E-E0BA356C5B73}.ProductionVersion|Any CPU.ActiveCfg = ProductionVersion|Any CPU
		{A14CB92A-1B88-443C-998E-E0BA356C5B73}.ProductionVersion|Any CPU.Build.0 = ProductionVersion|Any CPU
		{A14CB92A-1B88-443C-998E-E0BA356C5B73}.ProductionVersion|x64.ActiveCfg = ProductionVersion|x64
		{A14CB92A-1B88-443C-998E-E0BA356C5B73}.ProductionVersion|x64.Build.0 = ProductionVersion|x64
		{A14CB92A-1B88-443C-998E-E0BA356C5B73}.Release|Any CPU.ActiveCfg = Release|Any CPU
		{A14CB92A-1B88-443C-998E-E0BA356C5B73}.Release|Any CPU.Build.0 = Release|Any CPU
		{A14CB92A-1B88-443C-998E-E0BA356C5B73}.Release|x64.ActiveCfg = Release|x64
		{A14CB92A-1B88-443C-998E-E0BA356C5B73}.Release|x64.Build.0 = Release|x64
		{1DDF4A9B-D19A-4D3E-9575-0247975320C8}.Debug|Any CPU.ActiveCfg = Debug|Any CPU
		{1DDF4A9B-D19A-4D3E-9575-0247975320C8}.Debug|Any CPU.Build.0 = Debug|Any CPU
		{1DDF4A9B-D19A-4D3E-9575-0247975320C8}.Debug|x64.ActiveCfg = Debug|x64
		{1DDF4A9B-D19A-4D3E-9575-0247975320C8}.Debug|x64.Build.0 = Debug|x64
		{1DDF4A9B-D19A-4D3E-9575-0247975320C8}.ProductionVersion|Any CPU.ActiveCfg = ProductionVersion|Any CPU
		{1DDF4A9B-D19A-4D3E-9575-0247975320C8}.ProductionVersion|Any CPU.Build.0 = ProductionVersion|Any CPU
		{1DDF4A9B-D19A-4D3E-9575-0247975320C8}.ProductionVersion|x64.ActiveCfg = ProductionVersion|x64
		{1DDF4A9B-D19A-4D3E-9575-0247975320C8}.ProductionVersion|x64.Build.0 = ProductionVersion|x64
		{1DDF4A9B-D19A-4D3E-9575-0247975320C8}.Release|Any CPU.ActiveCfg = Release|Any CPU
		{1DDF4A9B-D19A-4D3E-9575-0247975320C8}.Release|Any CPU.Build.0 = Release|Any CPU
		{1DDF4A9B-D19A-4D3E-9575-0247975320C8}.Release|x64.ActiveCfg = Release|x64
		{1DDF4A9B-D19A-4D3E-9575-0247975320C8}.Release|x64.Build.0 = Release|x64
		{15B56201-A129-4396-9431-0E5F9DA7D9F9}.Debug|Any CPU.ActiveCfg = Debug|Any CPU
		{15B56201-A129-4396-9431-0E5F9DA7D9F9}.Debug|Any CPU.Build.0 = Debug|Any CPU
		{15B56201-A129-4396-9431-0E5F9DA7D9F9}.Debug|x64.ActiveCfg = Debug|x64
		{15B56201-A129-4396-9431-0E5F9DA7D9F9}.Debug|x64.Build.0 = Debug|x64
		{15B56201-A129-4396-9431-0E5F9DA7D9F9}.ProductionVersion|Any CPU.ActiveCfg = ProductionVersion|Any CPU
		{15B56201-A129-4396-9431-0E5F9DA7D9F9}.ProductionVersion|Any CPU.Build.0 = ProductionVersion|Any CPU
		{15B56201-A129-4396-9431-0E5F9DA7D9F9}.ProductionVersion|x64.ActiveCfg = ProductionVersion|x64
		{15B56201-A129-4396-9431-0E5F9DA7D9F9}.ProductionVersion|x64.Build.0 = ProductionVersion|x64
		{15B56201-A129-4396-9431-0E5F9DA7D9F9}.Release|Any CPU.ActiveCfg = Release|Any CPU
		{15B56201-A129-4396-9431-0E5F9DA7D9F9}.Release|Any CPU.Build.0 = Release|Any CPU
		{15B56201-A129-4396-9431-0E5F9DA7D9F9}.Release|x64.ActiveCfg = Release|x64
		{15B56201-A129-4396-9431-0E5F9DA7D9F9}.Release|x64.Build.0 = Release|x64
		{FA84A973-FC0B-4A57-9C6A-9212392F2D1C}.Debug|Any CPU.ActiveCfg = Debug|Any CPU
		{FA84A973-FC0B-4A57-9C6A-9212392F2D1C}.Debug|Any CPU.Build.0 = Debug|Any CPU
		{FA84A973-FC0B-4A57-9C6A-9212392F2D1C}.Debug|x64.ActiveCfg = Debug|x64
		{FA84A973-FC0B-4A57-9C6A-9212392F2D1C}.Debug|x64.Build.0 = Debug|x64
		{FA84A973-FC0B-4A57-9C6A-9212392F2D1C}.ProductionVersion|Any CPU.ActiveCfg = ProductionVersion|Any CPU
		{FA84A973-FC0B-4A57-9C6A-9212392F2D1C}.ProductionVersion|Any CPU.Build.0 = ProductionVersion|Any CPU
		{FA84A973-FC0B-4A57-9C6A-9212392F2D1C}.ProductionVersion|x64.ActiveCfg = ProductionVersion|x64
		{FA84A973-FC0B-4A57-9C6A-9212392F2D1C}.ProductionVersion|x64.Build.0 = ProductionVersion|x64
		{FA84A973-FC0B-4A57-9C6A-9212392F2D1C}.Release|Any CPU.ActiveCfg = Release|Any CPU
		{FA84A973-FC0B-4A57-9C6A-9212392F2D1C}.Release|Any CPU.Build.0 = Release|Any CPU
		{FA84A973-FC0B-4A57-9C6A-9212392F2D1C}.Release|x64.ActiveCfg = Release|x64
		{FA84A973-FC0B-4A57-9C6A-9212392F2D1C}.Release|x64.Build.0 = Release|x64
		{870A94D5-F08E-481F-A7AE-B90B5C249882}.Debug|Any CPU.ActiveCfg = Debug|Any CPU
		{870A94D5-F08E-481F-A7AE-B90B5C249882}.Debug|Any CPU.Build.0 = Debug|Any CPU
		{870A94D5-F08E-481F-A7AE-B90B5C249882}.Debug|x64.ActiveCfg = Debug|x64
		{870A94D5-F08E-481F-A7AE-B90B5C249882}.Debug|x64.Build.0 = Debug|x64
		{870A94D5-F08E-481F-A7AE-B90B5C249882}.ProductionVersion|Any CPU.ActiveCfg = ProductionVersion|Any CPU
		{870A94D5-F08E-481F-A7AE-B90B5C249882}.ProductionVersion|Any CPU.Build.0 = ProductionVersion|Any CPU
		{870A94D5-F08E-481F-A7AE-B90B5C249882}.ProductionVersion|x64.ActiveCfg = ProductionVersion|x64
		{870A94D5-F08E-481F-A7AE-B90B5C249882}.ProductionVersion|x64.Build.0 = ProductionVersion|x64
		{870A94D5-F08E-481F-A7AE-B90B5C249882}.Release|Any CPU.ActiveCfg = Release|Any CPU
		{870A94D5-F08E-481F-A7AE-B90B5C249882}.Release|Any CPU.Build.0 = Release|Any CPU
		{870A94D5-F08E-481F-A7AE-B90B5C249882}.Release|x64.ActiveCfg = Release|x64
		{870A94D5-F08E-481F-A7AE-B90B5C249882}.Release|x64.Build.0 = Release|x64
		{0E3B1265-0A95-4777-A1F8-16E195737C5F}.Debug|Any CPU.ActiveCfg = Debug|Any CPU
		{0E3B1265-0A95-4777-A1F8-16E195737C5F}.Debug|Any CPU.Build.0 = Debug|Any CPU
		{0E3B1265-0A95-4777-A1F8-16E195737C5F}.Debug|x64.ActiveCfg = Debug|x64
		{0E3B1265-0A95-4777-A1F8-16E195737C5F}.Debug|x64.Build.0 = Debug|x64
		{0E3B1265-0A95-4777-A1F8-16E195737C5F}.ProductionVersion|Any CPU.ActiveCfg = ProductionVersion|Any CPU
		{0E3B1265-0A95-4777-A1F8-16E195737C5F}.ProductionVersion|Any CPU.Build.0 = ProductionVersion|Any CPU
		{0E3B1265-0A95-4777-A1F8-16E195737C5F}.ProductionVersion|x64.ActiveCfg = ProductionVersion|x64
		{0E3B1265-0A95-4777-A1F8-16E195737C5F}.ProductionVersion|x64.Build.0 = ProductionVersion|x64
		{0E3B1265-0A95-4777-A1F8-16E195737C5F}.Release|Any CPU.ActiveCfg = Release|Any CPU
		{0E3B1265-0A95-4777-A1F8-16E195737C5F}.Release|Any CPU.Build.0 = Release|Any CPU
		{0E3B1265-0A95-4777-A1F8-16E195737C5F}.Release|x64.ActiveCfg = Release|x64
		{0E3B1265-0A95-4777-A1F8-16E195737C5F}.Release|x64.Build.0 = Release|x64
		{E5AC7ED8-2050-4F5F-BF97-BA0956448B80}.Debug|Any CPU.ActiveCfg = Debug|Any CPU
		{E5AC7ED8-2050-4F5F-BF97-BA0956448B80}.Debug|Any CPU.Build.0 = Debug|Any CPU
		{E5AC7ED8-2050-4F5F-BF97-BA0956448B80}.Debug|x64.ActiveCfg = Debug|x64
		{E5AC7ED8-2050-4F5F-BF97-BA0956448B80}.Debug|x64.Build.0 = Debug|x64
		{E5AC7ED8-2050-4F5F-BF97-BA0956448B80}.ProductionVersion|Any CPU.ActiveCfg = ProductionVersion|Any CPU
		{E5AC7ED8-2050-4F5F-BF97-BA0956448B80}.ProductionVersion|Any CPU.Build.0 = ProductionVersion|Any CPU
		{E5AC7ED8-2050-4F5F-BF97-BA0956448B80}.ProductionVersion|x64.ActiveCfg = ProductionVersion|x64
		{E5AC7ED8-2050-4F5F-BF97-BA0956448B80}.ProductionVersion|x64.Build.0 = ProductionVersion|x64
		{E5AC7ED8-2050-4F5F-BF97-BA0956448B80}.Release|Any CPU.ActiveCfg = Release|Any CPU
		{E5AC7ED8-2050-4F5F-BF97-BA0956448B80}.Release|Any CPU.Build.0 = Release|Any CPU
		{E5AC7ED8-2050-4F5F-BF97-BA0956448B80}.Release|x64.ActiveCfg = Release|x64
		{E5AC7ED8-2050-4F5F-BF97-BA0956448B80}.Release|x64.Build.0 = Release|x64
		{341705CC-2E38-4E9C-894B-F1ECF7DC8EC3}.Debug|Any CPU.ActiveCfg = Debug|Any CPU
		{341705CC-2E38-4E9C-894B-F1ECF7DC8EC3}.Debug|Any CPU.Build.0 = Debug|Any CPU
		{341705CC-2E38-4E9C-894B-F1ECF7DC8EC3}.Debug|x64.ActiveCfg = Debug|Any CPU
		{341705CC-2E38-4E9C-894B-F1ECF7DC8EC3}.Debug|x64.Build.0 = Debug|Any CPU
		{341705CC-2E38-4E9C-894B-F1ECF7DC8EC3}.ProductionVersion|Any CPU.ActiveCfg = Release|Any CPU
		{341705CC-2E38-4E9C-894B-F1ECF7DC8EC3}.ProductionVersion|Any CPU.Build.0 = Release|Any CPU
		{341705CC-2E38-4E9C-894B-F1ECF7DC8EC3}.ProductionVersion|x64.ActiveCfg = Release|Any CPU
		{341705CC-2E38-4E9C-894B-F1ECF7DC8EC3}.ProductionVersion|x64.Build.0 = Release|Any CPU
		{341705CC-2E38-4E9C-894B-F1ECF7DC8EC3}.Release|Any CPU.ActiveCfg = Release|Any CPU
		{341705CC-2E38-4E9C-894B-F1ECF7DC8EC3}.Release|Any CPU.Build.0 = Release|Any CPU
		{341705CC-2E38-4E9C-894B-F1ECF7DC8EC3}.Release|x64.ActiveCfg = Release|Any CPU
		{341705CC-2E38-4E9C-894B-F1ECF7DC8EC3}.Release|x64.Build.0 = Release|Any CPU
		{1CCE013D-F2CA-4647-A6AB-BFFB3B084AE0}.Debug|Any CPU.ActiveCfg = Debug|Any CPU
		{1CCE013D-F2CA-4647-A6AB-BFFB3B084AE0}.Debug|Any CPU.Build.0 = Debug|Any CPU
		{1CCE013D-F2CA-4647-A6AB-BFFB3B084AE0}.Debug|x64.ActiveCfg = Debug|Any CPU
		{1CCE013D-F2CA-4647-A6AB-BFFB3B084AE0}.Debug|x64.Build.0 = Debug|Any CPU
		{1CCE013D-F2CA-4647-A6AB-BFFB3B084AE0}.ProductionVersion|Any CPU.ActiveCfg = Release|Any CPU
		{1CCE013D-F2CA-4647-A6AB-BFFB3B084AE0}.ProductionVersion|Any CPU.Build.0 = Release|Any CPU
		{1CCE013D-F2CA-4647-A6AB-BFFB3B084AE0}.ProductionVersion|x64.ActiveCfg = Release|Any CPU
		{1CCE013D-F2CA-4647-A6AB-BFFB3B084AE0}.ProductionVersion|x64.Build.0 = Release|Any CPU
		{1CCE013D-F2CA-4647-A6AB-BFFB3B084AE0}.Release|Any CPU.ActiveCfg = Release|Any CPU
		{1CCE013D-F2CA-4647-A6AB-BFFB3B084AE0}.Release|Any CPU.Build.0 = Release|Any CPU
		{1CCE013D-F2CA-4647-A6AB-BFFB3B084AE0}.Release|x64.ActiveCfg = Release|Any CPU
		{1CCE013D-F2CA-4647-A6AB-BFFB3B084AE0}.Release|x64.Build.0 = Release|Any CPU
		{66924E27-72E9-4C5A-8CF3-220DE6519A1F}.Debug|Any CPU.ActiveCfg = Debug|Any CPU
		{66924E27-72E9-4C5A-8CF3-220DE6519A1F}.Debug|Any CPU.Build.0 = Debug|Any CPU
		{66924E27-72E9-4C5A-8CF3-220DE6519A1F}.Debug|x64.ActiveCfg = Debug|Any CPU
		{66924E27-72E9-4C5A-8CF3-220DE6519A1F}.Debug|x64.Build.0 = Debug|Any CPU
		{66924E27-72E9-4C5A-8CF3-220DE6519A1F}.ProductionVersion|Any CPU.ActiveCfg = ProductionVersion|Any CPU
		{66924E27-72E9-4C5A-8CF3-220DE6519A1F}.ProductionVersion|Any CPU.Build.0 = ProductionVersion|Any CPU
		{66924E27-72E9-4C5A-8CF3-220DE6519A1F}.ProductionVersion|x64.ActiveCfg = ProductionVersion|Any CPU
		{66924E27-72E9-4C5A-8CF3-220DE6519A1F}.ProductionVersion|x64.Build.0 = ProductionVersion|Any CPU
		{66924E27-72E9-4C5A-8CF3-220DE6519A1F}.Release|Any CPU.ActiveCfg = Release|Any CPU
		{66924E27-72E9-4C5A-8CF3-220DE6519A1F}.Release|Any CPU.Build.0 = Release|Any CPU
		{66924E27-72E9-4C5A-8CF3-220DE6519A1F}.Release|x64.ActiveCfg = Release|Any CPU
		{66924E27-72E9-4C5A-8CF3-220DE6519A1F}.Release|x64.Build.0 = Release|Any CPU
	EndGlobalSection
	GlobalSection(SolutionProperties) = preSolution
		HideSolutionNode = FALSE
	EndGlobalSection
	GlobalSection(NestedProjects) = preSolution
		{5B06E901-EFCB-4241-9FA2-2CF588997DDD} = {A6800AEF-FAB4-4537-B9D5-FA244168C308}
		{FA90F834-9065-44C2-8E4B-81C0EF4258A2} = {A6800AEF-FAB4-4537-B9D5-FA244168C308}
		{FED16B15-565B-4ED6-A876-2146EB16B011} = {090AD304-692C-48E1-9102-7970EA6C85FA}
		{56C33683-CE9A-4CC5-9CEF-92E03BC8F739} = {090AD304-692C-48E1-9102-7970EA6C85FA}
		{EF7C5B21-4CE2-454A-8719-70E6DADACB69} = {6BC7FC77-A0B1-419C-8A73-35DB20264A45}
		{956F44E6-AD74-497D-877D-64912DBEDF97} = {6BC7FC77-A0B1-419C-8A73-35DB20264A45}
		{E371A432-F338-4851-AD70-63A1031A2645} = {398FFE63-E437-4666-A3D5-56E129F6B0A3}
		{C8C572DF-2BBA-4483-B332-2652805AEF87} = {398FFE63-E437-4666-A3D5-56E129F6B0A3}
		{A14CB92A-1B88-443C-998E-E0BA356C5B73} = {398FFE63-E437-4666-A3D5-56E129F6B0A3}
		{1DDF4A9B-D19A-4D3E-9575-0247975320C8} = {398FFE63-E437-4666-A3D5-56E129F6B0A3}
		{15B56201-A129-4396-9431-0E5F9DA7D9F9} = {398FFE63-E437-4666-A3D5-56E129F6B0A3}
		{FA84A973-FC0B-4A57-9C6A-9212392F2D1C} = {398FFE63-E437-4666-A3D5-56E129F6B0A3}
		{870A94D5-F08E-481F-A7AE-B90B5C249882} = {398FFE63-E437-4666-A3D5-56E129F6B0A3}
		{0E3B1265-0A95-4777-A1F8-16E195737C5F} = {398FFE63-E437-4666-A3D5-56E129F6B0A3}
		{E5AC7ED8-2050-4F5F-BF97-BA0956448B80} = {398FFE63-E437-4666-A3D5-56E129F6B0A3}
		{341705CC-2E38-4E9C-894B-F1ECF7DC8EC3} = {A6800AEF-FAB4-4537-B9D5-FA244168C308}
		{1CCE013D-F2CA-4647-A6AB-BFFB3B084AE0} = {4AB39E97-0079-4F31-8EB2-AEBDADF75700}
		{66924E27-72E9-4C5A-8CF3-220DE6519A1F} = {6BC7FC77-A0B1-419C-8A73-35DB20264A45}
	EndGlobalSection
	GlobalSection(ExtensibilityGlobals) = postSolution
		SolutionGuid = {A53169FC-E570-4BD0-9D41-FE54A9A44E39}
	EndGlobalSection
	GlobalSection(TeamFoundationVersionControl) = preSolution
		SccNumberOfProjects = 19
		SccEnterpriseProvider = {4CA58AB2-18FA-4F8D-95D4-32DDF27D184C}
		SccTeamFoundationServer = http://192.168.80.32:8080/tfs/vs2015_projects
		SccLocalPath0 = .
		SccProjectUniqueName1 = Yahv.Finance.WebApp\\Yahv.Finance.WebApp.csproj
		SccProjectTopLevelParentUniqueName1 = Yahv.Finance.sln
		SccProjectName1 = Yahv.Finance.WebApp
		SccLocalPath1 = Yahv.Finance.WebApp
		SccProjectUniqueName2 = ..\\Solutions\\FrontFrames\\FrontFrames.csproj
		SccProjectTopLevelParentUniqueName2 = Yahv.Finance.sln
		SccProjectName2 = ../Solutions/FrontFrames
		SccLocalPath2 = ..\\Solutions\\FrontFrames
		SccProjectUniqueName3 = ..\\Solutions\\Layers.Data\\Layers.Data.csproj
		SccProjectTopLevelParentUniqueName3 = Yahv.Finance.sln
		SccProjectName3 = ../Solutions/Layers.Data
		SccLocalPath3 = ..\\Solutions\\Layers.Data
		SccProjectUniqueName4 = ..\\Solutions\\Layers.Linq\\Layers.Linq.csproj
		SccProjectTopLevelParentUniqueName4 = Yahv.Finance.sln
		SccProjectName4 = ../Solutions/Layers.Linq
		SccLocalPath4 = ..\\Solutions\\Layers.Linq
		SccProjectUniqueName5 = ..\\Solutions\\Yahv.Services\\Yahv.Services.csproj
		SccProjectTopLevelParentUniqueName5 = Yahv.Finance.sln
		SccProjectName5 = ../Solutions/Yahv.Services
		SccLocalPath5 = ..\\Solutions\\Yahv.Services
		SccProjectUniqueName6 = Yahv.Finance.Services\\Yahv.Finance.Services.csproj
		SccProjectTopLevelParentUniqueName6 = Yahv.Finance.sln
		SccProjectName6 = Yahv.Finance.Services
		SccLocalPath6 = Yahv.Finance.Services
		SccProjectUniqueName7 = ..\\Solutions\\Yahv.Erp\\Yahv.Erp.csproj
		SccProjectTopLevelParentUniqueName7 = Yahv.Finance.sln
		SccProjectName7 = ../Solutions/Yahv.Erp
		SccLocalPath7 = ..\\Solutions\\Yahv.Erp
		SccProjectUniqueName8 = ..\\Solutions\\Yahv.Linq\\Yahv.Linq.csproj
		SccProjectTopLevelParentUniqueName8 = Yahv.Finance.sln
		SccProjectName8 = ../Solutions/Yahv.Linq
		SccLocalPath8 = ..\\Solutions\\Yahv.Linq
		SccProjectUniqueName9 = ..\\Solutions\\Yahv.Ring\\Yahv.Ring.csproj
		SccProjectTopLevelParentUniqueName9 = Yahv.Finance.sln
		SccProjectName9 = ../Solutions/Yahv.Ring
		SccLocalPath9 = ..\\Solutions\\Yahv.Ring
		SccProjectUniqueName10 = ..\\Solutions\\Yahv.Settings\\Yahv.Settings.csproj
		SccProjectTopLevelParentUniqueName10 = Yahv.Finance.sln
		SccProjectName10 = ../Solutions/Yahv.Settings
		SccLocalPath10 = ..\\Solutions\\Yahv.Settings
		SccProjectUniqueName11 = ..\\Solutions\\Yahv.Underly\\Yahv.Underly.csproj
		SccProjectTopLevelParentUniqueName11 = Yahv.Finance.sln
		SccProjectName11 = ../Solutions/Yahv.Underly
		SccLocalPath11 = ..\\Solutions\\Yahv.Underly
		SccProjectUniqueName12 = ..\\Solutions\\Yahv.Usually\\Yahv.Usually.csproj
		SccProjectTopLevelParentUniqueName12 = Yahv.Finance.sln
		SccProjectName12 = ../Solutions/Yahv.Usually
		SccLocalPath12 = ..\\Solutions\\Yahv.Usually
		SccProjectUniqueName13 = ..\\Solutions\\Yahv.Utils\\Yahv.Utils.csproj
		SccProjectTopLevelParentUniqueName13 = Yahv.Finance.sln
		SccProjectName13 = ../Solutions/Yahv.Utils
		SccLocalPath13 = ..\\Solutions\\Yahv.Utils
		SccProjectUniqueName14 = ..\\Solutions\\Yahv.Web\\Yahv.Web.csproj
		SccProjectTopLevelParentUniqueName14 = Yahv.Finance.sln
		SccProjectName14 = ../Solutions/Yahv.Web
		SccLocalPath14 = ..\\Solutions\\Yahv.Web
		SccProjectUniqueName15 = ..\\Solutions\\Yahv.Web.Erp\\Yahv.Web.Erp.csproj
		SccProjectTopLevelParentUniqueName15 = Yahv.Finance.sln
		SccProjectName15 = ../Solutions/Yahv.Web.Erp
		SccLocalPath15 = ..\\Solutions\\Yahv.Web.Erp
		SccProjectUniqueName16 = Yahv.Finance.WebApi\\Yahv.Finance.WebApi.csproj
		SccProjectTopLevelParentUniqueName16 = Yahv.Finance.sln
		SccProjectName16 = Yahv.Finance.WebApi
		SccLocalPath16 = Yahv.Finance.WebApi
		SccProjectUniqueName17 = CnslApp\\CnslApp.csproj
		SccProjectTopLevelParentUniqueName17 = Yahv.Finance.sln
		SccProjectName17 = CnslApp
		SccLocalPath17 = CnslApp
		SccProjectUniqueName18 = ..\\Yahv.Csrm\\Yahv.Payments\\Yahv.Payments.csproj
		SccProjectTopLevelParentUniqueName18 = Yahv.Finance.sln
		SccProjectName18 = ../Yahv.Csrm/Yahv.Payments
		SccLocalPath18 = ..\\Yahv.Csrm\\Yahv.Payments
	EndGlobalSection
EndGlobal
