
Microsoft Visual Studio Solution File, Format Version 12.00
# Visual Studio 14
VisualStudioVersion = 14.0.25420.1
MinimumVisualStudioVersion = 10.0.40219.1
Project("{FAE04EC0-301F-11D3-BF4B-00C04F79EFBC}") = "Yahv.Utils", "..\Solutions\Yahv.Utils\Yahv.Utils.csproj", "{870A94D5-F08E-481F-A7AE-B90B5C249882}"
EndProject
Project("{FAE04EC0-301F-11D3-BF4B-00C04F79EFBC}") = "Yahv.Underly", "..\Solutions\Yahv.Underly\Yahv.Underly.csproj", "{15B56201-A129-4396-9431-0E5F9DA7D9F9}"
EndProject
Project("{FAE04EC0-301F-11D3-BF4B-00C04F79EFBC}") = "MvcApp", "MvcApp\MvcApp.csproj", "{890E75BD-DB99-4AEC-8C27-27C3B758D3DA}"
EndProject
Project("{2150E333-8FDC-42A3-9474-1A3956D46DE8}") = "Faces", "Faces", "{D08BAFB3-9B9C-44A5-90FF-56CB311E7C4F}"
EndProject
Project("{2150E333-8FDC-42A3-9474-1A3956D46DE8}") = "Yahv", "Yahv", "{55B46D94-5417-4D3F-ADD9-A1967C263901}"
EndProject
Project("{2150E333-8FDC-42A3-9474-1A3956D46DE8}") = "Services", "Services", "{2721530E-0808-4B9C-B960-4EE15C187D08}"
EndProject
Project("{FAE04EC0-301F-11D3-BF4B-00C04F79EFBC}") = "Uploader.Services", "Uploader.Services\Uploader.Services.csproj", "{B27E16E7-9CEF-4C7C-8D6A-17C4DC3B7174}"
EndProject
Project("{FAE04EC0-301F-11D3-BF4B-00C04F79EFBC}") = "Yahv.Services", "..\Solutions\Yahv.Services\Yahv.Services.csproj", "{EF7C5B21-4CE2-454A-8719-70E6DADACB69}"
EndProject
Project("{2150E333-8FDC-42A3-9474-1A3956D46DE8}") = "Layers", "Layers", "{0BA3E3D4-7F99-4ABF-BDC9-354441B31D2E}"
EndProject
Project("{FAE04EC0-301F-11D3-BF4B-00C04F79EFBC}") = "Layers.Linq", "..\Solutions\Layers.Linq\Layers.Linq.csproj", "{56C33683-CE9A-4CC5-9CEF-92E03BC8F739}"
EndProject
Project("{FAE04EC0-301F-11D3-BF4B-00C04F79EFBC}") = "Layers.Data", "..\Solutions\Layers.Data\Layers.Data.csproj", "{FED16B15-565B-4ED6-A876-2146EB16B011}"
EndProject
Project("{FAE04EC0-301F-11D3-BF4B-00C04F79EFBC}") = "Yahv.Linq", "..\Solutions\Yahv.Linq\Yahv.Linq.csproj", "{C8C572DF-2BBA-4483-B332-2652805AEF87}"
EndProject
Project("{2150E333-8FDC-42A3-9474-1A3956D46DE8}") = "Testers", "Testers", "{AC0AF2AB-E1F6-44AF-97D6-F7454963E99F}"
EndProject
Project("{FAE04EC0-301F-11D3-BF4B-00C04F79EFBC}") = "CnslApp", "CnslApp\CnslApp.csproj", "{DFA2DA93-CA74-49E8-A10D-ED398A62B87F}"
EndProject
Global
	GlobalSection(SolutionConfigurationPlatforms) = preSolution
		Debug|Any CPU = Debug|Any CPU
		Release|Any CPU = Release|Any CPU
	EndGlobalSection
	GlobalSection(ProjectConfigurationPlatforms) = postSolution
		{870A94D5-F08E-481F-A7AE-B90B5C249882}.Debug|Any CPU.ActiveCfg = Debug|Any CPU
		{870A94D5-F08E-481F-A7AE-B90B5C249882}.Debug|Any CPU.Build.0 = Debug|Any CPU
		{870A94D5-F08E-481F-A7AE-B90B5C249882}.Release|Any CPU.ActiveCfg = Release|Any CPU
		{870A94D5-F08E-481F-A7AE-B90B5C249882}.Release|Any CPU.Build.0 = Release|Any CPU
		{15B56201-A129-4396-9431-0E5F9DA7D9F9}.Debug|Any CPU.ActiveCfg = Debug|Any CPU
		{15B56201-A129-4396-9431-0E5F9DA7D9F9}.Debug|Any CPU.Build.0 = Debug|Any CPU
		{15B56201-A129-4396-9431-0E5F9DA7D9F9}.Release|Any CPU.ActiveCfg = Release|Any CPU
		{15B56201-A129-4396-9431-0E5F9DA7D9F9}.Release|Any CPU.Build.0 = Release|Any CPU
		{890E75BD-DB99-4AEC-8C27-27C3B758D3DA}.Debug|Any CPU.ActiveCfg = Debug|Any CPU
		{890E75BD-DB99-4AEC-8C27-27C3B758D3DA}.Debug|Any CPU.Build.0 = Debug|Any CPU
		{890E75BD-DB99-4AEC-8C27-27C3B758D3DA}.Release|Any CPU.ActiveCfg = Release|Any CPU
		{890E75BD-DB99-4AEC-8C27-27C3B758D3DA}.Release|Any CPU.Build.0 = Release|Any CPU
		{B27E16E7-9CEF-4C7C-8D6A-17C4DC3B7174}.Debug|Any CPU.ActiveCfg = Debug|Any CPU
		{B27E16E7-9CEF-4C7C-8D6A-17C4DC3B7174}.Debug|Any CPU.Build.0 = Debug|Any CPU
		{B27E16E7-9CEF-4C7C-8D6A-17C4DC3B7174}.Release|Any CPU.ActiveCfg = Release|Any CPU
		{B27E16E7-9CEF-4C7C-8D6A-17C4DC3B7174}.Release|Any CPU.Build.0 = Release|Any CPU
		{EF7C5B21-4CE2-454A-8719-70E6DADACB69}.Debug|Any CPU.ActiveCfg = Debug|Any CPU
		{EF7C5B21-4CE2-454A-8719-70E6DADACB69}.Debug|Any CPU.Build.0 = Debug|Any CPU
		{EF7C5B21-4CE2-454A-8719-70E6DADACB69}.Release|Any CPU.ActiveCfg = Release|Any CPU
		{EF7C5B21-4CE2-454A-8719-70E6DADACB69}.Release|Any CPU.Build.0 = Release|Any CPU
		{56C33683-CE9A-4CC5-9CEF-92E03BC8F739}.Debug|Any CPU.ActiveCfg = Debug|Any CPU
		{56C33683-CE9A-4CC5-9CEF-92E03BC8F739}.Debug|Any CPU.Build.0 = Debug|Any CPU
		{56C33683-CE9A-4CC5-9CEF-92E03BC8F739}.Release|Any CPU.ActiveCfg = Release|Any CPU
		{56C33683-CE9A-4CC5-9CEF-92E03BC8F739}.Release|Any CPU.Build.0 = Release|Any CPU
		{FED16B15-565B-4ED6-A876-2146EB16B011}.Debug|Any CPU.ActiveCfg = Debug|Any CPU
		{FED16B15-565B-4ED6-A876-2146EB16B011}.Debug|Any CPU.Build.0 = Debug|Any CPU
		{FED16B15-565B-4ED6-A876-2146EB16B011}.Release|Any CPU.ActiveCfg = Release|Any CPU
		{FED16B15-565B-4ED6-A876-2146EB16B011}.Release|Any CPU.Build.0 = Release|Any CPU
		{C8C572DF-2BBA-4483-B332-2652805AEF87}.Debug|Any CPU.ActiveCfg = Debug|Any CPU
		{C8C572DF-2BBA-4483-B332-2652805AEF87}.Debug|Any CPU.Build.0 = Debug|Any CPU
		{C8C572DF-2BBA-4483-B332-2652805AEF87}.Release|Any CPU.ActiveCfg = Release|Any CPU
		{C8C572DF-2BBA-4483-B332-2652805AEF87}.Release|Any CPU.Build.0 = Release|Any CPU
		{DFA2DA93-CA74-49E8-A10D-ED398A62B87F}.Debug|Any CPU.ActiveCfg = Debug|Any CPU
		{DFA2DA93-CA74-49E8-A10D-ED398A62B87F}.Debug|Any CPU.Build.0 = Debug|Any CPU
		{DFA2DA93-CA74-49E8-A10D-ED398A62B87F}.Release|Any CPU.ActiveCfg = Release|Any CPU
		{DFA2DA93-CA74-49E8-A10D-ED398A62B87F}.Release|Any CPU.Build.0 = Release|Any CPU
	EndGlobalSection
	GlobalSection(SolutionProperties) = preSolution
		HideSolutionNode = FALSE
	EndGlobalSection
	GlobalSection(NestedProjects) = preSolution
		{870A94D5-F08E-481F-A7AE-B90B5C249882} = {55B46D94-5417-4D3F-ADD9-A1967C263901}
		{15B56201-A129-4396-9431-0E5F9DA7D9F9} = {55B46D94-5417-4D3F-ADD9-A1967C263901}
		{890E75BD-DB99-4AEC-8C27-27C3B758D3DA} = {D08BAFB3-9B9C-44A5-90FF-56CB311E7C4F}
		{B27E16E7-9CEF-4C7C-8D6A-17C4DC3B7174} = {2721530E-0808-4B9C-B960-4EE15C187D08}
		{EF7C5B21-4CE2-454A-8719-70E6DADACB69} = {2721530E-0808-4B9C-B960-4EE15C187D08}
		{56C33683-CE9A-4CC5-9CEF-92E03BC8F739} = {0BA3E3D4-7F99-4ABF-BDC9-354441B31D2E}
		{FED16B15-565B-4ED6-A876-2146EB16B011} = {0BA3E3D4-7F99-4ABF-BDC9-354441B31D2E}
		{C8C572DF-2BBA-4483-B332-2652805AEF87} = {55B46D94-5417-4D3F-ADD9-A1967C263901}
		{DFA2DA93-CA74-49E8-A10D-ED398A62B87F} = {AC0AF2AB-E1F6-44AF-97D6-F7454963E99F}
	EndGlobalSection
	GlobalSection(ExtensibilityGlobals) = postSolution
		SolutionGuid = {4B436F5F-DE0F-4435-9F6A-9B8CC86CE609}
	EndGlobalSection
	GlobalSection(TeamFoundationVersionControl) = preSolution
		SccNumberOfProjects = 10
		SccEnterpriseProvider = {4CA58AB2-18FA-4F8D-95D4-32DDF27D184C}
		SccTeamFoundationServer = http://172.30.10.200:8080/tfs/vs2015_projects
		SccLocalPath0 = .
		SccProjectUniqueName1 = ..\\Solutions\\Yahv.Utils\\Yahv.Utils.csproj
		SccProjectTopLevelParentUniqueName1 = Yahv.Uploader.sln
		SccProjectName1 = ../Solutions/Yahv.Utils
		SccLocalPath1 = ..\\Solutions\\Yahv.Utils
		SccProjectUniqueName2 = ..\\Solutions\\Yahv.Underly\\Yahv.Underly.csproj
		SccProjectTopLevelParentUniqueName2 = Yahv.Uploader.sln
		SccProjectName2 = ../Solutions/Yahv.Underly
		SccLocalPath2 = ..\\Solutions\\Yahv.Underly
		SccProjectUniqueName3 = MvcApp\\MvcApp.csproj
		SccProjectTopLevelParentUniqueName3 = Yahv.Uploader.sln
		SccProjectName3 = MvcApp
		SccLocalPath3 = MvcApp
		SccProjectUniqueName4 = Uploader.Services\\Uploader.Services.csproj
		SccProjectTopLevelParentUniqueName4 = Yahv.Uploader.sln
		SccProjectName4 = Uploader.Services
		SccLocalPath4 = Uploader.Services
		SccProjectUniqueName5 = ..\\Solutions\\Yahv.Services\\Yahv.Services.csproj
		SccProjectTopLevelParentUniqueName5 = Yahv.Uploader.sln
		SccProjectName5 = ../Solutions/Yahv.Services
		SccLocalPath5 = ..\\Solutions\\Yahv.Services
		SccProjectUniqueName6 = ..\\Solutions\\Layers.Linq\\Layers.Linq.csproj
		SccProjectTopLevelParentUniqueName6 = Yahv.Uploader.sln
		SccProjectName6 = ../Solutions/Layers.Linq
		SccLocalPath6 = ..\\Solutions\\Layers.Linq
		SccProjectUniqueName7 = ..\\Solutions\\Layers.Data\\Layers.Data.csproj
		SccProjectTopLevelParentUniqueName7 = Yahv.Uploader.sln
		SccProjectName7 = ../Solutions/Layers.Data
		SccLocalPath7 = ..\\Solutions\\Layers.Data
		SccProjectUniqueName8 = ..\\Solutions\\Yahv.Linq\\Yahv.Linq.csproj
		SccProjectTopLevelParentUniqueName8 = Yahv.Uploader.sln
		SccProjectName8 = ../Solutions/Yahv.Linq
		SccLocalPath8 = ..\\Solutions\\Yahv.Linq
		SccProjectUniqueName9 = CnslApp\\CnslApp.csproj
		SccProjectTopLevelParentUniqueName9 = Yahv.Uploader.sln
		SccProjectName9 = CnslApp
		SccLocalPath9 = CnslApp
	EndGlobalSection
EndGlobal
